// !$*UTF8*$!
{
	archiveVersion = 1;
	classes = {
	};
	objectVersion = 77;
	objects = {

/* Begin PBXBuildFile section */
		72038C342DE05D32002669F5 /* EditProfileView.swift in Sources */ = {isa = PBXBuildFile; fileRef = 72038C332DE05D32002669F5 /* EditProfileView.swift */; };
		72038C362DE05F5A002669F5 /* EditProfileContentView.swift in Sources */ = {isa = PBXBuildFile; fileRef = 72038C352DE05F5A002669F5 /* EditProfileContentView.swift */; };
		7207630C2DE064F80017963C /* ProfileRowItem.swift in Sources */ = {isa = PBXBuildFile; fileRef = 7207630B2DE064F80017963C /* ProfileRowItem.swift */; };
		7207630E2DE0654E0017963C /* EditProfileInfoSection.swift in Sources */ = {isa = PBXBuildFile; fileRef = 7207630D2DE0654E0017963C /* EditProfileInfoSection.swift */; };
		7207632D2DE1E26E0017963C /* PostDetailView.swift in Sources */ = {isa = PBXBuildFile; fileRef = 7207632C2DE1E26E0017963C /* PostDetailView.swift */; };
		7207634C2DE2F7BD0017963C /* StylePostView.swift in Sources */ = {isa = PBXBuildFile; fileRef = 7207634B2DE2F7BD0017963C /* StylePostView.swift */; };
		7207634F2DE2FA840017963C /* ImagePickerSection.swift in Sources */ = {isa = PBXBuildFile; fileRef = 7207634E2DE2FA840017963C /* ImagePickerSection.swift */; };
		720763512DE2FD4C0017963C /* TitleInputView.swift in Sources */ = {isa = PBXBuildFile; fileRef = 720763502DE2FD4C0017963C /* TitleInputView.swift */; };
		720763532DE2FD930017963C /* DescriptionInputView.swift in Sources */ = {isa = PBXBuildFile; fileRef = 720763522DE2FD930017963C /* DescriptionInputView.swift */; };
		720763722DE442C60017963C /* ChatListView.swift in Sources */ = {isa = PBXBuildFile; fileRef = 720763712DE442C60017963C /* ChatListView.swift */; };
		720763752DE444460017963C /* ChatCell.swift in Sources */ = {isa = PBXBuildFile; fileRef = 720763742DE444460017963C /* ChatCell.swift */; };
		720763772DE4447C0017963C /* ChatRoom.swift in Sources */ = {isa = PBXBuildFile; fileRef = 720763762DE4447C0017963C /* ChatRoom.swift */; };
		7207637A2DE4493A0017963C /* ChatView.swift in Sources */ = {isa = PBXBuildFile; fileRef = 720763792DE4493A0017963C /* ChatView.swift */; };
		7207637C2DE449D00017963C /* ChatReducer.swift in Sources */ = {isa = PBXBuildFile; fileRef = 7207637B2DE449D00017963C /* ChatReducer.swift */; };
		7207637F2DE4C2350017963C /* ChatNavigationBar.swift in Sources */ = {isa = PBXBuildFile; fileRef = 7207637E2DE4C2350017963C /* ChatNavigationBar.swift */; };
		720763812DE4C8020017963C /* ChatInputBar.swift in Sources */ = {isa = PBXBuildFile; fileRef = 720763802DE4C8020017963C /* ChatInputBar.swift */; };
		720763832DE4C8600017963C /* TextBubble.swift in Sources */ = {isa = PBXBuildFile; fileRef = 720763822DE4C8600017963C /* TextBubble.swift */; };
		720763852DE4C8BD0017963C /* ImageGridMessageView.swift in Sources */ = {isa = PBXBuildFile; fileRef = 720763842DE4C8BD0017963C /* ImageGridMessageView.swift */; };
		720763872DE4CA020017963C /* ChatMessageListView.swift in Sources */ = {isa = PBXBuildFile; fileRef = 720763862DE4CA020017963C /* ChatMessageListView.swift */; };
		720763892DE4CC1F0017963C /* ChatMessageCellView.swift in Sources */ = {isa = PBXBuildFile; fileRef = 720763882DE4CC1F0017963C /* ChatMessageCellView.swift */; };
		7207638B2DE4CD060017963C /* ImagePreviewView.swift in Sources */ = {isa = PBXBuildFile; fileRef = 7207638A2DE4CD060017963C /* ImagePreviewView.swift */; };
		720763AB2DE57D570017963C /* Moya in Frameworks */ = {isa = PBXBuildFile; productRef = 720763AA2DE57D570017963C /* Moya */; };
		720763AD2DE57D730017963C /* APIKey.swift in Sources */ = {isa = PBXBuildFile; fileRef = 720763AC2DE57D730017963C /* APIKey.swift */; };
		720763B02DE57F690017963C /* NetworkProvider.swift in Sources */ = {isa = PBXBuildFile; fileRef = 720763AF2DE57F690017963C /* NetworkProvider.swift */; };
		720763B32DE584810017963C /* APIError.swift in Sources */ = {isa = PBXBuildFile; fileRef = 720763B22DE584810017963C /* APIError.swift */; };
		720763B52DE58C670017963C /* APIErrorMapper.swift in Sources */ = {isa = PBXBuildFile; fileRef = 720763B42DE58C670017963C /* APIErrorMapper.swift */; };
		720763B82DE591250017963C /* ServerResponse.swift in Sources */ = {isa = PBXBuildFile; fileRef = 720763B72DE591250017963C /* ServerResponse.swift */; };
		720763BB2DE59CC50017963C /* HeaderKeyAndValue.swift in Sources */ = {isa = PBXBuildFile; fileRef = 720763BA2DE59CC50017963C /* HeaderKeyAndValue.swift */; };
		720763BD2DE59F230017963C /* KeychainManager.swift in Sources */ = {isa = PBXBuildFile; fileRef = 720763BC2DE59F230017963C /* KeychainManager.swift */; };
		720763BF2DE5A0C50017963C /* UserDefaultsStorage.swift in Sources */ = {isa = PBXBuildFile; fileRef = 720763BE2DE5A0C50017963C /* UserDefaultsStorage.swift */; };
		720763C22DE5A5B60017963C /* OAuthAPI.swift in Sources */ = {isa = PBXBuildFile; fileRef = 720763C12DE5A5B60017963C /* OAuthAPI.swift */; };
		720763C72DE5A6AF0017963C /* SocialRequestBody.swift in Sources */ = {isa = PBXBuildFile; fileRef = 720763C62DE5A6AF0017963C /* SocialRequestBody.swift */; };
		720763C92DE5AC140017963C /* UserDTO.swift in Sources */ = {isa = PBXBuildFile; fileRef = 720763C82DE5AC140017963C /* UserDTO.swift */; };
		720763CB2DE5DCD70017963C /* RecommandAPI.swift in Sources */ = {isa = PBXBuildFile; fileRef = 720763CA2DE5DCD70017963C /* RecommandAPI.swift */; };
		720763CF2DE5DFEA0017963C /* QueryStringProtocol.swift in Sources */ = {isa = PBXBuildFile; fileRef = 720763CE2DE5DFEA0017963C /* QueryStringProtocol.swift */; };
		720763D12DE5E0190017963C /* QueryParameters.swift in Sources */ = {isa = PBXBuildFile; fileRef = 720763D02DE5E0190017963C /* QueryParameters.swift */; };
		720763D82DE5E1A30017963C /* RecommandProductDTO.swift in Sources */ = {isa = PBXBuildFile; fileRef = 720763D72DE5E1A30017963C /* RecommandProductDTO.swift */; };
		720763DA2DE5E5200017963C /* ProductDTO.swift in Sources */ = {isa = PBXBuildFile; fileRef = 720763D92DE5E5200017963C /* ProductDTO.swift */; };
		720763DD2DE5F6B70017963C /* AccessTokenRetrier.swift in Sources */ = {isa = PBXBuildFile; fileRef = 720763DC2DE5F6B70017963C /* AccessTokenRetrier.swift */; };
		720764182DE603CA0017963C /* GoogleSignIn in Frameworks */ = {isa = PBXBuildFile; productRef = 720764172DE603CA0017963C /* GoogleSignIn */; };
		7207641A2DE603CA0017963C /* GoogleSignInSwift in Frameworks */ = {isa = PBXBuildFile; productRef = 720764192DE603CA0017963C /* GoogleSignInSwift */; };
		7207641D2DE6DC090017963C /* NetworkProviderClient.swift in Sources */ = {isa = PBXBuildFile; fileRef = 7207641C2DE6DC090017963C /* NetworkProviderClient.swift */; };
		720764592DE830130017963C /* TokenAPI.swift in Sources */ = {isa = PBXBuildFile; fileRef = 720764582DE830130017963C /* TokenAPI.swift */; };
		7207645B2DE8309B0017963C /* TokenRequestBody.swift in Sources */ = {isa = PBXBuildFile; fileRef = 7207645A2DE8309B0017963C /* TokenRequestBody.swift */; };
		7207645D2DE831D80017963C /* TokenDTO.swift in Sources */ = {isa = PBXBuildFile; fileRef = 7207645C2DE831D80017963C /* TokenDTO.swift */; };
		7207645F2DEC19F60017963C /* UserAPI.swift in Sources */ = {isa = PBXBuildFile; fileRef = 7207645E2DEC19F60017963C /* UserAPI.swift */; };
		720764612DEC1B220017963C /* UpdateMyImageRequestBody.swift in Sources */ = {isa = PBXBuildFile; fileRef = 720764602DEC1B220017963C /* UpdateMyImageRequestBody.swift */; };
		720764642DEC1B570017963C /* MultipartFormDataConvertible.swift in Sources */ = {isa = PBXBuildFile; fileRef = 720764632DEC1B570017963C /* MultipartFormDataConvertible.swift */; };
		720764662DEC1BEE0017963C /* UpdateMyProfileRequestBody.swift in Sources */ = {isa = PBXBuildFile; fileRef = 720764652DEC1BEE0017963C /* UpdateMyProfileRequestBody.swift */; };
		720764682DEC1EB90017963C /* FeedAPI.swift in Sources */ = {isa = PBXBuildFile; fileRef = 720764672DEC1EB90017963C /* FeedAPI.swift */; };
		7207646A2DEC230A0017963C /* PostRequestBody.swift in Sources */ = {isa = PBXBuildFile; fileRef = 720764692DEC230A0017963C /* PostRequestBody.swift */; };
		7207646C2DEC23E50017963C /* ReportRequestBody.swift in Sources */ = {isa = PBXBuildFile; fileRef = 7207646B2DEC23E50017963C /* ReportRequestBody.swift */; };
		7207646E2DEC25F40017963C /* MyStyleAPI.swift in Sources */ = {isa = PBXBuildFile; fileRef = 7207646D2DEC25F40017963C /* MyStyleAPI.swift */; };
		720764702DEC28980017963C /* LikeAPI.swift in Sources */ = {isa = PBXBuildFile; fileRef = 7207646F2DEC28980017963C /* LikeAPI.swift */; };
		720764722DEC2B330017963C /* SearchAPI.swift in Sources */ = {isa = PBXBuildFile; fileRef = 720764712DEC2B330017963C /* SearchAPI.swift */; };
		720764742DEC2C170017963C /* FriendAPI.swift in Sources */ = {isa = PBXBuildFile; fileRef = 720764732DEC2C170017963C /* FriendAPI.swift */; };
		720765082E02ED8D0017963C /* GoogleService-Info.plist in Resources */ = {isa = PBXBuildFile; fileRef = 720765072E02ED8D0017963C /* GoogleService-Info.plist */; };
		7207650B2E02EE670017963C /* FirebaseAnalytics in Frameworks */ = {isa = PBXBuildFile; productRef = 7207650A2E02EE670017963C /* FirebaseAnalytics */; };
		720765372E0BB8210017963C /* AnalyzeView.swift in Sources */ = {isa = PBXBuildFile; fileRef = 720765362E0BB8210017963C /* AnalyzeView.swift */; };
		720F6B172DE0365F006CF82C /* ProfileView.swift in Sources */ = {isa = PBXBuildFile; fileRef = 720F6B162DE0365F006CF82C /* ProfileView.swift */; };
		720F6B1A2DE036AE006CF82C /* ProfileContentView.swift in Sources */ = {isa = PBXBuildFile; fileRef = 720F6B192DE036AE006CF82C /* ProfileContentView.swift */; };
		720F6B1C2DE04F66006CF82C /* ProfileTabBar.swift in Sources */ = {isa = PBXBuildFile; fileRef = 720F6B1B2DE04F66006CF82C /* ProfileTabBar.swift */; };
		720F6B1E2DE04FA5006CF82C /* ProfileTab.swift in Sources */ = {isa = PBXBuildFile; fileRef = 720F6B1D2DE04FA5006CF82C /* ProfileTab.swift */; };
		72694A042DD9CF7500436EDF /* HomeReducer.swift in Sources */ = {isa = PBXBuildFile; fileRef = 72694A032DD9CF7500436EDF /* HomeReducer.swift */; };
		72694A062DD9CFA200436EDF /* HomeView.swift in Sources */ = {isa = PBXBuildFile; fileRef = 72694A052DD9CFA200436EDF /* HomeView.swift */; };
		72694A0C2DD9DA4D00436EDF /* CustomNavigationBar.swift in Sources */ = {isa = PBXBuildFile; fileRef = 72694A0B2DD9DA4D00436EDF /* CustomNavigationBar.swift */; };
		72694A0E2DD9E07800436EDF /* CustomNavigationBarModifier.swift in Sources */ = {isa = PBXBuildFile; fileRef = 72694A0D2DD9E07800436EDF /* CustomNavigationBarModifier.swift */; };
		72694A102DDA08D100436EDF /* PersonalToneView.swift in Sources */ = {isa = PBXBuildFile; fileRef = 72694A0F2DDA08D100436EDF /* PersonalToneView.swift */; };
		72694A222DDD9FE900436EDF /* SectionHomeHeader.swift in Sources */ = {isa = PBXBuildFile; fileRef = 72694A212DDD9FE900436EDF /* SectionHomeHeader.swift */; };
		72694A242DDDA19400436EDF /* RecommendSection.swift in Sources */ = {isa = PBXBuildFile; fileRef = 72694A232DDDA19400436EDF /* RecommendSection.swift */; };
		72694A262DDDA1F700436EDF /* ProductViewCell.swift in Sources */ = {isa = PBXBuildFile; fileRef = 72694A252DDDA1F700436EDF /* ProductViewCell.swift */; };
		72694A282DDDA64B00436EDF /* StyleRecordSection.swift in Sources */ = {isa = PBXBuildFile; fileRef = 72694A272DDDA64B00436EDF /* StyleRecordSection.swift */; };
		72694A2A2DDDA82D00436EDF /* SharedStyleSection.swift in Sources */ = {isa = PBXBuildFile; fileRef = 72694A292DDDA82D00436EDF /* SharedStyleSection.swift */; };
		72694A2C2DDDBD3500436EDF /* Array+Extension.swift in Sources */ = {isa = PBXBuildFile; fileRef = 72694A2B2DDDBD3500436EDF /* Array+Extension.swift */; };
		72694A2E2DDDBD6200436EDF /* TileGroupView.swift in Sources */ = {isa = PBXBuildFile; fileRef = 72694A2D2DDDBD6200436EDF /* TileGroupView.swift */; };
		72694A312DDEECA000436EDF /* LikedView.swift in Sources */ = {isa = PBXBuildFile; fileRef = 72694A302DDEECA000436EDF /* LikedView.swift */; };
		72694A332DDEECC400436EDF /* LikeReducer.swift in Sources */ = {isa = PBXBuildFile; fileRef = 72694A322DDEECC400436EDF /* LikeReducer.swift */; };
		72694A362DDEF74200436EDF /* LikedTabBar.swift in Sources */ = {isa = PBXBuildFile; fileRef = 72694A352DDEF74200436EDF /* LikedTabBar.swift */; };
		72694A392DDEFA6300436EDF /* FeedImageTile.swift in Sources */ = {isa = PBXBuildFile; fileRef = 72694A382DDEFA6300436EDF /* FeedImageTile.swift */; };
		72694A3D2DDF088600436EDF /* ThreeColumnGrid.swift in Sources */ = {isa = PBXBuildFile; fileRef = 72694A3C2DDF088600436EDF /* ThreeColumnGrid.swift */; };
		72694A3F2DDF0A5900436EDF /* LikedTab.swift in Sources */ = {isa = PBXBuildFile; fileRef = 72694A3E2DDF0A5900436EDF /* LikedTab.swift */; };
		72AD634A2E0BC4120078EB69 /* DecorativeCircle.swift in Sources */ = {isa = PBXBuildFile; fileRef = 72AD63492E0BC4120078EB69 /* DecorativeCircle.swift */; };
		72AD63502E0E2EF10078EB69 /* AnalyzeReducer.swift in Sources */ = {isa = PBXBuildFile; fileRef = 72AD634F2E0E2EF10078EB69 /* AnalyzeReducer.swift */; };
		72AD63532E0E311D0078EB69 /* ColorAnalysisClient.swift in Sources */ = {isa = PBXBuildFile; fileRef = 72AD63522E0E311D0078EB69 /* ColorAnalysisClient.swift */; };
		72AD63552E0E34610078EB69 /* CameraCaptureView.swift in Sources */ = {isa = PBXBuildFile; fileRef = 72AD63542E0E34610078EB69 /* CameraCaptureView.swift */; };
		72B819262E0EB8B000DE95EB /* PersonalColorDTO.swift in Sources */ = {isa = PBXBuildFile; fileRef = 72B819252E0EB8B000DE95EB /* PersonalColorDTO.swift */; };
		72B819282E0EBAE900DE95EB /* PersonalAnalysisBody.swift in Sources */ = {isa = PBXBuildFile; fileRef = 72B819272E0EBAE900DE95EB /* PersonalAnalysisBody.swift */; };
		72B8192B2E11788800DE95EB /* CustomTabView.swift in Sources */ = {isa = PBXBuildFile; fileRef = 72B8192A2E11788800DE95EB /* CustomTabView.swift */; };
		72B819302E12C56E00DE95EB /* ProfileReducer.swift in Sources */ = {isa = PBXBuildFile; fileRef = 72B8192F2E12C56E00DE95EB /* ProfileReducer.swift */; };
		72B819322E12C88F00DE95EB /* ProfileDTO.swift in Sources */ = {isa = PBXBuildFile; fileRef = 72B819312E12C88F00DE95EB /* ProfileDTO.swift */; };
		72B819352E12CE2100DE95EB /* ProfileClient.swift in Sources */ = {isa = PBXBuildFile; fileRef = 72B819342E12CE2100DE95EB /* ProfileClient.swift */; };
		72BAA31A2DD1DB03005E7B23 /* Preview Assets.xcassets in Resources */ = {isa = PBXBuildFile; fileRef = 72BAA3142DD1DB03005E7B23 /* Preview Assets.xcassets */; };
		72BAA31B2DD1DB03005E7B23 /* Assets.xcassets in Resources */ = {isa = PBXBuildFile; fileRef = 72BAA3162DD1DB03005E7B23 /* Assets.xcassets */; };
		72BAA31D2DD1DB03005E7B23 /* ToneUpApp.swift in Sources */ = {isa = PBXBuildFile; fileRef = 72BAA3182DD1DB03005E7B23 /* ToneUpApp.swift */; };
		72BAA3202DD1DB08005E7B23 /* ToneUpTests.swift in Sources */ = {isa = PBXBuildFile; fileRef = 72BAA31E2DD1DB08005E7B23 /* ToneUpTests.swift */; };
		72BAA3242DD1DB0C005E7B23 /* ToneUpUITests.swift in Sources */ = {isa = PBXBuildFile; fileRef = 72BAA3212DD1DB0C005E7B23 /* ToneUpUITests.swift */; };
		72BAA3252DD1DB0C005E7B23 /* ToneUpUITestsLaunchTests.swift in Sources */ = {isa = PBXBuildFile; fileRef = 72BAA3222DD1DB0C005E7B23 /* ToneUpUITestsLaunchTests.swift */; };
		72BAA3942DD70903005E7B23 /* ComposableArchitecture in Frameworks */ = {isa = PBXBuildFile; productRef = 72BAA3932DD70903005E7B23 /* ComposableArchitecture */; };
		72BAA3A72DD747E6005E7B23 /* OnboardingView.swift in Sources */ = {isa = PBXBuildFile; fileRef = 72BAA3A62DD747E6005E7B23 /* OnboardingView.swift */; };
		72BAA3DD2DD74CAB005E7B23 /* CommonButton.swift in Sources */ = {isa = PBXBuildFile; fileRef = 72BAA3DC2DD74CAB005E7B23 /* CommonButton.swift */; };
		72BAA3E02DD753FE005E7B23 /* CommonText.swift in Sources */ = {isa = PBXBuildFile; fileRef = 72BAA3DF2DD753FE005E7B23 /* CommonText.swift */; };
		72BAA3E32DD75AD4005E7B23 /* CustomFontModifier.swift in Sources */ = {isa = PBXBuildFile; fileRef = 72BAA3E22DD75AD4005E7B23 /* CustomFontModifier.swift */; };
		72BAA3E62DD75C20005E7B23 /* AppText.swift in Sources */ = {isa = PBXBuildFile; fileRef = 72BAA3E52DD75C20005E7B23 /* AppText.swift */; };
		72BAA3EA2DD75E11005E7B23 /* Image+Extension.swift in Sources */ = {isa = PBXBuildFile; fileRef = 72BAA3E92DD75E11005E7B23 /* Image+Extension.swift */; };
		72BAA3EC2DD76037005E7B23 /* ButtonTitle.swift in Sources */ = {isa = PBXBuildFile; fileRef = 72BAA3EB2DD76037005E7B23 /* ButtonTitle.swift */; };
		72BAA3FC2DD8D17B005E7B23 /* OnboardingReducer.swift in Sources */ = {isa = PBXBuildFile; fileRef = 72BAA3FB2DD8D17B005E7B23 /* OnboardingReducer.swift */; };
		72BAA3FF2DD8D8A6005E7B23 /* LoginOption.swift in Sources */ = {isa = PBXBuildFile; fileRef = 72BAA3FE2DD8D8A6005E7B23 /* LoginOption.swift */; };
		72BAA4022DD8D906005E7B23 /* AuthClient.swift in Sources */ = {isa = PBXBuildFile; fileRef = 72BAA4012DD8D906005E7B23 /* AuthClient.swift */; };
		72BAA4052DD8D9B8005E7B23 /* User.swift in Sources */ = {isa = PBXBuildFile; fileRef = 72BAA4042DD8D9B8005E7B23 /* User.swift */; };
		72BAA4072DD8D9F3005E7B23 /* AuthError.swift in Sources */ = {isa = PBXBuildFile; fileRef = 72BAA4062DD8D9F3005E7B23 /* AuthError.swift */; };
		72BAA4092DD8DA37005E7B23 /* LoginSheetView.swift in Sources */ = {isa = PBXBuildFile; fileRef = 72BAA4082DD8DA37005E7B23 /* LoginSheetView.swift */; };
		72F7D5B42E0E70ED00B33ED8 /* CustomPhotoPicker.swift in Sources */ = {isa = PBXBuildFile; fileRef = 72F7D5B32E0E70ED00B33ED8 /* CustomPhotoPicker.swift */; };
		72F7D5B62E0E8A3E00B33ED8 /* PersonalAPI.swift in Sources */ = {isa = PBXBuildFile; fileRef = 72F7D5B52E0E8A3E00B33ED8 /* PersonalAPI.swift */; };
/* End PBXBuildFile section */

/* Begin PBXContainerItemProxy section */
		72BAA2F82DD1DAEF005E7B23 /* PBXContainerItemProxy */ = {
			isa = PBXContainerItemProxy;
			containerPortal = 72BAA2DF2DD1DAED005E7B23 /* Project object */;
			proxyType = 1;
			remoteGlobalIDString = 72BAA2E62DD1DAED005E7B23;
			remoteInfo = ToneUp;
		};
		72BAA3022DD1DAEF005E7B23 /* PBXContainerItemProxy */ = {
			isa = PBXContainerItemProxy;
			containerPortal = 72BAA2DF2DD1DAED005E7B23 /* Project object */;
			proxyType = 1;
			remoteGlobalIDString = 72BAA2E62DD1DAED005E7B23;
			remoteInfo = ToneUp;
		};
/* End PBXContainerItemProxy section */

/* Begin PBXFileReference section */
		72038C332DE05D32002669F5 /* EditProfileView.swift */ = {isa = PBXFileReference; lastKnownFileType = sourcecode.swift; path = EditProfileView.swift; sourceTree = "<group>"; };
		72038C352DE05F5A002669F5 /* EditProfileContentView.swift */ = {isa = PBXFileReference; lastKnownFileType = sourcecode.swift; path = EditProfileContentView.swift; sourceTree = "<group>"; };
		7207630B2DE064F80017963C /* ProfileRowItem.swift */ = {isa = PBXFileReference; lastKnownFileType = sourcecode.swift; path = ProfileRowItem.swift; sourceTree = "<group>"; };
		7207630D2DE0654E0017963C /* EditProfileInfoSection.swift */ = {isa = PBXFileReference; lastKnownFileType = sourcecode.swift; path = EditProfileInfoSection.swift; sourceTree = "<group>"; };
		7207632C2DE1E26E0017963C /* PostDetailView.swift */ = {isa = PBXFileReference; lastKnownFileType = sourcecode.swift; path = PostDetailView.swift; sourceTree = "<group>"; };
		7207634B2DE2F7BD0017963C /* StylePostView.swift */ = {isa = PBXFileReference; lastKnownFileType = sourcecode.swift; path = StylePostView.swift; sourceTree = "<group>"; };
		7207634E2DE2FA840017963C /* ImagePickerSection.swift */ = {isa = PBXFileReference; lastKnownFileType = sourcecode.swift; path = ImagePickerSection.swift; sourceTree = "<group>"; };
		720763502DE2FD4C0017963C /* TitleInputView.swift */ = {isa = PBXFileReference; lastKnownFileType = sourcecode.swift; path = TitleInputView.swift; sourceTree = "<group>"; };
		720763522DE2FD930017963C /* DescriptionInputView.swift */ = {isa = PBXFileReference; lastKnownFileType = sourcecode.swift; path = DescriptionInputView.swift; sourceTree = "<group>"; };
		720763712DE442C60017963C /* ChatListView.swift */ = {isa = PBXFileReference; lastKnownFileType = sourcecode.swift; path = ChatListView.swift; sourceTree = "<group>"; };
		720763742DE444460017963C /* ChatCell.swift */ = {isa = PBXFileReference; lastKnownFileType = sourcecode.swift; path = ChatCell.swift; sourceTree = "<group>"; };
		720763762DE4447C0017963C /* ChatRoom.swift */ = {isa = PBXFileReference; lastKnownFileType = sourcecode.swift; path = ChatRoom.swift; sourceTree = "<group>"; };
		720763792DE4493A0017963C /* ChatView.swift */ = {isa = PBXFileReference; lastKnownFileType = sourcecode.swift; path = ChatView.swift; sourceTree = "<group>"; };
		7207637B2DE449D00017963C /* ChatReducer.swift */ = {isa = PBXFileReference; lastKnownFileType = sourcecode.swift; path = ChatReducer.swift; sourceTree = "<group>"; };
		7207637E2DE4C2350017963C /* ChatNavigationBar.swift */ = {isa = PBXFileReference; lastKnownFileType = sourcecode.swift; path = ChatNavigationBar.swift; sourceTree = "<group>"; };
		720763802DE4C8020017963C /* ChatInputBar.swift */ = {isa = PBXFileReference; lastKnownFileType = sourcecode.swift; path = ChatInputBar.swift; sourceTree = "<group>"; };
		720763822DE4C8600017963C /* TextBubble.swift */ = {isa = PBXFileReference; lastKnownFileType = sourcecode.swift; path = TextBubble.swift; sourceTree = "<group>"; };
		720763842DE4C8BD0017963C /* ImageGridMessageView.swift */ = {isa = PBXFileReference; lastKnownFileType = sourcecode.swift; path = ImageGridMessageView.swift; sourceTree = "<group>"; };
		720763862DE4CA020017963C /* ChatMessageListView.swift */ = {isa = PBXFileReference; lastKnownFileType = sourcecode.swift; path = ChatMessageListView.swift; sourceTree = "<group>"; };
		720763882DE4CC1F0017963C /* ChatMessageCellView.swift */ = {isa = PBXFileReference; lastKnownFileType = sourcecode.swift; path = ChatMessageCellView.swift; sourceTree = "<group>"; };
		7207638A2DE4CD060017963C /* ImagePreviewView.swift */ = {isa = PBXFileReference; lastKnownFileType = sourcecode.swift; path = ImagePreviewView.swift; sourceTree = "<group>"; };
		720763AC2DE57D730017963C /* APIKey.swift */ = {isa = PBXFileReference; lastKnownFileType = sourcecode.swift; path = APIKey.swift; sourceTree = "<group>"; };
		720763AF2DE57F690017963C /* NetworkProvider.swift */ = {isa = PBXFileReference; lastKnownFileType = sourcecode.swift; path = NetworkProvider.swift; sourceTree = "<group>"; };
		720763B22DE584810017963C /* APIError.swift */ = {isa = PBXFileReference; lastKnownFileType = sourcecode.swift; path = APIError.swift; sourceTree = "<group>"; };
		720763B42DE58C670017963C /* APIErrorMapper.swift */ = {isa = PBXFileReference; lastKnownFileType = sourcecode.swift; path = APIErrorMapper.swift; sourceTree = "<group>"; };
		720763B72DE591250017963C /* ServerResponse.swift */ = {isa = PBXFileReference; lastKnownFileType = sourcecode.swift; path = ServerResponse.swift; sourceTree = "<group>"; };
		720763BA2DE59CC50017963C /* HeaderKeyAndValue.swift */ = {isa = PBXFileReference; lastKnownFileType = sourcecode.swift; path = HeaderKeyAndValue.swift; sourceTree = "<group>"; };
		720763BC2DE59F230017963C /* KeychainManager.swift */ = {isa = PBXFileReference; lastKnownFileType = sourcecode.swift; path = KeychainManager.swift; sourceTree = "<group>"; };
		720763BE2DE5A0C50017963C /* UserDefaultsStorage.swift */ = {isa = PBXFileReference; lastKnownFileType = sourcecode.swift; path = UserDefaultsStorage.swift; sourceTree = "<group>"; };
		720763C12DE5A5B60017963C /* OAuthAPI.swift */ = {isa = PBXFileReference; lastKnownFileType = sourcecode.swift; path = OAuthAPI.swift; sourceTree = "<group>"; };
		720763C62DE5A6AF0017963C /* SocialRequestBody.swift */ = {isa = PBXFileReference; lastKnownFileType = sourcecode.swift; path = SocialRequestBody.swift; sourceTree = "<group>"; };
		720763C82DE5AC140017963C /* UserDTO.swift */ = {isa = PBXFileReference; lastKnownFileType = sourcecode.swift; path = UserDTO.swift; sourceTree = "<group>"; };
		720763CA2DE5DCD70017963C /* RecommandAPI.swift */ = {isa = PBXFileReference; lastKnownFileType = sourcecode.swift; path = RecommandAPI.swift; sourceTree = "<group>"; };
		720763CE2DE5DFEA0017963C /* QueryStringProtocol.swift */ = {isa = PBXFileReference; lastKnownFileType = sourcecode.swift; path = QueryStringProtocol.swift; sourceTree = "<group>"; };
		720763D02DE5E0190017963C /* QueryParameters.swift */ = {isa = PBXFileReference; lastKnownFileType = sourcecode.swift; path = QueryParameters.swift; sourceTree = "<group>"; };
		720763D72DE5E1A30017963C /* RecommandProductDTO.swift */ = {isa = PBXFileReference; lastKnownFileType = sourcecode.swift; path = RecommandProductDTO.swift; sourceTree = "<group>"; };
		720763D92DE5E5200017963C /* ProductDTO.swift */ = {isa = PBXFileReference; lastKnownFileType = sourcecode.swift; path = ProductDTO.swift; sourceTree = "<group>"; };
		720763DC2DE5F6B70017963C /* AccessTokenRetrier.swift */ = {isa = PBXFileReference; lastKnownFileType = sourcecode.swift; path = AccessTokenRetrier.swift; sourceTree = "<group>"; };
		7207641B2DE609870017963C /* Secretes.xcconfig */ = {isa = PBXFileReference; lastKnownFileType = text.xcconfig; path = Secretes.xcconfig; sourceTree = "<group>"; };
		7207641C2DE6DC090017963C /* NetworkProviderClient.swift */ = {isa = PBXFileReference; lastKnownFileType = sourcecode.swift; path = NetworkProviderClient.swift; sourceTree = "<group>"; };
		720764582DE830130017963C /* TokenAPI.swift */ = {isa = PBXFileReference; lastKnownFileType = sourcecode.swift; path = TokenAPI.swift; sourceTree = "<group>"; };
		7207645A2DE8309B0017963C /* TokenRequestBody.swift */ = {isa = PBXFileReference; lastKnownFileType = sourcecode.swift; path = TokenRequestBody.swift; sourceTree = "<group>"; };
		7207645C2DE831D80017963C /* TokenDTO.swift */ = {isa = PBXFileReference; lastKnownFileType = sourcecode.swift; path = TokenDTO.swift; sourceTree = "<group>"; };
		7207645E2DEC19F60017963C /* UserAPI.swift */ = {isa = PBXFileReference; lastKnownFileType = sourcecode.swift; path = UserAPI.swift; sourceTree = "<group>"; };
		720764602DEC1B220017963C /* UpdateMyImageRequestBody.swift */ = {isa = PBXFileReference; lastKnownFileType = sourcecode.swift; path = UpdateMyImageRequestBody.swift; sourceTree = "<group>"; };
		720764632DEC1B570017963C /* MultipartFormDataConvertible.swift */ = {isa = PBXFileReference; lastKnownFileType = sourcecode.swift; path = MultipartFormDataConvertible.swift; sourceTree = "<group>"; };
		720764652DEC1BEE0017963C /* UpdateMyProfileRequestBody.swift */ = {isa = PBXFileReference; lastKnownFileType = sourcecode.swift; path = UpdateMyProfileRequestBody.swift; sourceTree = "<group>"; };
		720764672DEC1EB90017963C /* FeedAPI.swift */ = {isa = PBXFileReference; lastKnownFileType = sourcecode.swift; path = FeedAPI.swift; sourceTree = "<group>"; };
		720764692DEC230A0017963C /* PostRequestBody.swift */ = {isa = PBXFileReference; lastKnownFileType = sourcecode.swift; path = PostRequestBody.swift; sourceTree = "<group>"; };
		7207646B2DEC23E50017963C /* ReportRequestBody.swift */ = {isa = PBXFileReference; lastKnownFileType = sourcecode.swift; path = ReportRequestBody.swift; sourceTree = "<group>"; };
		7207646D2DEC25F40017963C /* MyStyleAPI.swift */ = {isa = PBXFileReference; lastKnownFileType = sourcecode.swift; path = MyStyleAPI.swift; sourceTree = "<group>"; };
		7207646F2DEC28980017963C /* LikeAPI.swift */ = {isa = PBXFileReference; lastKnownFileType = sourcecode.swift; path = LikeAPI.swift; sourceTree = "<group>"; };
		720764712DEC2B330017963C /* SearchAPI.swift */ = {isa = PBXFileReference; lastKnownFileType = sourcecode.swift; path = SearchAPI.swift; sourceTree = "<group>"; };
		720764732DEC2C170017963C /* FriendAPI.swift */ = {isa = PBXFileReference; lastKnownFileType = sourcecode.swift; path = FriendAPI.swift; sourceTree = "<group>"; };
		720765072E02ED8D0017963C /* GoogleService-Info.plist */ = {isa = PBXFileReference; lastKnownFileType = text.plist.xml; path = "GoogleService-Info.plist"; sourceTree = "<group>"; };
		720765362E0BB8210017963C /* AnalyzeView.swift */ = {isa = PBXFileReference; lastKnownFileType = sourcecode.swift; path = AnalyzeView.swift; sourceTree = "<group>"; };
		720F6B162DE0365F006CF82C /* ProfileView.swift */ = {isa = PBXFileReference; lastKnownFileType = sourcecode.swift; path = ProfileView.swift; sourceTree = "<group>"; };
		720F6B192DE036AE006CF82C /* ProfileContentView.swift */ = {isa = PBXFileReference; lastKnownFileType = sourcecode.swift; path = ProfileContentView.swift; sourceTree = "<group>"; };
		720F6B1B2DE04F66006CF82C /* ProfileTabBar.swift */ = {isa = PBXFileReference; lastKnownFileType = sourcecode.swift; path = ProfileTabBar.swift; sourceTree = "<group>"; };
		720F6B1D2DE04FA5006CF82C /* ProfileTab.swift */ = {isa = PBXFileReference; lastKnownFileType = sourcecode.swift; path = ProfileTab.swift; sourceTree = "<group>"; };
		72694A032DD9CF7500436EDF /* HomeReducer.swift */ = {isa = PBXFileReference; lastKnownFileType = sourcecode.swift; path = HomeReducer.swift; sourceTree = "<group>"; };
		72694A052DD9CFA200436EDF /* HomeView.swift */ = {isa = PBXFileReference; lastKnownFileType = sourcecode.swift; path = HomeView.swift; sourceTree = "<group>"; };
		72694A0B2DD9DA4D00436EDF /* CustomNavigationBar.swift */ = {isa = PBXFileReference; lastKnownFileType = sourcecode.swift; path = CustomNavigationBar.swift; sourceTree = "<group>"; };
		72694A0D2DD9E07800436EDF /* CustomNavigationBarModifier.swift */ = {isa = PBXFileReference; lastKnownFileType = sourcecode.swift; path = CustomNavigationBarModifier.swift; sourceTree = "<group>"; };
		72694A0F2DDA08D100436EDF /* PersonalToneView.swift */ = {isa = PBXFileReference; lastKnownFileType = sourcecode.swift; path = PersonalToneView.swift; sourceTree = "<group>"; };
		72694A212DDD9FE900436EDF /* SectionHomeHeader.swift */ = {isa = PBXFileReference; lastKnownFileType = sourcecode.swift; path = SectionHomeHeader.swift; sourceTree = "<group>"; };
		72694A232DDDA19400436EDF /* RecommendSection.swift */ = {isa = PBXFileReference; lastKnownFileType = sourcecode.swift; path = RecommendSection.swift; sourceTree = "<group>"; };
		72694A252DDDA1F700436EDF /* ProductViewCell.swift */ = {isa = PBXFileReference; lastKnownFileType = sourcecode.swift; path = ProductViewCell.swift; sourceTree = "<group>"; };
		72694A272DDDA64B00436EDF /* StyleRecordSection.swift */ = {isa = PBXFileReference; lastKnownFileType = sourcecode.swift; path = StyleRecordSection.swift; sourceTree = "<group>"; };
		72694A292DDDA82D00436EDF /* SharedStyleSection.swift */ = {isa = PBXFileReference; lastKnownFileType = sourcecode.swift; path = SharedStyleSection.swift; sourceTree = "<group>"; };
		72694A2B2DDDBD3500436EDF /* Array+Extension.swift */ = {isa = PBXFileReference; lastKnownFileType = sourcecode.swift; path = "Array+Extension.swift"; sourceTree = "<group>"; };
		72694A2D2DDDBD6200436EDF /* TileGroupView.swift */ = {isa = PBXFileReference; lastKnownFileType = sourcecode.swift; path = TileGroupView.swift; sourceTree = "<group>"; };
		72694A302DDEECA000436EDF /* LikedView.swift */ = {isa = PBXFileReference; lastKnownFileType = sourcecode.swift; path = LikedView.swift; sourceTree = "<group>"; };
		72694A322DDEECC400436EDF /* LikeReducer.swift */ = {isa = PBXFileReference; lastKnownFileType = sourcecode.swift; path = LikeReducer.swift; sourceTree = "<group>"; };
		72694A352DDEF74200436EDF /* LikedTabBar.swift */ = {isa = PBXFileReference; lastKnownFileType = sourcecode.swift; path = LikedTabBar.swift; sourceTree = "<group>"; };
		72694A382DDEFA6300436EDF /* FeedImageTile.swift */ = {isa = PBXFileReference; lastKnownFileType = sourcecode.swift; path = FeedImageTile.swift; sourceTree = "<group>"; };
		72694A3C2DDF088600436EDF /* ThreeColumnGrid.swift */ = {isa = PBXFileReference; lastKnownFileType = sourcecode.swift; path = ThreeColumnGrid.swift; sourceTree = "<group>"; };
		72694A3E2DDF0A5900436EDF /* LikedTab.swift */ = {isa = PBXFileReference; lastKnownFileType = sourcecode.swift; path = LikedTab.swift; sourceTree = "<group>"; };
		72AD63492E0BC4120078EB69 /* DecorativeCircle.swift */ = {isa = PBXFileReference; lastKnownFileType = sourcecode.swift; path = DecorativeCircle.swift; sourceTree = "<group>"; };
		72AD634F2E0E2EF10078EB69 /* AnalyzeReducer.swift */ = {isa = PBXFileReference; lastKnownFileType = sourcecode.swift; path = AnalyzeReducer.swift; sourceTree = "<group>"; };
		72AD63522E0E311D0078EB69 /* ColorAnalysisClient.swift */ = {isa = PBXFileReference; lastKnownFileType = sourcecode.swift; path = ColorAnalysisClient.swift; sourceTree = "<group>"; };
		72AD63542E0E34610078EB69 /* CameraCaptureView.swift */ = {isa = PBXFileReference; lastKnownFileType = sourcecode.swift; path = CameraCaptureView.swift; sourceTree = "<group>"; };
		72B819252E0EB8B000DE95EB /* PersonalColorDTO.swift */ = {isa = PBXFileReference; lastKnownFileType = sourcecode.swift; path = PersonalColorDTO.swift; sourceTree = "<group>"; };
		72B819272E0EBAE900DE95EB /* PersonalAnalysisBody.swift */ = {isa = PBXFileReference; lastKnownFileType = sourcecode.swift; path = PersonalAnalysisBody.swift; sourceTree = "<group>"; };
		72B8192A2E11788800DE95EB /* CustomTabView.swift */ = {isa = PBXFileReference; lastKnownFileType = sourcecode.swift; path = CustomTabView.swift; sourceTree = "<group>"; };
		72B8192F2E12C56E00DE95EB /* ProfileReducer.swift */ = {isa = PBXFileReference; lastKnownFileType = sourcecode.swift; path = ProfileReducer.swift; sourceTree = "<group>"; };
		72B819312E12C88F00DE95EB /* ProfileDTO.swift */ = {isa = PBXFileReference; lastKnownFileType = sourcecode.swift; path = ProfileDTO.swift; sourceTree = "<group>"; };
		72B819342E12CE2100DE95EB /* ProfileClient.swift */ = {isa = PBXFileReference; lastKnownFileType = sourcecode.swift; path = ProfileClient.swift; sourceTree = "<group>"; };
		72BAA2E72DD1DAED005E7B23 /* ToneUp.app */ = {isa = PBXFileReference; explicitFileType = wrapper.application; includeInIndex = 0; path = ToneUp.app; sourceTree = BUILT_PRODUCTS_DIR; };
		72BAA2F72DD1DAEF005E7B23 /* ToneUpTests.xctest */ = {isa = PBXFileReference; explicitFileType = wrapper.cfbundle; includeInIndex = 0; path = ToneUpTests.xctest; sourceTree = BUILT_PRODUCTS_DIR; };
		72BAA3012DD1DAEF005E7B23 /* ToneUpUITests.xctest */ = {isa = PBXFileReference; explicitFileType = wrapper.cfbundle; includeInIndex = 0; path = ToneUpUITests.xctest; sourceTree = BUILT_PRODUCTS_DIR; };
		72BAA3142DD1DB03005E7B23 /* Preview Assets.xcassets */ = {isa = PBXFileReference; lastKnownFileType = folder.assetcatalog; path = "Preview Assets.xcassets"; sourceTree = "<group>"; };
		72BAA3162DD1DB03005E7B23 /* Assets.xcassets */ = {isa = PBXFileReference; lastKnownFileType = folder.assetcatalog; path = Assets.xcassets; sourceTree = "<group>"; };
		72BAA3182DD1DB03005E7B23 /* ToneUpApp.swift */ = {isa = PBXFileReference; lastKnownFileType = sourcecode.swift; path = ToneUpApp.swift; sourceTree = "<group>"; };
		72BAA31E2DD1DB08005E7B23 /* ToneUpTests.swift */ = {isa = PBXFileReference; lastKnownFileType = sourcecode.swift; path = ToneUpTests.swift; sourceTree = "<group>"; };
		72BAA3212DD1DB0C005E7B23 /* ToneUpUITests.swift */ = {isa = PBXFileReference; lastKnownFileType = sourcecode.swift; path = ToneUpUITests.swift; sourceTree = "<group>"; };
		72BAA3222DD1DB0C005E7B23 /* ToneUpUITestsLaunchTests.swift */ = {isa = PBXFileReference; lastKnownFileType = sourcecode.swift; path = ToneUpUITestsLaunchTests.swift; sourceTree = "<group>"; };
		72BAA32B2DD1DCEF005E7B23 /* .gitignore */ = {isa = PBXFileReference; lastKnownFileType = text; path = .gitignore; sourceTree = "<group>"; };
		72BAA35F2DD51484005E7B23 /* Info.plist */ = {isa = PBXFileReference; lastKnownFileType = text.plist; path = Info.plist; sourceTree = "<group>"; };
		72BAA3A62DD747E6005E7B23 /* OnboardingView.swift */ = {isa = PBXFileReference; lastKnownFileType = sourcecode.swift; path = OnboardingView.swift; sourceTree = "<group>"; };
		72BAA3DC2DD74CAB005E7B23 /* CommonButton.swift */ = {isa = PBXFileReference; lastKnownFileType = sourcecode.swift; path = CommonButton.swift; sourceTree = "<group>"; };
		72BAA3DF2DD753FE005E7B23 /* CommonText.swift */ = {isa = PBXFileReference; lastKnownFileType = sourcecode.swift; path = CommonText.swift; sourceTree = "<group>"; };
		72BAA3E22DD75AD4005E7B23 /* CustomFontModifier.swift */ = {isa = PBXFileReference; lastKnownFileType = sourcecode.swift; path = CustomFontModifier.swift; sourceTree = "<group>"; };
		72BAA3E52DD75C20005E7B23 /* AppText.swift */ = {isa = PBXFileReference; lastKnownFileType = sourcecode.swift; path = AppText.swift; sourceTree = "<group>"; };
		72BAA3E92DD75E11005E7B23 /* Image+Extension.swift */ = {isa = PBXFileReference; lastKnownFileType = sourcecode.swift; path = "Image+Extension.swift"; sourceTree = "<group>"; };
		72BAA3EB2DD76037005E7B23 /* ButtonTitle.swift */ = {isa = PBXFileReference; lastKnownFileType = sourcecode.swift; path = ButtonTitle.swift; sourceTree = "<group>"; };
		72BAA3FB2DD8D17B005E7B23 /* OnboardingReducer.swift */ = {isa = PBXFileReference; lastKnownFileType = sourcecode.swift; path = OnboardingReducer.swift; sourceTree = "<group>"; };
		72BAA3FE2DD8D8A6005E7B23 /* LoginOption.swift */ = {isa = PBXFileReference; lastKnownFileType = sourcecode.swift; path = LoginOption.swift; sourceTree = "<group>"; };
		72BAA4012DD8D906005E7B23 /* AuthClient.swift */ = {isa = PBXFileReference; lastKnownFileType = sourcecode.swift; path = AuthClient.swift; sourceTree = "<group>"; };
		72BAA4042DD8D9B8005E7B23 /* User.swift */ = {isa = PBXFileReference; lastKnownFileType = sourcecode.swift; path = User.swift; sourceTree = "<group>"; };
		72BAA4062DD8D9F3005E7B23 /* AuthError.swift */ = {isa = PBXFileReference; lastKnownFileType = sourcecode.swift; path = AuthError.swift; sourceTree = "<group>"; };
		72BAA4082DD8DA37005E7B23 /* LoginSheetView.swift */ = {isa = PBXFileReference; lastKnownFileType = sourcecode.swift; path = LoginSheetView.swift; sourceTree = "<group>"; };
		72F7D5B32E0E70ED00B33ED8 /* CustomPhotoPicker.swift */ = {isa = PBXFileReference; lastKnownFileType = sourcecode.swift; path = CustomPhotoPicker.swift; sourceTree = "<group>"; };
		72F7D5B52E0E8A3E00B33ED8 /* PersonalAPI.swift */ = {isa = PBXFileReference; lastKnownFileType = sourcecode.swift; path = PersonalAPI.swift; sourceTree = "<group>"; };
/* End PBXFileReference section */

/* Begin PBXFileSystemSynchronizedRootGroup section */
		72BAA3292DD1DBA9005E7B23 /* StoryBoards */ = {
			isa = PBXFileSystemSynchronizedRootGroup;
			path = StoryBoards;
			sourceTree = "<group>";
		};
		72BAA32A2DD1DBC9005E7B23 /* Font */ = {
			isa = PBXFileSystemSynchronizedRootGroup;
			path = Font;
			sourceTree = "<group>";
		};
/* End PBXFileSystemSynchronizedRootGroup section */

/* Begin PBXFrameworksBuildPhase section */
		72BAA2E42DD1DAED005E7B23 /* Frameworks */ = {
			isa = PBXFrameworksBuildPhase;
			buildActionMask = 2147483647;
			files = (
				720763AB2DE57D570017963C /* Moya in Frameworks */,
				72BAA3942DD70903005E7B23 /* ComposableArchitecture in Frameworks */,
				720764182DE603CA0017963C /* GoogleSignIn in Frameworks */,
				7207650B2E02EE670017963C /* FirebaseAnalytics in Frameworks */,
				7207641A2DE603CA0017963C /* GoogleSignInSwift in Frameworks */,
			);
			runOnlyForDeploymentPostprocessing = 0;
		};
		72BAA2F42DD1DAEF005E7B23 /* Frameworks */ = {
			isa = PBXFrameworksBuildPhase;
			buildActionMask = 2147483647;
			files = (
			);
			runOnlyForDeploymentPostprocessing = 0;
		};
		72BAA2FE2DD1DAEF005E7B23 /* Frameworks */ = {
			isa = PBXFrameworksBuildPhase;
			buildActionMask = 2147483647;
			files = (
			);
			runOnlyForDeploymentPostprocessing = 0;
		};
/* End PBXFrameworksBuildPhase section */

/* Begin PBXGroup section */
		7207632B2DE1E2540017963C /* PostDetail */ = {
			isa = PBXGroup;
			children = (
				7207632C2DE1E26E0017963C /* PostDetailView.swift */,
			);
			path = PostDetail;
			sourceTree = "<group>";
		};
		7207634A2DE2F7A80017963C /* Post */ = {
			isa = PBXGroup;
			children = (
				7207634B2DE2F7BD0017963C /* StylePostView.swift */,
				7207634D2DE2FA6B0017963C /* Component */,
			);
			path = Post;
			sourceTree = "<group>";
		};
		7207634D2DE2FA6B0017963C /* Component */ = {
			isa = PBXGroup;
			children = (
				7207634E2DE2FA840017963C /* ImagePickerSection.swift */,
				720763502DE2FD4C0017963C /* TitleInputView.swift */,
				720763522DE2FD930017963C /* DescriptionInputView.swift */,
			);
			path = Component;
			sourceTree = "<group>";
		};
		720763702DE442B50017963C /* ChatList */ = {
			isa = PBXGroup;
			children = (
				720763712DE442C60017963C /* ChatListView.swift */,
				720763732DE4430C0017963C /* Component */,
				720763782DE448DD0017963C /* Chat */,
			);
			path = ChatList;
			sourceTree = "<group>";
		};
		720763732DE4430C0017963C /* Component */ = {
			isa = PBXGroup;
			children = (
				720763742DE444460017963C /* ChatCell.swift */,
			);
			path = Component;
			sourceTree = "<group>";
		};
		720763782DE448DD0017963C /* Chat */ = {
			isa = PBXGroup;
			children = (
				720763792DE4493A0017963C /* ChatView.swift */,
				7207637B2DE449D00017963C /* ChatReducer.swift */,
				7207637D2DE4C22A0017963C /* Component */,
			);
			path = Chat;
			sourceTree = "<group>";
		};
		7207637D2DE4C22A0017963C /* Component */ = {
			isa = PBXGroup;
			children = (
				7207637E2DE4C2350017963C /* ChatNavigationBar.swift */,
				720763802DE4C8020017963C /* ChatInputBar.swift */,
				720763822DE4C8600017963C /* TextBubble.swift */,
				720763842DE4C8BD0017963C /* ImageGridMessageView.swift */,
				720763862DE4CA020017963C /* ChatMessageListView.swift */,
				720763882DE4CC1F0017963C /* ChatMessageCellView.swift */,
				7207638A2DE4CD060017963C /* ImagePreviewView.swift */,
			);
			path = Component;
			sourceTree = "<group>";
		};
		720763A82DE57BB20017963C /* Network */ = {
			isa = PBXGroup;
			children = (
				720763AC2DE57D730017963C /* APIKey.swift */,
				720763AE2DE57F560017963C /* Provider */,
				720763C02DE5A57E0017963C /* API */,
				720763B62DE591170017963C /* Models */,
				720763B92DE59CB60017963C /* Header */,
				720763CC2DE5DFCB0017963C /* Query */,
				720763B12DE584600017963C /* Error */,
				720763DB2DE5F6A60017963C /* Interceptors */,
			);
			path = Network;
			sourceTree = "<group>";
		};
		720763AE2DE57F560017963C /* Provider */ = {
			isa = PBXGroup;
			children = (
				720763AF2DE57F690017963C /* NetworkProvider.swift */,
			);
			path = Provider;
			sourceTree = "<group>";
		};
		720763B12DE584600017963C /* Error */ = {
			isa = PBXGroup;
			children = (
				720763B42DE58C670017963C /* APIErrorMapper.swift */,
				720763B22DE584810017963C /* APIError.swift */,
			);
			path = Error;
			sourceTree = "<group>";
		};
		720763B62DE591170017963C /* Models */ = {
			isa = PBXGroup;
			children = (
				720763B72DE591250017963C /* ServerResponse.swift */,
				720764622DEC1B4F0017963C /* Protocol */,
				720763C42DE5A66B0017963C /* Requests */,
				720763C52DE5A6820017963C /* Responses */,
			);
			path = Models;
			sourceTree = "<group>";
		};
		720763B92DE59CB60017963C /* Header */ = {
			isa = PBXGroup;
			children = (
				720763BA2DE59CC50017963C /* HeaderKeyAndValue.swift */,
			);
			path = Header;
			sourceTree = "<group>";
		};
		720763C02DE5A57E0017963C /* API */ = {
			isa = PBXGroup;
			children = (
				720763C12DE5A5B60017963C /* OAuthAPI.swift */,
				720763CA2DE5DCD70017963C /* RecommandAPI.swift */,
				720764582DE830130017963C /* TokenAPI.swift */,
				7207645E2DEC19F60017963C /* UserAPI.swift */,
				720764672DEC1EB90017963C /* FeedAPI.swift */,
				7207646D2DEC25F40017963C /* MyStyleAPI.swift */,
				7207646F2DEC28980017963C /* LikeAPI.swift */,
				720764712DEC2B330017963C /* SearchAPI.swift */,
				720764732DEC2C170017963C /* FriendAPI.swift */,
				72F7D5B52E0E8A3E00B33ED8 /* PersonalAPI.swift */,
			);
			path = API;
			sourceTree = "<group>";
		};
		720763C42DE5A66B0017963C /* Requests */ = {
			isa = PBXGroup;
			children = (
				720763C62DE5A6AF0017963C /* SocialRequestBody.swift */,
				7207645A2DE8309B0017963C /* TokenRequestBody.swift */,
				720764602DEC1B220017963C /* UpdateMyImageRequestBody.swift */,
				720764652DEC1BEE0017963C /* UpdateMyProfileRequestBody.swift */,
				720764692DEC230A0017963C /* PostRequestBody.swift */,
				7207646B2DEC23E50017963C /* ReportRequestBody.swift */,
				72B819272E0EBAE900DE95EB /* PersonalAnalysisBody.swift */,
			);
			path = Requests;
			sourceTree = "<group>";
		};
		720763C52DE5A6820017963C /* Responses */ = {
			isa = PBXGroup;
			children = (
				720763C82DE5AC140017963C /* UserDTO.swift */,
				720763D72DE5E1A30017963C /* RecommandProductDTO.swift */,
				720763D92DE5E5200017963C /* ProductDTO.swift */,
				7207645C2DE831D80017963C /* TokenDTO.swift */,
				72B819252E0EB8B000DE95EB /* PersonalColorDTO.swift */,
				72B819312E12C88F00DE95EB /* ProfileDTO.swift */,
			);
			path = Responses;
			sourceTree = "<group>";
		};
		720763CC2DE5DFCB0017963C /* Query */ = {
			isa = PBXGroup;
			children = (
				720763CD2DE5DFD50017963C /* Protocol */,
				720763D02DE5E0190017963C /* QueryParameters.swift */,
			);
			path = Query;
			sourceTree = "<group>";
		};
		720763CD2DE5DFD50017963C /* Protocol */ = {
			isa = PBXGroup;
			children = (
				720763CE2DE5DFEA0017963C /* QueryStringProtocol.swift */,
			);
			path = Protocol;
			sourceTree = "<group>";
		};
		720763DB2DE5F6A60017963C /* Interceptors */ = {
			isa = PBXGroup;
			children = (
				720763DC2DE5F6B70017963C /* AccessTokenRetrier.swift */,
			);
			path = Interceptors;
			sourceTree = "<group>";
		};
		720764622DEC1B4F0017963C /* Protocol */ = {
			isa = PBXGroup;
			children = (
				720764632DEC1B570017963C /* MultipartFormDataConvertible.swift */,
			);
			path = Protocol;
			sourceTree = "<group>";
		};
		720765352E0BB7F90017963C /* Analyze */ = {
			isa = PBXGroup;
			children = (
				720765362E0BB8210017963C /* AnalyzeView.swift */,
				72AD634F2E0E2EF10078EB69 /* AnalyzeReducer.swift */,
				72AD63482E0BC4020078EB69 /* Component */,
				72AD63542E0E34610078EB69 /* CameraCaptureView.swift */,
			);
			path = Analyze;
			sourceTree = "<group>";
		};
		720F6B152DE03357006CF82C /* Profile */ = {
			isa = PBXGroup;
			children = (
				720F6B162DE0365F006CF82C /* ProfileView.swift */,
				72B8192F2E12C56E00DE95EB /* ProfileReducer.swift */,
				720F6B182DE036A0006CF82C /* Component */,
			);
			path = Profile;
			sourceTree = "<group>";
		};
		720F6B182DE036A0006CF82C /* Component */ = {
			isa = PBXGroup;
			children = (
				720F6B192DE036AE006CF82C /* ProfileContentView.swift */,
				720F6B1B2DE04F66006CF82C /* ProfileTabBar.swift */,
				72038C332DE05D32002669F5 /* EditProfileView.swift */,
				72038C352DE05F5A002669F5 /* EditProfileContentView.swift */,
				7207630B2DE064F80017963C /* ProfileRowItem.swift */,
				7207630D2DE0654E0017963C /* EditProfileInfoSection.swift */,
			);
			path = Component;
			sourceTree = "<group>";
		};
		72694A022DD9CF6400436EDF /* Home */ = {
			isa = PBXGroup;
			children = (
				72694A052DD9CFA200436EDF /* HomeView.swift */,
				72694A032DD9CF7500436EDF /* HomeReducer.swift */,
				72694A072DD9D43200436EDF /* Component */,
			);
			path = Home;
			sourceTree = "<group>";
		};
		72694A072DD9D43200436EDF /* Component */ = {
			isa = PBXGroup;
			children = (
				72694A0F2DDA08D100436EDF /* PersonalToneView.swift */,
				72694A212DDD9FE900436EDF /* SectionHomeHeader.swift */,
				72694A232DDDA19400436EDF /* RecommendSection.swift */,
				72694A272DDDA64B00436EDF /* StyleRecordSection.swift */,
				72694A292DDDA82D00436EDF /* SharedStyleSection.swift */,
				72694A2D2DDDBD6200436EDF /* TileGroupView.swift */,
			);
			path = Component;
			sourceTree = "<group>";
		};
		72694A0A2DD9DA3D00436EDF /* NavigationBar */ = {
			isa = PBXGroup;
			children = (
				72694A0B2DD9DA4D00436EDF /* CustomNavigationBar.swift */,
			);
			path = NavigationBar;
			sourceTree = "<group>";
		};
		72694A2F2DDEE7CC00436EDF /* Like */ = {
			isa = PBXGroup;
			children = (
				72694A302DDEECA000436EDF /* LikedView.swift */,
				72694A322DDEECC400436EDF /* LikeReducer.swift */,
				72694A342DDEF6E000436EDF /* Component */,
			);
			path = Like;
			sourceTree = "<group>";
		};
		72694A342DDEF6E000436EDF /* Component */ = {
			isa = PBXGroup;
			children = (
				72694A352DDEF74200436EDF /* LikedTabBar.swift */,
			);
			path = Component;
			sourceTree = "<group>";
		};
		72694A372DDEFA4800436EDF /* Image */ = {
			isa = PBXGroup;
			children = (
				72694A382DDEFA6300436EDF /* FeedImageTile.swift */,
			);
			path = Image;
			sourceTree = "<group>";
		};
		72694A3A2DDEFEDE00436EDF /* Cell */ = {
			isa = PBXGroup;
			children = (
				72694A252DDDA1F700436EDF /* ProductViewCell.swift */,
			);
			path = Cell;
			sourceTree = "<group>";
		};
		72694A3B2DDF087600436EDF /* View */ = {
			isa = PBXGroup;
			children = (
				72694A3C2DDF088600436EDF /* ThreeColumnGrid.swift */,
				72F7D5B32E0E70ED00B33ED8 /* CustomPhotoPicker.swift */,
			);
			path = View;
			sourceTree = "<group>";
		};
		72AD63482E0BC4020078EB69 /* Component */ = {
			isa = PBXGroup;
			children = (
				72AD63492E0BC4120078EB69 /* DecorativeCircle.swift */,
			);
			path = Component;
			sourceTree = "<group>";
		};
		72AD63512E0E30F10078EB69 /* AnalyzePersonal */ = {
			isa = PBXGroup;
			children = (
				72AD63522E0E311D0078EB69 /* ColorAnalysisClient.swift */,
			);
			path = AnalyzePersonal;
			sourceTree = "<group>";
		};
		72B819292E11787200DE95EB /* Tabbar */ = {
			isa = PBXGroup;
			children = (
				72B8192A2E11788800DE95EB /* CustomTabView.swift */,
			);
			path = Tabbar;
			sourceTree = "<group>";
		};
		72B819332E12CDFD00DE95EB /* Profile */ = {
			isa = PBXGroup;
			children = (
				72B819342E12CE2100DE95EB /* ProfileClient.swift */,
			);
			path = Profile;
			sourceTree = "<group>";
		};
		72BAA2DE2DD1DAED005E7B23 = {
			isa = PBXGroup;
			children = (
				7207641B2DE609870017963C /* Secretes.xcconfig */,
				72BAA32B2DD1DCEF005E7B23 /* .gitignore */,
				72BAA3192DD1DB03005E7B23 /* ToneUp */,
				72BAA31F2DD1DB08005E7B23 /* ToneUpTests */,
				72BAA3232DD1DB0C005E7B23 /* ToneUpUITests */,
				72BAA2E82DD1DAED005E7B23 /* Products */,
			);
			sourceTree = "<group>";
		};
		72BAA2E82DD1DAED005E7B23 /* Products */ = {
			isa = PBXGroup;
			children = (
				72BAA2E72DD1DAED005E7B23 /* ToneUp.app */,
				72BAA2F72DD1DAEF005E7B23 /* ToneUpTests.xctest */,
				72BAA3012DD1DAEF005E7B23 /* ToneUpUITests.xctest */,
			);
			name = Products;
			sourceTree = "<group>";
		};
		72BAA3152DD1DB03005E7B23 /* Preview Content */ = {
			isa = PBXGroup;
			children = (
				72BAA3142DD1DB03005E7B23 /* Preview Assets.xcassets */,
			);
			path = "Preview Content";
			sourceTree = "<group>";
		};
		72BAA3192DD1DB03005E7B23 /* ToneUp */ = {
			isa = PBXGroup;
			children = (
				720765072E02ED8D0017963C /* GoogleService-Info.plist */,
				72BAA35F2DD51484005E7B23 /* Info.plist */,
				72BAA3152DD1DB03005E7B23 /* Preview Content */,
				72BAA3262DD1DB5E005E7B23 /* Resources */,
				72BAA3272DD1DB65005E7B23 /* Sources */,
			);
			path = ToneUp;
			sourceTree = "<group>";
		};
		72BAA31F2DD1DB08005E7B23 /* ToneUpTests */ = {
			isa = PBXGroup;
			children = (
				72BAA31E2DD1DB08005E7B23 /* ToneUpTests.swift */,
			);
			path = ToneUpTests;
			sourceTree = "<group>";
		};
		72BAA3232DD1DB0C005E7B23 /* ToneUpUITests */ = {
			isa = PBXGroup;
			children = (
				72BAA3212DD1DB0C005E7B23 /* ToneUpUITests.swift */,
				72BAA3222DD1DB0C005E7B23 /* ToneUpUITestsLaunchTests.swift */,
			);
			path = ToneUpUITests;
			sourceTree = "<group>";
		};
		72BAA3262DD1DB5E005E7B23 /* Resources */ = {
			isa = PBXGroup;
			children = (
				72BAA3162DD1DB03005E7B23 /* Assets.xcassets */,
				72BAA3282DD1DB83005E7B23 /* Application */,
				72BAA32A2DD1DBC9005E7B23 /* Font */,
				72BAA3292DD1DBA9005E7B23 /* StoryBoards */,
			);
			path = Resources;
			sourceTree = "<group>";
		};
		72BAA3272DD1DB65005E7B23 /* Sources */ = {
			isa = PBXGroup;
			children = (
				72BAA3952DD716DE005E7B23 /* Features */,
				720763A82DE57BB20017963C /* Network */,
				72BAA4032DD8D9AC005E7B23 /* Models */,
				72BAA3972DD7170C005E7B23 /* Services */,
				72BAA3DA2DD74C8E005E7B23 /* Components */,
				72BAA3E42DD75C05005E7B23 /* Util */,
				72BAA3E82DD75DE9005E7B23 /* Extension */,
				72BAA3E12DD75AC1005E7B23 /* Modifier */,
			);
			path = Sources;
			sourceTree = "<group>";
		};
		72BAA3282DD1DB83005E7B23 /* Application */ = {
			isa = PBXGroup;
			children = (
				72BAA3182DD1DB03005E7B23 /* ToneUpApp.swift */,
			);
			path = Application;
			sourceTree = "<group>";
		};
		72BAA3952DD716DE005E7B23 /* Features */ = {
			isa = PBXGroup;
			children = (
				72B819292E11787200DE95EB /* Tabbar */,
				72BAA3962DD716EE005E7B23 /* Onboarding */,
				720765352E0BB7F90017963C /* Analyze */,
				72694A022DD9CF6400436EDF /* Home */,
				72694A2F2DDEE7CC00436EDF /* Like */,
				720F6B152DE03357006CF82C /* Profile */,
				7207632B2DE1E2540017963C /* PostDetail */,
				7207634A2DE2F7A80017963C /* Post */,
				720763702DE442B50017963C /* ChatList */,
			);
			path = Features;
			sourceTree = "<group>";
		};
		72BAA3962DD716EE005E7B23 /* Onboarding */ = {
			isa = PBXGroup;
			children = (
				72BAA3A62DD747E6005E7B23 /* OnboardingView.swift */,
				72BAA3FB2DD8D17B005E7B23 /* OnboardingReducer.swift */,
				72BAA3FE2DD8D8A6005E7B23 /* LoginOption.swift */,
				72BAA40A2DD8DA3B005E7B23 /* Component */,
			);
			path = Onboarding;
			sourceTree = "<group>";
		};
		72BAA3972DD7170C005E7B23 /* Services */ = {
			isa = PBXGroup;
			children = (
				72B819332E12CDFD00DE95EB /* Profile */,
				72AD63512E0E30F10078EB69 /* AnalyzePersonal */,
				72BAA4002DD8D8F3005E7B23 /* AuthClient */,
			);
			path = Services;
			sourceTree = "<group>";
		};
		72BAA3DA2DD74C8E005E7B23 /* Components */ = {
			isa = PBXGroup;
			children = (
				72694A3B2DDF087600436EDF /* View */,
				72694A3A2DDEFEDE00436EDF /* Cell */,
				72694A372DDEFA4800436EDF /* Image */,
				72694A0A2DD9DA3D00436EDF /* NavigationBar */,
				72BAA3DE2DD753DE005E7B23 /* Text */,
				72BAA3DB2DD74C96005E7B23 /* Button */,
			);
			path = Components;
			sourceTree = "<group>";
		};
		72BAA3DB2DD74C96005E7B23 /* Button */ = {
			isa = PBXGroup;
			children = (
				72BAA3DC2DD74CAB005E7B23 /* CommonButton.swift */,
			);
			path = Button;
			sourceTree = "<group>";
		};
		72BAA3DE2DD753DE005E7B23 /* Text */ = {
			isa = PBXGroup;
			children = (
				72BAA3DF2DD753FE005E7B23 /* CommonText.swift */,
			);
			path = Text;
			sourceTree = "<group>";
		};
		72BAA3E12DD75AC1005E7B23 /* Modifier */ = {
			isa = PBXGroup;
			children = (
				72BAA3E22DD75AD4005E7B23 /* CustomFontModifier.swift */,
				72694A0D2DD9E07800436EDF /* CustomNavigationBarModifier.swift */,
			);
			path = Modifier;
			sourceTree = "<group>";
		};
		72BAA3E42DD75C05005E7B23 /* Util */ = {
			isa = PBXGroup;
			children = (
				720763BE2DE5A0C50017963C /* UserDefaultsStorage.swift */,
				720763BC2DE59F230017963C /* KeychainManager.swift */,
				72BAA3E72DD75C24005E7B23 /* Enum */,
			);
			path = Util;
			sourceTree = "<group>";
		};
		72BAA3E72DD75C24005E7B23 /* Enum */ = {
			isa = PBXGroup;
			children = (
				72BAA3E52DD75C20005E7B23 /* AppText.swift */,
				72BAA3EB2DD76037005E7B23 /* ButtonTitle.swift */,
			);
			path = Enum;
			sourceTree = "<group>";
		};
		72BAA3E82DD75DE9005E7B23 /* Extension */ = {
			isa = PBXGroup;
			children = (
				72BAA3E92DD75E11005E7B23 /* Image+Extension.swift */,
				72694A2B2DDDBD3500436EDF /* Array+Extension.swift */,
			);
			path = Extension;
			sourceTree = "<group>";
		};
		72BAA4002DD8D8F3005E7B23 /* AuthClient */ = {
			isa = PBXGroup;
			children = (
				72BAA4012DD8D906005E7B23 /* AuthClient.swift */,
				7207641C2DE6DC090017963C /* NetworkProviderClient.swift */,
			);
			path = AuthClient;
			sourceTree = "<group>";
		};
		72BAA4032DD8D9AC005E7B23 /* Models */ = {
			isa = PBXGroup;
			children = (
				72BAA4042DD8D9B8005E7B23 /* User.swift */,
				72BAA4062DD8D9F3005E7B23 /* AuthError.swift */,
				72694A3E2DDF0A5900436EDF /* LikedTab.swift */,
				720F6B1D2DE04FA5006CF82C /* ProfileTab.swift */,
				720763762DE4447C0017963C /* ChatRoom.swift */,
			);
			path = Models;
			sourceTree = "<group>";
		};
		72BAA40A2DD8DA3B005E7B23 /* Component */ = {
			isa = PBXGroup;
			children = (
				72BAA4082DD8DA37005E7B23 /* LoginSheetView.swift */,
			);
			path = Component;
			sourceTree = "<group>";
		};
/* End PBXGroup section */

/* Begin PBXNativeTarget section */
		72BAA2E62DD1DAED005E7B23 /* ToneUp */ = {
			isa = PBXNativeTarget;
			buildConfigurationList = 72BAA30B2DD1DAEF005E7B23 /* Build configuration list for PBXNativeTarget "ToneUp" */;
			buildPhases = (
				72BAA2E32DD1DAED005E7B23 /* Sources */,
				72BAA2E42DD1DAED005E7B23 /* Frameworks */,
				72BAA2E52DD1DAED005E7B23 /* Resources */,
			);
			buildRules = (
			);
			dependencies = (
			);
			fileSystemSynchronizedGroups = (
				72BAA3292DD1DBA9005E7B23 /* StoryBoards */,
				72BAA32A2DD1DBC9005E7B23 /* Font */,
			);
			name = ToneUp;
			packageProductDependencies = (
				72BAA3932DD70903005E7B23 /* ComposableArchitecture */,
				720763AA2DE57D570017963C /* Moya */,
				720764172DE603CA0017963C /* GoogleSignIn */,
				720764192DE603CA0017963C /* GoogleSignInSwift */,
				7207650A2E02EE670017963C /* FirebaseAnalytics */,
			);
			productName = ToneUp;
			productReference = 72BAA2E72DD1DAED005E7B23 /* ToneUp.app */;
			productType = "com.apple.product-type.application";
		};
		72BAA2F62DD1DAEF005E7B23 /* ToneUpTests */ = {
			isa = PBXNativeTarget;
			buildConfigurationList = 72BAA30E2DD1DAEF005E7B23 /* Build configuration list for PBXNativeTarget "ToneUpTests" */;
			buildPhases = (
				72BAA2F32DD1DAEF005E7B23 /* Sources */,
				72BAA2F42DD1DAEF005E7B23 /* Frameworks */,
				72BAA2F52DD1DAEF005E7B23 /* Resources */,
			);
			buildRules = (
			);
			dependencies = (
				72BAA2F92DD1DAEF005E7B23 /* PBXTargetDependency */,
			);
			name = ToneUpTests;
			packageProductDependencies = (
			);
			productName = ToneUpTests;
			productReference = 72BAA2F72DD1DAEF005E7B23 /* ToneUpTests.xctest */;
			productType = "com.apple.product-type.bundle.unit-test";
		};
		72BAA3002DD1DAEF005E7B23 /* ToneUpUITests */ = {
			isa = PBXNativeTarget;
			buildConfigurationList = 72BAA3112DD1DAEF005E7B23 /* Build configuration list for PBXNativeTarget "ToneUpUITests" */;
			buildPhases = (
				72BAA2FD2DD1DAEF005E7B23 /* Sources */,
				72BAA2FE2DD1DAEF005E7B23 /* Frameworks */,
				72BAA2FF2DD1DAEF005E7B23 /* Resources */,
			);
			buildRules = (
			);
			dependencies = (
				72BAA3032DD1DAEF005E7B23 /* PBXTargetDependency */,
			);
			name = ToneUpUITests;
			packageProductDependencies = (
			);
			productName = ToneUpUITests;
			productReference = 72BAA3012DD1DAEF005E7B23 /* ToneUpUITests.xctest */;
			productType = "com.apple.product-type.bundle.ui-testing";
		};
/* End PBXNativeTarget section */

/* Begin PBXProject section */
		72BAA2DF2DD1DAED005E7B23 /* Project object */ = {
			isa = PBXProject;
			attributes = {
				BuildIndependentTargetsInParallel = 1;
				LastSwiftUpdateCheck = 1620;
				LastUpgradeCheck = 2600;
				TargetAttributes = {
					72BAA2E62DD1DAED005E7B23 = {
						CreatedOnToolsVersion = 16.2;
					};
					72BAA2F62DD1DAEF005E7B23 = {
						CreatedOnToolsVersion = 16.2;
						TestTargetID = 72BAA2E62DD1DAED005E7B23;
					};
					72BAA3002DD1DAEF005E7B23 = {
						CreatedOnToolsVersion = 16.2;
						TestTargetID = 72BAA2E62DD1DAED005E7B23;
					};
				};
			};
			buildConfigurationList = 72BAA2E22DD1DAED005E7B23 /* Build configuration list for PBXProject "ToneUp" */;
			developmentRegion = en;
			hasScannedForEncodings = 0;
			knownRegions = (
				en,
				Base,
			);
			mainGroup = 72BAA2DE2DD1DAED005E7B23;
			minimizedProjectReferenceProxies = 1;
			packageReferences = (
				72BAA3922DD70903005E7B23 /* XCRemoteSwiftPackageReference "swift-composable-architecture" */,
				720763A92DE57D570017963C /* XCRemoteSwiftPackageReference "Moya" */,
				720764162DE603CA0017963C /* XCRemoteSwiftPackageReference "GoogleSignIn-iOS" */,
				720765092E02EE670017963C /* XCRemoteSwiftPackageReference "firebase-ios-sdk" */,
			);
			preferredProjectObjectVersion = 77;
			productRefGroup = 72BAA2E82DD1DAED005E7B23 /* Products */;
			projectDirPath = "";
			projectRoot = "";
			targets = (
				72BAA2E62DD1DAED005E7B23 /* ToneUp */,
				72BAA2F62DD1DAEF005E7B23 /* ToneUpTests */,
				72BAA3002DD1DAEF005E7B23 /* ToneUpUITests */,
			);
		};
/* End PBXProject section */

/* Begin PBXResourcesBuildPhase section */
		72BAA2E52DD1DAED005E7B23 /* Resources */ = {
			isa = PBXResourcesBuildPhase;
			buildActionMask = 2147483647;
			files = (
				720765082E02ED8D0017963C /* GoogleService-Info.plist in Resources */,
				72BAA31A2DD1DB03005E7B23 /* Preview Assets.xcassets in Resources */,
				72BAA31B2DD1DB03005E7B23 /* Assets.xcassets in Resources */,
			);
			runOnlyForDeploymentPostprocessing = 0;
		};
		72BAA2F52DD1DAEF005E7B23 /* Resources */ = {
			isa = PBXResourcesBuildPhase;
			buildActionMask = 2147483647;
			files = (
			);
			runOnlyForDeploymentPostprocessing = 0;
		};
		72BAA2FF2DD1DAEF005E7B23 /* Resources */ = {
			isa = PBXResourcesBuildPhase;
			buildActionMask = 2147483647;
			files = (
			);
			runOnlyForDeploymentPostprocessing = 0;
		};
/* End PBXResourcesBuildPhase section */

/* Begin PBXSourcesBuildPhase section */
		72BAA2E32DD1DAED005E7B23 /* Sources */ = {
			isa = PBXSourcesBuildPhase;
			buildActionMask = 2147483647;
			files = (
				72694A242DDDA19400436EDF /* RecommendSection.swift in Sources */,
				7207630E2DE0654E0017963C /* EditProfileInfoSection.swift in Sources */,
				72BAA4052DD8D9B8005E7B23 /* User.swift in Sources */,
				72038C362DE05F5A002669F5 /* EditProfileContentView.swift in Sources */,
				72B819302E12C56E00DE95EB /* ProfileReducer.swift in Sources */,
				720763B82DE591250017963C /* ServerResponse.swift in Sources */,
				72B819262E0EB8B000DE95EB /* PersonalColorDTO.swift in Sources */,
				72AD634A2E0BC4120078EB69 /* DecorativeCircle.swift in Sources */,
				720763C22DE5A5B60017963C /* OAuthAPI.swift in Sources */,
				72694A2E2DDDBD6200436EDF /* TileGroupView.swift in Sources */,
				72BAA3E02DD753FE005E7B23 /* CommonText.swift in Sources */,
				72694A102DDA08D100436EDF /* PersonalToneView.swift in Sources */,
				720763512DE2FD4C0017963C /* TitleInputView.swift in Sources */,
				720764742DEC2C170017963C /* FriendAPI.swift in Sources */,
				720F6B1E2DE04FA5006CF82C /* ProfileTab.swift in Sources */,
				720763BF2DE5A0C50017963C /* UserDefaultsStorage.swift in Sources */,
				72BAA3E32DD75AD4005E7B23 /* CustomFontModifier.swift in Sources */,
				720763CB2DE5DCD70017963C /* RecommandAPI.swift in Sources */,
				720763812DE4C8020017963C /* ChatInputBar.swift in Sources */,
				7207634C2DE2F7BD0017963C /* StylePostView.swift in Sources */,
				72B819322E12C88F00DE95EB /* ProfileDTO.swift in Sources */,
				72BAA3EA2DD75E11005E7B23 /* Image+Extension.swift in Sources */,
				72694A062DD9CFA200436EDF /* HomeView.swift in Sources */,
				72B819282E0EBAE900DE95EB /* PersonalAnalysisBody.swift in Sources */,
				720764682DEC1EB90017963C /* FeedAPI.swift in Sources */,
				72BAA3FF2DD8D8A6005E7B23 /* LoginOption.swift in Sources */,
				720763C92DE5AC140017963C /* UserDTO.swift in Sources */,
				720764662DEC1BEE0017963C /* UpdateMyProfileRequestBody.swift in Sources */,
				72BAA4022DD8D906005E7B23 /* AuthClient.swift in Sources */,
				7207645F2DEC19F60017963C /* UserAPI.swift in Sources */,
				720763BD2DE59F230017963C /* KeychainManager.swift in Sources */,
				72694A332DDEECC400436EDF /* LikeReducer.swift in Sources */,
				720F6B1C2DE04F66006CF82C /* ProfileTabBar.swift in Sources */,
				72BAA4072DD8D9F3005E7B23 /* AuthError.swift in Sources */,
				720763B32DE584810017963C /* APIError.swift in Sources */,
				72F7D5B62E0E8A3E00B33ED8 /* PersonalAPI.swift in Sources */,
				72694A3F2DDF0A5900436EDF /* LikedTab.swift in Sources */,
				72694A2C2DDDBD3500436EDF /* Array+Extension.swift in Sources */,
				72694A0E2DD9E07800436EDF /* CustomNavigationBarModifier.swift in Sources */,
				720763722DE442C60017963C /* ChatListView.swift in Sources */,
				720763CF2DE5DFEA0017963C /* QueryStringProtocol.swift in Sources */,
				72694A222DDD9FE900436EDF /* SectionHomeHeader.swift in Sources */,
				72BAA3A72DD747E6005E7B23 /* OnboardingView.swift in Sources */,
				72BAA3EC2DD76037005E7B23 /* ButtonTitle.swift in Sources */,
				72694A2A2DDDA82D00436EDF /* SharedStyleSection.swift in Sources */,
				720764702DEC28980017963C /* LikeAPI.swift in Sources */,
				720763C72DE5A6AF0017963C /* SocialRequestBody.swift in Sources */,
				720764592DE830130017963C /* TokenAPI.swift in Sources */,
				72B8192B2E11788800DE95EB /* CustomTabView.swift in Sources */,
				7207634F2DE2FA840017963C /* ImagePickerSection.swift in Sources */,
				7207646A2DEC230A0017963C /* PostRequestBody.swift in Sources */,
				7207641D2DE6DC090017963C /* NetworkProviderClient.swift in Sources */,
				7207637C2DE449D00017963C /* ChatReducer.swift in Sources */,
				720764612DEC1B220017963C /* UpdateMyImageRequestBody.swift in Sources */,
				720763B02DE57F690017963C /* NetworkProvider.swift in Sources */,
				72694A362DDEF74200436EDF /* LikedTabBar.swift in Sources */,
				720763D82DE5E1A30017963C /* RecommandProductDTO.swift in Sources */,
				72B819352E12CE2100DE95EB /* ProfileClient.swift in Sources */,
				72BAA3DD2DD74CAB005E7B23 /* CommonButton.swift in Sources */,
				720763D12DE5E0190017963C /* QueryParameters.swift in Sources */,
				72AD63552E0E34610078EB69 /* CameraCaptureView.swift in Sources */,
				7207646C2DEC23E50017963C /* ReportRequestBody.swift in Sources */,
				720763872DE4CA020017963C /* ChatMessageListView.swift in Sources */,
				72694A392DDEFA6300436EDF /* FeedImageTile.swift in Sources */,
				72AD63502E0E2EF10078EB69 /* AnalyzeReducer.swift in Sources */,
				720763892DE4CC1F0017963C /* ChatMessageCellView.swift in Sources */,
				7207645D2DE831D80017963C /* TokenDTO.swift in Sources */,
				72694A282DDDA64B00436EDF /* StyleRecordSection.swift in Sources */,
				72BAA4092DD8DA37005E7B23 /* LoginSheetView.swift in Sources */,
				72BAA3FC2DD8D17B005E7B23 /* OnboardingReducer.swift in Sources */,
				720763852DE4C8BD0017963C /* ImageGridMessageView.swift in Sources */,
				7207638B2DE4CD060017963C /* ImagePreviewView.swift in Sources */,
				720763B52DE58C670017963C /* APIErrorMapper.swift in Sources */,
				7207637F2DE4C2350017963C /* ChatNavigationBar.swift in Sources */,
				72AD63532E0E311D0078EB69 /* ColorAnalysisClient.swift in Sources */,
				720F6B172DE0365F006CF82C /* ProfileView.swift in Sources */,
				7207645B2DE8309B0017963C /* TokenRequestBody.swift in Sources */,
				720765372E0BB8210017963C /* AnalyzeView.swift in Sources */,
				7207646E2DEC25F40017963C /* MyStyleAPI.swift in Sources */,
				720F6B1A2DE036AE006CF82C /* ProfileContentView.swift in Sources */,
				72694A262DDDA1F700436EDF /* ProductViewCell.swift in Sources */,
				720763532DE2FD930017963C /* DescriptionInputView.swift in Sources */,
				72694A0C2DD9DA4D00436EDF /* CustomNavigationBar.swift in Sources */,
				720763DD2DE5F6B70017963C /* AccessTokenRetrier.swift in Sources */,
				720763772DE4447C0017963C /* ChatRoom.swift in Sources */,
				72038C342DE05D32002669F5 /* EditProfileView.swift in Sources */,
				720763BB2DE59CC50017963C /* HeaderKeyAndValue.swift in Sources */,
				720763832DE4C8600017963C /* TextBubble.swift in Sources */,
				720764722DEC2B330017963C /* SearchAPI.swift in Sources */,
				720764642DEC1B570017963C /* MultipartFormDataConvertible.swift in Sources */,
				72BAA3E62DD75C20005E7B23 /* AppText.swift in Sources */,
				72F7D5B42E0E70ED00B33ED8 /* CustomPhotoPicker.swift in Sources */,
				7207637A2DE4493A0017963C /* ChatView.swift in Sources */,
				720763752DE444460017963C /* ChatCell.swift in Sources */,
				72694A3D2DDF088600436EDF /* ThreeColumnGrid.swift in Sources */,
				720763AD2DE57D730017963C /* APIKey.swift in Sources */,
				720763DA2DE5E5200017963C /* ProductDTO.swift in Sources */,
				72BAA31D2DD1DB03005E7B23 /* ToneUpApp.swift in Sources */,
				72694A312DDEECA000436EDF /* LikedView.swift in Sources */,
				7207632D2DE1E26E0017963C /* PostDetailView.swift in Sources */,
				72694A042DD9CF7500436EDF /* HomeReducer.swift in Sources */,
				7207630C2DE064F80017963C /* ProfileRowItem.swift in Sources */,
			);
			runOnlyForDeploymentPostprocessing = 0;
		};
		72BAA2F32DD1DAEF005E7B23 /* Sources */ = {
			isa = PBXSourcesBuildPhase;
			buildActionMask = 2147483647;
			files = (
				72BAA3202DD1DB08005E7B23 /* ToneUpTests.swift in Sources */,
			);
			runOnlyForDeploymentPostprocessing = 0;
		};
		72BAA2FD2DD1DAEF005E7B23 /* Sources */ = {
			isa = PBXSourcesBuildPhase;
			buildActionMask = 2147483647;
			files = (
				72BAA3242DD1DB0C005E7B23 /* ToneUpUITests.swift in Sources */,
				72BAA3252DD1DB0C005E7B23 /* ToneUpUITestsLaunchTests.swift in Sources */,
			);
			runOnlyForDeploymentPostprocessing = 0;
		};
/* End PBXSourcesBuildPhase section */

/* Begin PBXTargetDependency section */
		72BAA2F92DD1DAEF005E7B23 /* PBXTargetDependency */ = {
			isa = PBXTargetDependency;
			target = 72BAA2E62DD1DAED005E7B23 /* ToneUp */;
			targetProxy = 72BAA2F82DD1DAEF005E7B23 /* PBXContainerItemProxy */;
		};
		72BAA3032DD1DAEF005E7B23 /* PBXTargetDependency */ = {
			isa = PBXTargetDependency;
			target = 72BAA2E62DD1DAED005E7B23 /* ToneUp */;
			targetProxy = 72BAA3022DD1DAEF005E7B23 /* PBXContainerItemProxy */;
		};
/* End PBXTargetDependency section */

/* Begin XCBuildConfiguration section */
		72BAA3092DD1DAEF005E7B23 /* Debug */ = {
			isa = XCBuildConfiguration;
			baseConfigurationReference = 7207641B2DE609870017963C /* Secretes.xcconfig */;
			buildSettings = {
				ALWAYS_SEARCH_USER_PATHS = NO;
				ASSETCATALOG_COMPILER_GENERATE_SWIFT_ASSET_SYMBOL_EXTENSIONS = YES;
				CLANG_ANALYZER_NONNULL = YES;
				CLANG_ANALYZER_NUMBER_OBJECT_CONVERSION = YES_AGGRESSIVE;
				CLANG_CXX_LANGUAGE_STANDARD = "gnu++20";
				CLANG_ENABLE_MODULES = YES;
				CLANG_ENABLE_OBJC_ARC = YES;
				CLANG_ENABLE_OBJC_WEAK = YES;
				CLANG_WARN_BLOCK_CAPTURE_AUTORELEASING = YES;
				CLANG_WARN_BOOL_CONVERSION = YES;
				CLANG_WARN_COMMA = YES;
				CLANG_WARN_CONSTANT_CONVERSION = YES;
				CLANG_WARN_DEPRECATED_OBJC_IMPLEMENTATIONS = YES;
				CLANG_WARN_DIRECT_OBJC_ISA_USAGE = YES_ERROR;
				CLANG_WARN_DOCUMENTATION_COMMENTS = YES;
				CLANG_WARN_EMPTY_BODY = YES;
				CLANG_WARN_ENUM_CONVERSION = YES;
				CLANG_WARN_INFINITE_RECURSION = YES;
				CLANG_WARN_INT_CONVERSION = YES;
				CLANG_WARN_NON_LITERAL_NULL_CONVERSION = YES;
				CLANG_WARN_OBJC_IMPLICIT_RETAIN_SELF = YES;
				CLANG_WARN_OBJC_LITERAL_CONVERSION = YES;
				CLANG_WARN_OBJC_ROOT_CLASS = YES_ERROR;
				CLANG_WARN_QUOTED_INCLUDE_IN_FRAMEWORK_HEADER = YES;
				CLANG_WARN_RANGE_LOOP_ANALYSIS = YES;
				CLANG_WARN_STRICT_PROTOTYPES = YES;
				CLANG_WARN_SUSPICIOUS_MOVE = YES;
				CLANG_WARN_UNGUARDED_AVAILABILITY = YES_AGGRESSIVE;
				CLANG_WARN_UNREACHABLE_CODE = YES;
				CLANG_WARN__DUPLICATE_METHOD_MATCH = YES;
				COPY_PHASE_STRIP = NO;
				DEBUG_INFORMATION_FORMAT = dwarf;
				ENABLE_STRICT_OBJC_MSGSEND = YES;
				ENABLE_TESTABILITY = YES;
				ENABLE_USER_SCRIPT_SANDBOXING = YES;
				GCC_C_LANGUAGE_STANDARD = gnu17;
				GCC_DYNAMIC_NO_PIC = NO;
				GCC_NO_COMMON_BLOCKS = YES;
				GCC_OPTIMIZATION_LEVEL = 0;
				GCC_PREPROCESSOR_DEFINITIONS = (
					"DEBUG=1",
					"$(inherited)",
				);
				GCC_WARN_64_TO_32_BIT_CONVERSION = YES;
				GCC_WARN_ABOUT_RETURN_TYPE = YES_ERROR;
				GCC_WARN_UNDECLARED_SELECTOR = YES;
				GCC_WARN_UNINITIALIZED_AUTOS = YES_AGGRESSIVE;
				GCC_WARN_UNUSED_FUNCTION = YES;
				GCC_WARN_UNUSED_VARIABLE = YES;
				IPHONEOS_DEPLOYMENT_TARGET = 18.2;
				LOCALIZATION_PREFERS_STRING_CATALOGS = YES;
				MTL_ENABLE_DEBUG_INFO = INCLUDE_SOURCE;
				MTL_FAST_MATH = YES;
				ONLY_ACTIVE_ARCH = YES;
				SDKROOT = iphoneos;
				STRING_CATALOG_GENERATE_SYMBOLS = YES;
				SWIFT_ACTIVE_COMPILATION_CONDITIONS = "DEBUG $(inherited)";
				SWIFT_OPTIMIZATION_LEVEL = "-Onone";
			};
			name = Debug;
		};
		72BAA30A2DD1DAEF005E7B23 /* Release */ = {
			isa = XCBuildConfiguration;
			baseConfigurationReference = 7207641B2DE609870017963C /* Secretes.xcconfig */;
			buildSettings = {
				ALWAYS_SEARCH_USER_PATHS = NO;
				ASSETCATALOG_COMPILER_GENERATE_SWIFT_ASSET_SYMBOL_EXTENSIONS = YES;
				CLANG_ANALYZER_NONNULL = YES;
				CLANG_ANALYZER_NUMBER_OBJECT_CONVERSION = YES_AGGRESSIVE;
				CLANG_CXX_LANGUAGE_STANDARD = "gnu++20";
				CLANG_ENABLE_MODULES = YES;
				CLANG_ENABLE_OBJC_ARC = YES;
				CLANG_ENABLE_OBJC_WEAK = YES;
				CLANG_WARN_BLOCK_CAPTURE_AUTORELEASING = YES;
				CLANG_WARN_BOOL_CONVERSION = YES;
				CLANG_WARN_COMMA = YES;
				CLANG_WARN_CONSTANT_CONVERSION = YES;
				CLANG_WARN_DEPRECATED_OBJC_IMPLEMENTATIONS = YES;
				CLANG_WARN_DIRECT_OBJC_ISA_USAGE = YES_ERROR;
				CLANG_WARN_DOCUMENTATION_COMMENTS = YES;
				CLANG_WARN_EMPTY_BODY = YES;
				CLANG_WARN_ENUM_CONVERSION = YES;
				CLANG_WARN_INFINITE_RECURSION = YES;
				CLANG_WARN_INT_CONVERSION = YES;
				CLANG_WARN_NON_LITERAL_NULL_CONVERSION = YES;
				CLANG_WARN_OBJC_IMPLICIT_RETAIN_SELF = YES;
				CLANG_WARN_OBJC_LITERAL_CONVERSION = YES;
				CLANG_WARN_OBJC_ROOT_CLASS = YES_ERROR;
				CLANG_WARN_QUOTED_INCLUDE_IN_FRAMEWORK_HEADER = YES;
				CLANG_WARN_RANGE_LOOP_ANALYSIS = YES;
				CLANG_WARN_STRICT_PROTOTYPES = YES;
				CLANG_WARN_SUSPICIOUS_MOVE = YES;
				CLANG_WARN_UNGUARDED_AVAILABILITY = YES_AGGRESSIVE;
				CLANG_WARN_UNREACHABLE_CODE = YES;
				CLANG_WARN__DUPLICATE_METHOD_MATCH = YES;
				COPY_PHASE_STRIP = NO;
				DEBUG_INFORMATION_FORMAT = "dwarf-with-dsym";
				ENABLE_NS_ASSERTIONS = NO;
				ENABLE_STRICT_OBJC_MSGSEND = YES;
				ENABLE_USER_SCRIPT_SANDBOXING = YES;
				GCC_C_LANGUAGE_STANDARD = gnu17;
				GCC_NO_COMMON_BLOCKS = YES;
				GCC_WARN_64_TO_32_BIT_CONVERSION = YES;
				GCC_WARN_ABOUT_RETURN_TYPE = YES_ERROR;
				GCC_WARN_UNDECLARED_SELECTOR = YES;
				GCC_WARN_UNINITIALIZED_AUTOS = YES_AGGRESSIVE;
				GCC_WARN_UNUSED_FUNCTION = YES;
				GCC_WARN_UNUSED_VARIABLE = YES;
				IPHONEOS_DEPLOYMENT_TARGET = 18.2;
				LOCALIZATION_PREFERS_STRING_CATALOGS = YES;
				MTL_ENABLE_DEBUG_INFO = NO;
				MTL_FAST_MATH = YES;
				SDKROOT = iphoneos;
				STRING_CATALOG_GENERATE_SYMBOLS = YES;
				SWIFT_COMPILATION_MODE = wholemodule;
				VALIDATE_PRODUCT = YES;
			};
			name = Release;
		};
		72BAA30C2DD1DAEF005E7B23 /* Debug */ = {
			isa = XCBuildConfiguration;
			buildSettings = {
				ASSETCATALOG_COMPILER_APPICON_NAME = AppIcon;
				ASSETCATALOG_COMPILER_GLOBAL_ACCENT_COLOR_NAME = AccentColor;
				CODE_SIGN_IDENTITY = "Apple Development";
				"CODE_SIGN_IDENTITY[sdk=iphoneos*]" = "iPhone Distribution";
				CODE_SIGN_STYLE = Manual;
				CURRENT_PROJECT_VERSION = 1;
				DEVELOPMENT_ASSET_PATHS = "\"ToneUp/Preview Content\"";
				DEVELOPMENT_TEAM = "";
				"DEVELOPMENT_TEAM[sdk=iphoneos*]" = QQN262X7KM;
				ENABLE_PREVIEWS = YES;
				GENERATE_INFOPLIST_FILE = YES;
				INFOPLIST_FILE = ToneUp/Info.plist;
				INFOPLIST_KEY_CFBundleDisplayName = "";
				INFOPLIST_KEY_LSApplicationCategoryType = "";
				INFOPLIST_KEY_UIApplicationSceneManifest_Generation = YES;
				INFOPLIST_KEY_UIApplicationSupportsIndirectInputEvents = YES;
				INFOPLIST_KEY_UILaunchScreen_Generation = YES;
				INFOPLIST_KEY_UISupportedInterfaceOrientations = UIInterfaceOrientationPortrait;
				INFOPLIST_KEY_UISupportedInterfaceOrientations_iPad = UIInterfaceOrientationPortrait;
				IPHONEOS_DEPLOYMENT_TARGET = 18.2;
				LD_RUNPATH_SEARCH_PATHS = (
					"$(inherited)",
					"@executable_path/Frameworks",
				);
				MARKETING_VERSION = 1.0.2;
				PRODUCT_BUNDLE_IDENTIFIER = com.jun.ToneUp;
				PRODUCT_NAME = "$(TARGET_NAME)";
				PROVISIONING_PROFILE_SPECIFIER = "";
				"PROVISIONING_PROFILE_SPECIFIER[sdk=iphoneos*]" = "match AppStore com.jun.ToneUp 1747305583";
				SUPPORTED_PLATFORMS = "iphoneos iphonesimulator";
				SUPPORTS_MACCATALYST = NO;
				SUPPORTS_MAC_DESIGNED_FOR_IPHONE_IPAD = NO;
				SUPPORTS_XR_DESIGNED_FOR_IPHONE_IPAD = NO;
				SWIFT_EMIT_LOC_STRINGS = YES;
				SWIFT_VERSION = 5.0;
				TARGETED_DEVICE_FAMILY = 1;
			};
			name = Debug;
		};
		72BAA30D2DD1DAEF005E7B23 /* Release */ = {
			isa = XCBuildConfiguration;
			buildSettings = {
				ASSETCATALOG_COMPILER_APPICON_NAME = AppIcon;
				ASSETCATALOG_COMPILER_GLOBAL_ACCENT_COLOR_NAME = AccentColor;
				CODE_SIGN_IDENTITY = "Apple Development";
				"CODE_SIGN_IDENTITY[sdk=iphoneos*]" = "iPhone Distribution";
				CODE_SIGN_STYLE = Manual;
				CURRENT_PROJECT_VERSION = 1;
				DEVELOPMENT_ASSET_PATHS = "\"ToneUp/Preview Content\"";
				DEVELOPMENT_TEAM = "";
				"DEVELOPMENT_TEAM[sdk=iphoneos*]" = QQN262X7KM;
				ENABLE_PREVIEWS = YES;
				GENERATE_INFOPLIST_FILE = YES;
				INFOPLIST_FILE = ToneUp/Info.plist;
				INFOPLIST_KEY_CFBundleDisplayName = "";
				INFOPLIST_KEY_LSApplicationCategoryType = "";
				INFOPLIST_KEY_UIApplicationSceneManifest_Generation = YES;
				INFOPLIST_KEY_UIApplicationSupportsIndirectInputEvents = YES;
				INFOPLIST_KEY_UILaunchScreen_Generation = YES;
				INFOPLIST_KEY_UISupportedInterfaceOrientations = UIInterfaceOrientationPortrait;
				INFOPLIST_KEY_UISupportedInterfaceOrientations_iPad = UIInterfaceOrientationPortrait;
				IPHONEOS_DEPLOYMENT_TARGET = 18.2;
				LD_RUNPATH_SEARCH_PATHS = (
					"$(inherited)",
					"@executable_path/Frameworks",
				);
				MARKETING_VERSION = 1.0.2;
				PRODUCT_BUNDLE_IDENTIFIER = com.jun.ToneUp;
				PRODUCT_NAME = "$(TARGET_NAME)";
				PROVISIONING_PROFILE_SPECIFIER = "";
				"PROVISIONING_PROFILE_SPECIFIER[sdk=iphoneos*]" = "match AppStore com.jun.ToneUp 1747305583";
				SUPPORTED_PLATFORMS = "iphoneos iphonesimulator";
				SUPPORTS_MACCATALYST = NO;
				SUPPORTS_MAC_DESIGNED_FOR_IPHONE_IPAD = NO;
				SUPPORTS_XR_DESIGNED_FOR_IPHONE_IPAD = NO;
				SWIFT_EMIT_LOC_STRINGS = YES;
				SWIFT_VERSION = 5.0;
				TARGETED_DEVICE_FAMILY = 1;
			};
			name = Release;
		};
		72BAA30F2DD1DAEF005E7B23 /* Debug */ = {
			isa = XCBuildConfiguration;
			buildSettings = {
				BUNDLE_LOADER = "$(TEST_HOST)";
				CODE_SIGN_STYLE = Automatic;
				CURRENT_PROJECT_VERSION = 1;
				DEVELOPMENT_TEAM = QQN262X7KM;
				GENERATE_INFOPLIST_FILE = YES;
				IPHONEOS_DEPLOYMENT_TARGET = 17.0;
				MARKETING_VERSION = 1.0;
				PRODUCT_BUNDLE_IDENTIFIER = com.Jun.ToneUpTests;
				PRODUCT_NAME = "$(TARGET_NAME)";
				SUPPORTED_PLATFORMS = "iphoneos iphonesimulator";
				SUPPORTS_MACCATALYST = NO;
				SUPPORTS_MAC_DESIGNED_FOR_IPHONE_IPAD = NO;
				SUPPORTS_XR_DESIGNED_FOR_IPHONE_IPAD = NO;
				SWIFT_EMIT_LOC_STRINGS = NO;
				SWIFT_VERSION = 5.0;
				TARGETED_DEVICE_FAMILY = 1;
				TEST_HOST = "$(BUILT_PRODUCTS_DIR)/ToneUp.app/$(BUNDLE_EXECUTABLE_FOLDER_PATH)/ToneUp";
			};
			name = Debug;
		};
		72BAA3102DD1DAEF005E7B23 /* Release */ = {
			isa = XCBuildConfiguration;
			buildSettings = {
				BUNDLE_LOADER = "$(TEST_HOST)";
				CODE_SIGN_STYLE = Automatic;
				CURRENT_PROJECT_VERSION = 1;
				DEVELOPMENT_TEAM = QQN262X7KM;
				GENERATE_INFOPLIST_FILE = YES;
				IPHONEOS_DEPLOYMENT_TARGET = 17.0;
				MARKETING_VERSION = 1.0;
				PRODUCT_BUNDLE_IDENTIFIER = com.Jun.ToneUpTests;
				PRODUCT_NAME = "$(TARGET_NAME)";
				SUPPORTED_PLATFORMS = "iphoneos iphonesimulator";
				SUPPORTS_MACCATALYST = NO;
				SUPPORTS_MAC_DESIGNED_FOR_IPHONE_IPAD = NO;
				SUPPORTS_XR_DESIGNED_FOR_IPHONE_IPAD = NO;
				SWIFT_EMIT_LOC_STRINGS = NO;
				SWIFT_VERSION = 5.0;
				TARGETED_DEVICE_FAMILY = 1;
				TEST_HOST = "$(BUILT_PRODUCTS_DIR)/ToneUp.app/$(BUNDLE_EXECUTABLE_FOLDER_PATH)/ToneUp";
			};
			name = Release;
		};
		72BAA3122DD1DAEF005E7B23 /* Debug */ = {
			isa = XCBuildConfiguration;
			buildSettings = {
				CODE_SIGN_STYLE = Automatic;
				CURRENT_PROJECT_VERSION = 1;
				DEVELOPMENT_TEAM = QQN262X7KM;
				GENERATE_INFOPLIST_FILE = YES;
				IPHONEOS_DEPLOYMENT_TARGET = 17.0;
				MARKETING_VERSION = 1.0;
				PRODUCT_BUNDLE_IDENTIFIER = com.Jun.ToneUpUITests;
				PRODUCT_NAME = "$(TARGET_NAME)";
				SUPPORTED_PLATFORMS = "iphoneos iphonesimulator";
				SUPPORTS_MACCATALYST = NO;
				SUPPORTS_MAC_DESIGNED_FOR_IPHONE_IPAD = NO;
				SUPPORTS_XR_DESIGNED_FOR_IPHONE_IPAD = NO;
				SWIFT_EMIT_LOC_STRINGS = NO;
				SWIFT_VERSION = 5.0;
				TARGETED_DEVICE_FAMILY = 1;
				TEST_TARGET_NAME = ToneUp;
			};
			name = Debug;
		};
		72BAA3132DD1DAEF005E7B23 /* Release */ = {
			isa = XCBuildConfiguration;
			buildSettings = {
				CODE_SIGN_STYLE = Automatic;
				CURRENT_PROJECT_VERSION = 1;
				DEVELOPMENT_TEAM = QQN262X7KM;
				GENERATE_INFOPLIST_FILE = YES;
				IPHONEOS_DEPLOYMENT_TARGET = 17.0;
				MARKETING_VERSION = 1.0;
				PRODUCT_BUNDLE_IDENTIFIER = com.Jun.ToneUpUITests;
				PRODUCT_NAME = "$(TARGET_NAME)";
				SUPPORTED_PLATFORMS = "iphoneos iphonesimulator";
				SUPPORTS_MACCATALYST = NO;
				SUPPORTS_MAC_DESIGNED_FOR_IPHONE_IPAD = NO;
				SUPPORTS_XR_DESIGNED_FOR_IPHONE_IPAD = NO;
				SWIFT_EMIT_LOC_STRINGS = NO;
				SWIFT_VERSION = 5.0;
				TARGETED_DEVICE_FAMILY = 1;
				TEST_TARGET_NAME = ToneUp;
			};
			name = Release;
		};
/* End XCBuildConfiguration section */

/* Begin XCConfigurationList section */
		72BAA2E22DD1DAED005E7B23 /* Build configuration list for PBXProject "ToneUp" */ = {
			isa = XCConfigurationList;
			buildConfigurations = (
				72BAA3092DD1DAEF005E7B23 /* Debug */,
				72BAA30A2DD1DAEF005E7B23 /* Release */,
			);
			defaultConfigurationIsVisible = 0;
			defaultConfigurationName = Release;
		};
		72BAA30B2DD1DAEF005E7B23 /* Build configuration list for PBXNativeTarget "ToneUp" */ = {
			isa = XCConfigurationList;
			buildConfigurations = (
				72BAA30C2DD1DAEF005E7B23 /* Debug */,
				72BAA30D2DD1DAEF005E7B23 /* Release */,
			);
			defaultConfigurationIsVisible = 0;
			defaultConfigurationName = Release;
		};
		72BAA30E2DD1DAEF005E7B23 /* Build configuration list for PBXNativeTarget "ToneUpTests" */ = {
			isa = XCConfigurationList;
			buildConfigurations = (
				72BAA30F2DD1DAEF005E7B23 /* Debug */,
				72BAA3102DD1DAEF005E7B23 /* Release */,
			);
			defaultConfigurationIsVisible = 0;
			defaultConfigurationName = Release;
		};
		72BAA3112DD1DAEF005E7B23 /* Build configuration list for PBXNativeTarget "ToneUpUITests" */ = {
			isa = XCConfigurationList;
			buildConfigurations = (
				72BAA3122DD1DAEF005E7B23 /* Debug */,
				72BAA3132DD1DAEF005E7B23 /* Release */,
			);
			defaultConfigurationIsVisible = 0;
			defaultConfigurationName = Release;
		};
/* End XCConfigurationList section */

/* Begin XCRemoteSwiftPackageReference section */
		720763A92DE57D570017963C /* XCRemoteSwiftPackageReference "Moya" */ = {
			isa = XCRemoteSwiftPackageReference;
			repositoryURL = "https://github.com/Moya/Moya.git";
			requirement = {
				kind = upToNextMajorVersion;
				minimumVersion = 15.0.3;
			};
		};
		720764162DE603CA0017963C /* XCRemoteSwiftPackageReference "GoogleSignIn-iOS" */ = {
			isa = XCRemoteSwiftPackageReference;
			repositoryURL = "https://github.com/google/GoogleSignIn-iOS";
			requirement = {
				kind = upToNextMajorVersion;
				minimumVersion = 8.0.0;
			};
		};
		720765092E02EE670017963C /* XCRemoteSwiftPackageReference "firebase-ios-sdk" */ = {
			isa = XCRemoteSwiftPackageReference;
			repositoryURL = "https://github.com/firebase/firebase-ios-sdk";
			requirement = {
				kind = upToNextMajorVersion;
				minimumVersion = 11.14.0;
			};
		};
		72BAA3922DD70903005E7B23 /* XCRemoteSwiftPackageReference "swift-composable-architecture" */ = {
			isa = XCRemoteSwiftPackageReference;
			repositoryURL = "https://github.com/pointfreeco/swift-composable-architecture.git";
			requirement = {
				kind = upToNextMajorVersion;
				minimumVersion = 1.19.1;
			};
		};
/* End XCRemoteSwiftPackageReference section */

/* Begin XCSwiftPackageProductDependency section */
		720763AA2DE57D570017963C /* Moya */ = {
			isa = XCSwiftPackageProductDependency;
			package = 720763A92DE57D570017963C /* XCRemoteSwiftPackageReference "Moya" */;
			productName = Moya;
		};
		720764172DE603CA0017963C /* GoogleSignIn */ = {
			isa = XCSwiftPackageProductDependency;
			package = 720764162DE603CA0017963C /* XCRemoteSwiftPackageReference "GoogleSignIn-iOS" */;
			productName = GoogleSignIn;
		};
		720764192DE603CA0017963C /* GoogleSignInSwift */ = {
			isa = XCSwiftPackageProductDependency;
			package = 720764162DE603CA0017963C /* XCRemoteSwiftPackageReference "GoogleSignIn-iOS" */;
			productName = GoogleSignInSwift;
		};
		7207650A2E02EE670017963C /* FirebaseAnalytics */ = {
			isa = XCSwiftPackageProductDependency;
			package = 720765092E02EE670017963C /* XCRemoteSwiftPackageReference "firebase-ios-sdk" */;
			productName = FirebaseAnalytics;
		};
		72BAA3932DD70903005E7B23 /* ComposableArchitecture */ = {
			isa = XCSwiftPackageProductDependency;
			package = 72BAA3922DD70903005E7B23 /* XCRemoteSwiftPackageReference "swift-composable-architecture" */;
			productName = ComposableArchitecture;
		};
/* End XCSwiftPackageProductDependency section */
	};
	rootObject = 72BAA2DF2DD1DAED005E7B23 /* Project object */;
}
