// !$*UTF8*$!
{
	archiveVersion = 1;
	classes = {
	};
	objectVersion = 77;
	objects = {

/* Begin PBXBuildFile section */
		72BAA31A2DD1DB03005E7B23 /* Preview Assets.xcassets in Resources */ = {isa = PBXBuildFile; fileRef = 72BAA3142DD1DB03005E7B23 /* Preview Assets.xcassets */; };
		72BAA31B2DD1DB03005E7B23 /* Assets.xcassets in Resources */ = {isa = PBXBuildFile; fileRef = 72BAA3162DD1DB03005E7B23 /* Assets.xcassets */; };
		72BAA31C2DD1DB03005E7B23 /* ContentView.swift in Sources */ = {isa = PBXBuildFile; fileRef = 72BAA3172DD1DB03005E7B23 /* ContentView.swift */; };
		72BAA31D2DD1DB03005E7B23 /* ToneUpApp.swift in Sources */ = {isa = PBXBuildFile; fileRef = 72BAA3182DD1DB03005E7B23 /* ToneUpApp.swift */; };
		72BAA3202DD1DB08005E7B23 /* ToneUpTests.swift in Sources */ = {isa = PBXBuildFile; fileRef = 72BAA31E2DD1DB08005E7B23 /* ToneUpTests.swift */; };
		72BAA3242DD1DB0C005E7B23 /* ToneUpUITests.swift in Sources */ = {isa = PBXBuildFile; fileRef = 72BAA3212DD1DB0C005E7B23 /* ToneUpUITests.swift */; };
		72BAA3252DD1DB0C005E7B23 /* ToneUpUITestsLaunchTests.swift in Sources */ = {isa = PBXBuildFile; fileRef = 72BAA3222DD1DB0C005E7B23 /* ToneUpUITestsLaunchTests.swift */; };
/* End PBXBuildFile section */

/* Begin PBXContainerItemProxy section */
		72BAA2F82DD1DAEF005E7B23 /* PBXContainerItemProxy */ = {
			isa = PBXContainerItemProxy;
			containerPortal = 72BAA2DF2DD1DAED005E7B23 /* Project object */;
			proxyType = 1;
			remoteGlobalIDString = 72BAA2E62DD1DAED005E7B23;
			remoteInfo = ToneUp;
		};
		72BAA3022DD1DAEF005E7B23 /* PBXContainerItemProxy */ = {
			isa = PBXContainerItemProxy;
			containerPortal = 72BAA2DF2DD1DAED005E7B23 /* Project object */;
			proxyType = 1;
			remoteGlobalIDString = 72BAA2E62DD1DAED005E7B23;
			remoteInfo = ToneUp;
		};
/* End PBXContainerItemProxy section */

/* Begin PBXFileReference section */
		72BAA2E72DD1DAED005E7B23 /* ToneUp.app */ = {isa = PBXFileReference; explicitFileType = wrapper.application; includeInIndex = 0; path = ToneUp.app; sourceTree = BUILT_PRODUCTS_DIR; };
		72BAA2F72DD1DAEF005E7B23 /* ToneUpTests.xctest */ = {isa = PBXFileReference; explicitFileType = wrapper.cfbundle; includeInIndex = 0; path = ToneUpTests.xctest; sourceTree = BUILT_PRODUCTS_DIR; };
		72BAA3012DD1DAEF005E7B23 /* ToneUpUITests.xctest */ = {isa = PBXFileReference; explicitFileType = wrapper.cfbundle; includeInIndex = 0; path = ToneUpUITests.xctest; sourceTree = BUILT_PRODUCTS_DIR; };
		72BAA3142DD1DB03005E7B23 /* Preview Assets.xcassets */ = {isa = PBXFileReference; lastKnownFileType = folder.assetcatalog; path = "Preview Assets.xcassets"; sourceTree = "<group>"; };
		72BAA3162DD1DB03005E7B23 /* Assets.xcassets */ = {isa = PBXFileReference; lastKnownFileType = folder.assetcatalog; path = Assets.xcassets; sourceTree = "<group>"; };
		72BAA3172DD1DB03005E7B23 /* ContentView.swift */ = {isa = PBXFileReference; lastKnownFileType = sourcecode.swift; path = ContentView.swift; sourceTree = "<group>"; };
		72BAA3182DD1DB03005E7B23 /* ToneUpApp.swift */ = {isa = PBXFileReference; lastKnownFileType = sourcecode.swift; path = ToneUpApp.swift; sourceTree = "<group>"; };
		72BAA31E2DD1DB08005E7B23 /* ToneUpTests.swift */ = {isa = PBXFileReference; lastKnownFileType = sourcecode.swift; path = ToneUpTests.swift; sourceTree = "<group>"; };
		72BAA3212DD1DB0C005E7B23 /* ToneUpUITests.swift */ = {isa = PBXFileReference; lastKnownFileType = sourcecode.swift; path = ToneUpUITests.swift; sourceTree = "<group>"; };
		72BAA3222DD1DB0C005E7B23 /* ToneUpUITestsLaunchTests.swift */ = {isa = PBXFileReference; lastKnownFileType = sourcecode.swift; path = ToneUpUITestsLaunchTests.swift; sourceTree = "<group>"; };
/* End PBXFileReference section */

/* Begin PBXFileSystemSynchronizedRootGroup section */
		72BAA3292DD1DBA9005E7B23 /* StoryBoards */ = {
			isa = PBXFileSystemSynchronizedRootGroup;
			path = StoryBoards;
			sourceTree = "<group>";
		};
		72BAA32A2DD1DBC9005E7B23 /* Font */ = {
			isa = PBXFileSystemSynchronizedRootGroup;
			path = Font;
			sourceTree = "<group>";
		};
/* End PBXFileSystemSynchronizedRootGroup section */

/* Begin PBXFrameworksBuildPhase section */
		72BAA2E42DD1DAED005E7B23 /* Frameworks */ = {
			isa = PBXFrameworksBuildPhase;
			buildActionMask = 2147483647;
			files = (
			);
			runOnlyForDeploymentPostprocessing = 0;
		};
		72BAA2F42DD1DAEF005E7B23 /* Frameworks */ = {
			isa = PBXFrameworksBuildPhase;
			buildActionMask = 2147483647;
			files = (
			);
			runOnlyForDeploymentPostprocessing = 0;
		};
		72BAA2FE2DD1DAEF005E7B23 /* Frameworks */ = {
			isa = PBXFrameworksBuildPhase;
			buildActionMask = 2147483647;
			files = (
			);
			runOnlyForDeploymentPostprocessing = 0;
		};
/* End PBXFrameworksBuildPhase section */

/* Begin PBXGroup section */
		72BAA2DE2DD1DAED005E7B23 = {
			isa = PBXGroup;
			children = (
				72BAA3192DD1DB03005E7B23 /* ToneUp */,
				72BAA31F2DD1DB08005E7B23 /* ToneUpTests */,
				72BAA3232DD1DB0C005E7B23 /* ToneUpUITests */,
				72BAA2E82DD1DAED005E7B23 /* Products */,
			);
			sourceTree = "<group>";
		};
		72BAA2E82DD1DAED005E7B23 /* Products */ = {
			isa = PBXGroup;
			children = (
				72BAA2E72DD1DAED005E7B23 /* ToneUp.app */,
				72BAA2F72DD1DAEF005E7B23 /* ToneUpTests.xctest */,
				72BAA3012DD1DAEF005E7B23 /* ToneUpUITests.xctest */,
			);
			name = Products;
			sourceTree = "<group>";
		};
		72BAA3152DD1DB03005E7B23 /* Preview Content */ = {
			isa = PBXGroup;
			children = (
				72BAA3142DD1DB03005E7B23 /* Preview Assets.xcassets */,
			);
			path = "Preview Content";
			sourceTree = "<group>";
		};
		72BAA3192DD1DB03005E7B23 /* ToneUp */ = {
			isa = PBXGroup;
			children = (
				72BAA3152DD1DB03005E7B23 /* Preview Content */,
				72BAA3262DD1DB5E005E7B23 /* Resources */,
				72BAA3272DD1DB65005E7B23 /* Sources */,
			);
			path = ToneUp;
			sourceTree = "<group>";
		};
		72BAA31F2DD1DB08005E7B23 /* ToneUpTests */ = {
			isa = PBXGroup;
			children = (
				72BAA31E2DD1DB08005E7B23 /* ToneUpTests.swift */,
			);
			path = ToneUpTests;
			sourceTree = "<group>";
		};
		72BAA3232DD1DB0C005E7B23 /* ToneUpUITests */ = {
			isa = PBXGroup;
			children = (
				72BAA3212DD1DB0C005E7B23 /* ToneUpUITests.swift */,
				72BAA3222DD1DB0C005E7B23 /* ToneUpUITestsLaunchTests.swift */,
			);
			path = ToneUpUITests;
			sourceTree = "<group>";
		};
		72BAA3262DD1DB5E005E7B23 /* Resources */ = {
			isa = PBXGroup;
			children = (
				72BAA3162DD1DB03005E7B23 /* Assets.xcassets */,
				72BAA3282DD1DB83005E7B23 /* Application */,
				72BAA32A2DD1DBC9005E7B23 /* Font */,
				72BAA3292DD1DBA9005E7B23 /* StoryBoards */,
			);
			path = Resources;
			sourceTree = "<group>";
		};
		72BAA3272DD1DB65005E7B23 /* Sources */ = {
			isa = PBXGroup;
			children = (
				72BAA3172DD1DB03005E7B23 /* ContentView.swift */,
			);
			path = Sources;
			sourceTree = "<group>";
		};
		72BAA3282DD1DB83005E7B23 /* Application */ = {
			isa = PBXGroup;
			children = (
				72BAA3182DD1DB03005E7B23 /* ToneUpApp.swift */,
			);
			path = Application;
			sourceTree = "<group>";
		};
/* End PBXGroup section */

/* Begin PBXNativeTarget section */
		72BAA2E62DD1DAED005E7B23 /* ToneUp */ = {
			isa = PBXNativeTarget;
			buildConfigurationList = 72BAA30B2DD1DAEF005E7B23 /* Build configuration list for PBXNativeTarget "ToneUp" */;
			buildPhases = (
				72BAA2E32DD1DAED005E7B23 /* Sources */,
				72BAA2E42DD1DAED005E7B23 /* Frameworks */,
				72BAA2E52DD1DAED005E7B23 /* Resources */,
			);
			buildRules = (
			);
			dependencies = (
			);
			fileSystemSynchronizedGroups = (
				72BAA3292DD1DBA9005E7B23 /* StoryBoards */,
				72BAA32A2DD1DBC9005E7B23 /* Font */,
			);
			name = ToneUp;
			packageProductDependencies = (
			);
			productName = ToneUp;
			productReference = 72BAA2E72DD1DAED005E7B23 /* ToneUp.app */;
			productType = "com.apple.product-type.application";
		};
		72BAA2F62DD1DAEF005E7B23 /* ToneUpTests */ = {
			isa = PBXNativeTarget;
			buildConfigurationList = 72BAA30E2DD1DAEF005E7B23 /* Build configuration list for PBXNativeTarget "ToneUpTests" */;
			buildPhases = (
				72BAA2F32DD1DAEF005E7B23 /* Sources */,
				72BAA2F42DD1DAEF005E7B23 /* Frameworks */,
				72BAA2F52DD1DAEF005E7B23 /* Resources */,
			);
			buildRules = (
			);
			dependencies = (
				72BAA2F92DD1DAEF005E7B23 /* PBXTargetDependency */,
			);
			name = ToneUpTests;
			packageProductDependencies = (
			);
			productName = ToneUpTests;
			productReference = 72BAA2F72DD1DAEF005E7B23 /* ToneUpTests.xctest */;
			productType = "com.apple.product-type.bundle.unit-test";
		};
		72BAA3002DD1DAEF005E7B23 /* ToneUpUITests */ = {
			isa = PBXNativeTarget;
			buildConfigurationList = 72BAA3112DD1DAEF005E7B23 /* Build configuration list for PBXNativeTarget "ToneUpUITests" */;
			buildPhases = (
				72BAA2FD2DD1DAEF005E7B23 /* Sources */,
				72BAA2FE2DD1DAEF005E7B23 /* Frameworks */,
				72BAA2FF2DD1DAEF005E7B23 /* Resources */,
			);
			buildRules = (
			);
			dependencies = (
				72BAA3032DD1DAEF005E7B23 /* PBXTargetDependency */,
			);
			name = ToneUpUITests;
			packageProductDependencies = (
			);
			productName = ToneUpUITests;
			productReference = 72BAA3012DD1DAEF005E7B23 /* ToneUpUITests.xctest */;
			productType = "com.apple.product-type.bundle.ui-testing";
		};
/* End PBXNativeTarget section */

/* Begin PBXProject section */
		72BAA2DF2DD1DAED005E7B23 /* Project object */ = {
			isa = PBXProject;
			attributes = {
				BuildIndependentTargetsInParallel = 1;
				LastSwiftUpdateCheck = 1620;
				LastUpgradeCheck = 1620;
				TargetAttributes = {
					72BAA2E62DD1DAED005E7B23 = {
						CreatedOnToolsVersion = 16.2;
					};
					72BAA2F62DD1DAEF005E7B23 = {
						CreatedOnToolsVersion = 16.2;
						TestTargetID = 72BAA2E62DD1DAED005E7B23;
					};
					72BAA3002DD1DAEF005E7B23 = {
						CreatedOnToolsVersion = 16.2;
						TestTargetID = 72BAA2E62DD1DAED005E7B23;
					};
				};
			};
			buildConfigurationList = 72BAA2E22DD1DAED005E7B23 /* Build configuration list for PBXProject "ToneUp" */;
			developmentRegion = en;
			hasScannedForEncodings = 0;
			knownRegions = (
				en,
				Base,
			);
			mainGroup = 72BAA2DE2DD1DAED005E7B23;
			minimizedProjectReferenceProxies = 1;
			preferredProjectObjectVersion = 77;
			productRefGroup = 72BAA2E82DD1DAED005E7B23 /* Products */;
			projectDirPath = "";
			projectRoot = "";
			targets = (
				72BAA2E62DD1DAED005E7B23 /* ToneUp */,
				72BAA2F62DD1DAEF005E7B23 /* ToneUpTests */,
				72BAA3002DD1DAEF005E7B23 /* ToneUpUITests */,
			);
		};
/* End PBXProject section */

/* Begin PBXResourcesBuildPhase section */
		72BAA2E52DD1DAED005E7B23 /* Resources */ = {
			isa = PBXResourcesBuildPhase;
			buildActionMask = 2147483647;
			files = (
				72BAA31A2DD1DB03005E7B23 /* Preview Assets.xcassets in Resources */,
				72BAA31B2DD1DB03005E7B23 /* Assets.xcassets in Resources */,
			);
			runOnlyForDeploymentPostprocessing = 0;
		};
		72BAA2F52DD1DAEF005E7B23 /* Resources */ = {
			isa = PBXResourcesBuildPhase;
			buildActionMask = 2147483647;
			files = (
			);
			runOnlyForDeploymentPostprocessing = 0;
		};
		72BAA2FF2DD1DAEF005E7B23 /* Resources */ = {
			isa = PBXResourcesBuildPhase;
			buildActionMask = 2147483647;
			files = (
			);
			runOnlyForDeploymentPostprocessing = 0;
		};
/* End PBXResourcesBuildPhase section */

/* Begin PBXSourcesBuildPhase section */
		72BAA2E32DD1DAED005E7B23 /* Sources */ = {
			isa = PBXSourcesBuildPhase;
			buildActionMask = 2147483647;
			files = (
				72BAA31C2DD1DB03005E7B23 /* ContentView.swift in Sources */,
				72BAA31D2DD1DB03005E7B23 /* ToneUpApp.swift in Sources */,
			);
			runOnlyForDeploymentPostprocessing = 0;
		};
		72BAA2F32DD1DAEF005E7B23 /* Sources */ = {
			isa = PBXSourcesBuildPhase;
			buildActionMask = 2147483647;
			files = (
				72BAA3202DD1DB08005E7B23 /* ToneUpTests.swift in Sources */,
			);
			runOnlyForDeploymentPostprocessing = 0;
		};
		72BAA2FD2DD1DAEF005E7B23 /* Sources */ = {
			isa = PBXSourcesBuildPhase;
			buildActionMask = 2147483647;
			files = (
				72BAA3242DD1DB0C005E7B23 /* ToneUpUITests.swift in Sources */,
				72BAA3252DD1DB0C005E7B23 /* ToneUpUITestsLaunchTests.swift in Sources */,
			);
			runOnlyForDeploymentPostprocessing = 0;
		};
/* End PBXSourcesBuildPhase section */

/* Begin PBXTargetDependency section */
		72BAA2F92DD1DAEF005E7B23 /* PBXTargetDependency */ = {
			isa = PBXTargetDependency;
			target = 72BAA2E62DD1DAED005E7B23 /* ToneUp */;
			targetProxy = 72BAA2F82DD1DAEF005E7B23 /* PBXContainerItemProxy */;
		};
		72BAA3032DD1DAEF005E7B23 /* PBXTargetDependency */ = {
			isa = PBXTargetDependency;
			target = 72BAA2E62DD1DAED005E7B23 /* ToneUp */;
			targetProxy = 72BAA3022DD1DAEF005E7B23 /* PBXContainerItemProxy */;
		};
/* End PBXTargetDependency section */

/* Begin XCBuildConfiguration section */
		72BAA3092DD1DAEF005E7B23 /* Debug */ = {
			isa = XCBuildConfiguration;
			buildSettings = {
				ALWAYS_SEARCH_USER_PATHS = NO;
				ASSETCATALOG_COMPILER_GENERATE_SWIFT_ASSET_SYMBOL_EXTENSIONS = YES;
				CLANG_ANALYZER_NONNULL = YES;
				CLANG_ANALYZER_NUMBER_OBJECT_CONVERSION = YES_AGGRESSIVE;
				CLANG_CXX_LANGUAGE_STANDARD = "gnu++20";
				CLANG_ENABLE_MODULES = YES;
				CLANG_ENABLE_OBJC_ARC = YES;
				CLANG_ENABLE_OBJC_WEAK = YES;
				CLANG_WARN_BLOCK_CAPTURE_AUTORELEASING = YES;
				CLANG_WARN_BOOL_CONVERSION = YES;
				CLANG_WARN_COMMA = YES;
				CLANG_WARN_CONSTANT_CONVERSION = YES;
				CLANG_WARN_DEPRECATED_OBJC_IMPLEMENTATIONS = YES;
				CLANG_WARN_DIRECT_OBJC_ISA_USAGE = YES_ERROR;
				CLANG_WARN_DOCUMENTATION_COMMENTS = YES;
				CLANG_WARN_EMPTY_BODY = YES;
				CLANG_WARN_ENUM_CONVERSION = YES;
				CLANG_WARN_INFINITE_RECURSION = YES;
				CLANG_WARN_INT_CONVERSION = YES;
				CLANG_WARN_NON_LITERAL_NULL_CONVERSION = YES;
				CLANG_WARN_OBJC_IMPLICIT_RETAIN_SELF = YES;
				CLANG_WARN_OBJC_LITERAL_CONVERSION = YES;
				CLANG_WARN_OBJC_ROOT_CLASS = YES_ERROR;
				CLANG_WARN_QUOTED_INCLUDE_IN_FRAMEWORK_HEADER = YES;
				CLANG_WARN_RANGE_LOOP_ANALYSIS = YES;
				CLANG_WARN_STRICT_PROTOTYPES = YES;
				CLANG_WARN_SUSPICIOUS_MOVE = YES;
				CLANG_WARN_UNGUARDED_AVAILABILITY = YES_AGGRESSIVE;
				CLANG_WARN_UNREACHABLE_CODE = YES;
				CLANG_WARN__DUPLICATE_METHOD_MATCH = YES;
				COPY_PHASE_STRIP = NO;
				DEBUG_INFORMATION_FORMAT = dwarf;
				ENABLE_STRICT_OBJC_MSGSEND = YES;
				ENABLE_TESTABILITY = YES;
				ENABLE_USER_SCRIPT_SANDBOXING = YES;
				GCC_C_LANGUAGE_STANDARD = gnu17;
				GCC_DYNAMIC_NO_PIC = NO;
				GCC_NO_COMMON_BLOCKS = YES;
				GCC_OPTIMIZATION_LEVEL = 0;
				GCC_PREPROCESSOR_DEFINITIONS = (
					"DEBUG=1",
					"$(inherited)",
				);
				GCC_WARN_64_TO_32_BIT_CONVERSION = YES;
				GCC_WARN_ABOUT_RETURN_TYPE = YES_ERROR;
				GCC_WARN_UNDECLARED_SELECTOR = YES;
				GCC_WARN_UNINITIALIZED_AUTOS = YES_AGGRESSIVE;
				GCC_WARN_UNUSED_FUNCTION = YES;
				GCC_WARN_UNUSED_VARIABLE = YES;
				IPHONEOS_DEPLOYMENT_TARGET = 18.2;
				LOCALIZATION_PREFERS_STRING_CATALOGS = YES;
				MTL_ENABLE_DEBUG_INFO = INCLUDE_SOURCE;
				MTL_FAST_MATH = YES;
				ONLY_ACTIVE_ARCH = YES;
				SDKROOT = iphoneos;
				SWIFT_ACTIVE_COMPILATION_CONDITIONS = "DEBUG $(inherited)";
				SWIFT_OPTIMIZATION_LEVEL = "-Onone";
			};
			name = Debug;
		};
		72BAA30A2DD1DAEF005E7B23 /* Release */ = {
			isa = XCBuildConfiguration;
			buildSettings = {
				ALWAYS_SEARCH_USER_PATHS = NO;
				ASSETCATALOG_COMPILER_GENERATE_SWIFT_ASSET_SYMBOL_EXTENSIONS = YES;
				CLANG_ANALYZER_NONNULL = YES;
				CLANG_ANALYZER_NUMBER_OBJECT_CONVERSION = YES_AGGRESSIVE;
				CLANG_CXX_LANGUAGE_STANDARD = "gnu++20";
				CLANG_ENABLE_MODULES = YES;
				CLANG_ENABLE_OBJC_ARC = YES;
				CLANG_ENABLE_OBJC_WEAK = YES;
				CLANG_WARN_BLOCK_CAPTURE_AUTORELEASING = YES;
				CLANG_WARN_BOOL_CONVERSION = YES;
				CLANG_WARN_COMMA = YES;
				CLANG_WARN_CONSTANT_CONVERSION = YES;
				CLANG_WARN_DEPRECATED_OBJC_IMPLEMENTATIONS = YES;
				CLANG_WARN_DIRECT_OBJC_ISA_USAGE = YES_ERROR;
				CLANG_WARN_DOCUMENTATION_COMMENTS = YES;
				CLANG_WARN_EMPTY_BODY = YES;
				CLANG_WARN_ENUM_CONVERSION = YES;
				CLANG_WARN_INFINITE_RECURSION = YES;
				CLANG_WARN_INT_CONVERSION = YES;
				CLANG_WARN_NON_LITERAL_NULL_CONVERSION = YES;
				CLANG_WARN_OBJC_IMPLICIT_RETAIN_SELF = YES;
				CLANG_WARN_OBJC_LITERAL_CONVERSION = YES;
				CLANG_WARN_OBJC_ROOT_CLASS = YES_ERROR;
				CLANG_WARN_QUOTED_INCLUDE_IN_FRAMEWORK_HEADER = YES;
				CLANG_WARN_RANGE_LOOP_ANALYSIS = YES;
				CLANG_WARN_STRICT_PROTOTYPES = YES;
				CLANG_WARN_SUSPICIOUS_MOVE = YES;
				CLANG_WARN_UNGUARDED_AVAILABILITY = YES_AGGRESSIVE;
				CLANG_WARN_UNREACHABLE_CODE = YES;
				CLANG_WARN__DUPLICATE_METHOD_MATCH = YES;
				COPY_PHASE_STRIP = NO;
				DEBUG_INFORMATION_FORMAT = "dwarf-with-dsym";
				ENABLE_NS_ASSERTIONS = NO;
				ENABLE_STRICT_OBJC_MSGSEND = YES;
				ENABLE_USER_SCRIPT_SANDBOXING = YES;
				GCC_C_LANGUAGE_STANDARD = gnu17;
				GCC_NO_COMMON_BLOCKS = YES;
				GCC_WARN_64_TO_32_BIT_CONVERSION = YES;
				GCC_WARN_ABOUT_RETURN_TYPE = YES_ERROR;
				GCC_WARN_UNDECLARED_SELECTOR = YES;
				GCC_WARN_UNINITIALIZED_AUTOS = YES_AGGRESSIVE;
				GCC_WARN_UNUSED_FUNCTION = YES;
				GCC_WARN_UNUSED_VARIABLE = YES;
				IPHONEOS_DEPLOYMENT_TARGET = 18.2;
				LOCALIZATION_PREFERS_STRING_CATALOGS = YES;
				MTL_ENABLE_DEBUG_INFO = NO;
				MTL_FAST_MATH = YES;
				SDKROOT = iphoneos;
				SWIFT_COMPILATION_MODE = wholemodule;
				VALIDATE_PRODUCT = YES;
			};
			name = Release;
		};
		72BAA30C2DD1DAEF005E7B23 /* Debug */ = {
			isa = XCBuildConfiguration;
			buildSettings = {
				ASSETCATALOG_COMPILER_APPICON_NAME = AppIcon;
				ASSETCATALOG_COMPILER_GLOBAL_ACCENT_COLOR_NAME = AccentColor;
				CODE_SIGN_STYLE = Automatic;
				CURRENT_PROJECT_VERSION = 1;
				DEVELOPMENT_ASSET_PATHS = "\"ToneUp/Preview Content\"";
				DEVELOPMENT_TEAM = QQN262X7KM;
				ENABLE_PREVIEWS = YES;
				GENERATE_INFOPLIST_FILE = YES;
				INFOPLIST_KEY_UIApplicationSceneManifest_Generation = YES;
				INFOPLIST_KEY_UIApplicationSupportsIndirectInputEvents = YES;
				INFOPLIST_KEY_UILaunchScreen_Generation = YES;
				INFOPLIST_KEY_UISupportedInterfaceOrientations = UIInterfaceOrientationPortrait;
				INFOPLIST_KEY_UISupportedInterfaceOrientations_iPad = UIInterfaceOrientationPortrait;
				IPHONEOS_DEPLOYMENT_TARGET = 17.0;
				LD_RUNPATH_SEARCH_PATHS = (
					"$(inherited)",
					"@executable_path/Frameworks",
				);
				MARKETING_VERSION = 1.0;
				PRODUCT_BUNDLE_IDENTIFIER = com.Jun.ToneUp;
				PRODUCT_NAME = "$(TARGET_NAME)";
				SUPPORTED_PLATFORMS = "iphoneos iphonesimulator";
				SUPPORTS_MACCATALYST = NO;
				SUPPORTS_MAC_DESIGNED_FOR_IPHONE_IPAD = NO;
				SUPPORTS_XR_DESIGNED_FOR_IPHONE_IPAD = NO;
				SWIFT_EMIT_LOC_STRINGS = YES;
				SWIFT_VERSION = 5.0;
				TARGETED_DEVICE_FAMILY = 1;
			};
			name = Debug;
		};
		72BAA30D2DD1DAEF005E7B23 /* Release */ = {
			isa = XCBuildConfiguration;
			buildSettings = {
				ASSETCATALOG_COMPILER_APPICON_NAME = AppIcon;
				ASSETCATALOG_COMPILER_GLOBAL_ACCENT_COLOR_NAME = AccentColor;
				CODE_SIGN_STYLE = Automatic;
				CURRENT_PROJECT_VERSION = 1;
				DEVELOPMENT_ASSET_PATHS = "\"ToneUp/Preview Content\"";
				DEVELOPMENT_TEAM = QQN262X7KM;
				ENABLE_PREVIEWS = YES;
				GENERATE_INFOPLIST_FILE = YES;
				INFOPLIST_KEY_UIApplicationSceneManifest_Generation = YES;
				INFOPLIST_KEY_UIApplicationSupportsIndirectInputEvents = YES;
				INFOPLIST_KEY_UILaunchScreen_Generation = YES;
				INFOPLIST_KEY_UISupportedInterfaceOrientations = UIInterfaceOrientationPortrait;
				INFOPLIST_KEY_UISupportedInterfaceOrientations_iPad = UIInterfaceOrientationPortrait;
				IPHONEOS_DEPLOYMENT_TARGET = 17.0;
				LD_RUNPATH_SEARCH_PATHS = (
					"$(inherited)",
					"@executable_path/Frameworks",
				);
				MARKETING_VERSION = 1.0;
				PRODUCT_BUNDLE_IDENTIFIER = com.Jun.ToneUp;
				PRODUCT_NAME = "$(TARGET_NAME)";
				SUPPORTED_PLATFORMS = "iphoneos iphonesimulator";
				SUPPORTS_MACCATALYST = NO;
				SUPPORTS_MAC_DESIGNED_FOR_IPHONE_IPAD = NO;
				SUPPORTS_XR_DESIGNED_FOR_IPHONE_IPAD = NO;
				SWIFT_EMIT_LOC_STRINGS = YES;
				SWIFT_VERSION = 5.0;
				TARGETED_DEVICE_FAMILY = 1;
			};
			name = Release;
		};
		72BAA30F2DD1DAEF005E7B23 /* Debug */ = {
			isa = XCBuildConfiguration;
			buildSettings = {
				BUNDLE_LOADER = "$(TEST_HOST)";
				CODE_SIGN_STYLE = Automatic;
				CURRENT_PROJECT_VERSION = 1;
				DEVELOPMENT_TEAM = QQN262X7KM;
				GENERATE_INFOPLIST_FILE = YES;
				IPHONEOS_DEPLOYMENT_TARGET = 18.2;
				MARKETING_VERSION = 1.0;
				PRODUCT_BUNDLE_IDENTIFIER = com.Jun.ToneUpTests;
				PRODUCT_NAME = "$(TARGET_NAME)";
				SWIFT_EMIT_LOC_STRINGS = NO;
				SWIFT_VERSION = 5.0;
				TARGETED_DEVICE_FAMILY = "1,2";
				TEST_HOST = "$(BUILT_PRODUCTS_DIR)/ToneUp.app/$(BUNDLE_EXECUTABLE_FOLDER_PATH)/ToneUp";
			};
			name = Debug;
		};
		72BAA3102DD1DAEF005E7B23 /* Release */ = {
			isa = XCBuildConfiguration;
			buildSettings = {
				BUNDLE_LOADER = "$(TEST_HOST)";
				CODE_SIGN_STYLE = Automatic;
				CURRENT_PROJECT_VERSION = 1;
				DEVELOPMENT_TEAM = QQN262X7KM;
				GENERATE_INFOPLIST_FILE = YES;
				IPHONEOS_DEPLOYMENT_TARGET = 18.2;
				MARKETING_VERSION = 1.0;
				PRODUCT_BUNDLE_IDENTIFIER = com.Jun.ToneUpTests;
				PRODUCT_NAME = "$(TARGET_NAME)";
				SWIFT_EMIT_LOC_STRINGS = NO;
				SWIFT_VERSION = 5.0;
				TARGETED_DEVICE_FAMILY = "1,2";
				TEST_HOST = "$(BUILT_PRODUCTS_DIR)/ToneUp.app/$(BUNDLE_EXECUTABLE_FOLDER_PATH)/ToneUp";
			};
			name = Release;
		};
		72BAA3122DD1DAEF005E7B23 /* Debug */ = {
			isa = XCBuildConfiguration;
			buildSettings = {
				CODE_SIGN_STYLE = Automatic;
				CURRENT_PROJECT_VERSION = 1;
				DEVELOPMENT_TEAM = QQN262X7KM;
				GENERATE_INFOPLIST_FILE = YES;
				MARKETING_VERSION = 1.0;
				PRODUCT_BUNDLE_IDENTIFIER = com.Jun.ToneUpUITests;
				PRODUCT_NAME = "$(TARGET_NAME)";
				SWIFT_EMIT_LOC_STRINGS = NO;
				SWIFT_VERSION = 5.0;
				TARGETED_DEVICE_FAMILY = "1,2";
				TEST_TARGET_NAME = ToneUp;
			};
			name = Debug;
		};
		72BAA3132DD1DAEF005E7B23 /* Release */ = {
			isa = XCBuildConfiguration;
			buildSettings = {
				CODE_SIGN_STYLE = Automatic;
				CURRENT_PROJECT_VERSION = 1;
				DEVELOPMENT_TEAM = QQN262X7KM;
				GENERATE_INFOPLIST_FILE = YES;
				MARKETING_VERSION = 1.0;
				PRODUCT_BUNDLE_IDENTIFIER = com.Jun.ToneUpUITests;
				PRODUCT_NAME = "$(TARGET_NAME)";
				SWIFT_EMIT_LOC_STRINGS = NO;
				SWIFT_VERSION = 5.0;
				TARGETED_DEVICE_FAMILY = "1,2";
				TEST_TARGET_NAME = ToneUp;
			};
			name = Release;
		};
/* End XCBuildConfiguration section */

/* Begin XCConfigurationList section */
		72BAA2E22DD1DAED005E7B23 /* Build configuration list for PBXProject "ToneUp" */ = {
			isa = XCConfigurationList;
			buildConfigurations = (
				72BAA3092DD1DAEF005E7B23 /* Debug */,
				72BAA30A2DD1DAEF005E7B23 /* Release */,
			);
			defaultConfigurationIsVisible = 0;
			defaultConfigurationName = Release;
		};
		72BAA30B2DD1DAEF005E7B23 /* Build configuration list for PBXNativeTarget "ToneUp" */ = {
			isa = XCConfigurationList;
			buildConfigurations = (
				72BAA30C2DD1DAEF005E7B23 /* Debug */,
				72BAA30D2DD1DAEF005E7B23 /* Release */,
			);
			defaultConfigurationIsVisible = 0;
			defaultConfigurationName = Release;
		};
		72BAA30E2DD1DAEF005E7B23 /* Build configuration list for PBXNativeTarget "ToneUpTests" */ = {
			isa = XCConfigurationList;
			buildConfigurations = (
				72BAA30F2DD1DAEF005E7B23 /* Debug */,
				72BAA3102DD1DAEF005E7B23 /* Release */,
			);
			defaultConfigurationIsVisible = 0;
			defaultConfigurationName = Release;
		};
		72BAA3112DD1DAEF005E7B23 /* Build configuration list for PBXNativeTarget "ToneUpUITests" */ = {
			isa = XCConfigurationList;
			buildConfigurations = (
				72BAA3122DD1DAEF005E7B23 /* Debug */,
				72BAA3132DD1DAEF005E7B23 /* Release */,
			);
			defaultConfigurationIsVisible = 0;
			defaultConfigurationName = Release;
		};
/* End XCConfigurationList section */
	};
	rootObject = 72BAA2DF2DD1DAED005E7B23 /* Project object */;
}
