// !$*UTF8*$!
{
	archiveVersion = 1;
	classes = {
	};
	objectVersion = 77;
	objects = {

/* Begin PBXBuildFile section */
		72038C342DE05D32002669F5 /* EditProfileView.swift in Sources */ = {isa = PBXBuildFile; fileRef = 72038C332DE05D32002669F5 /* EditProfileView.swift */; };
		72038C362DE05F5A002669F5 /* EditProfileContentView.swift in Sources */ = {isa = PBXBuildFile; fileRef = 72038C352DE05F5A002669F5 /* EditProfileContentView.swift */; };
		7207630C2DE064F80017963C /* ProfileRowItem.swift in Sources */ = {isa = PBXBuildFile; fileRef = 7207630B2DE064F80017963C /* ProfileRowItem.swift */; };
		7207630E2DE0654E0017963C /* EditProfileInfoSection.swift in Sources */ = {isa = PBXBuildFile; fileRef = 7207630D2DE0654E0017963C /* EditProfileInfoSection.swift */; };
		7207632D2DE1E26E0017963C /* PostDetailView.swift in Sources */ = {isa = PBXBuildFile; fileRef = 7207632C2DE1E26E0017963C /* PostDetailView.swift */; };
		720F6B172DE0365F006CF82C /* ProfileView.swift in Sources */ = {isa = PBXBuildFile; fileRef = 720F6B162DE0365F006CF82C /* ProfileView.swift */; };
		720F6B1A2DE036AE006CF82C /* ProfileContentView.swift in Sources */ = {isa = PBXBuildFile; fileRef = 720F6B192DE036AE006CF82C /* ProfileContentView.swift */; };
		720F6B1C2DE04F66006CF82C /* ProfileTabBar.swift in Sources */ = {isa = PBXBuildFile; fileRef = 720F6B1B2DE04F66006CF82C /* ProfileTabBar.swift */; };
		720F6B1E2DE04FA5006CF82C /* ProfileTab.swift in Sources */ = {isa = PBXBuildFile; fileRef = 720F6B1D2DE04FA5006CF82C /* ProfileTab.swift */; };
		72694A042DD9CF7500436EDF /* HomeReducer.swift in Sources */ = {isa = PBXBuildFile; fileRef = 72694A032DD9CF7500436EDF /* HomeReducer.swift */; };
		72694A062DD9CFA200436EDF /* HomeView.swift in Sources */ = {isa = PBXBuildFile; fileRef = 72694A052DD9CFA200436EDF /* HomeView.swift */; };
		72694A0C2DD9DA4D00436EDF /* CustomNavigationBar.swift in Sources */ = {isa = PBXBuildFile; fileRef = 72694A0B2DD9DA4D00436EDF /* CustomNavigationBar.swift */; };
		72694A0E2DD9E07800436EDF /* CustomNavigationBarModifier.swift in Sources */ = {isa = PBXBuildFile; fileRef = 72694A0D2DD9E07800436EDF /* CustomNavigationBarModifier.swift */; };
		72694A102DDA08D100436EDF /* PersonalToneView.swift in Sources */ = {isa = PBXBuildFile; fileRef = 72694A0F2DDA08D100436EDF /* PersonalToneView.swift */; };
		72694A222DDD9FE900436EDF /* SectionHomeHeader.swift in Sources */ = {isa = PBXBuildFile; fileRef = 72694A212DDD9FE900436EDF /* SectionHomeHeader.swift */; };
		72694A242DDDA19400436EDF /* RecommendSection.swift in Sources */ = {isa = PBXBuildFile; fileRef = 72694A232DDDA19400436EDF /* RecommendSection.swift */; };
		72694A262DDDA1F700436EDF /* ProductViewCell.swift in Sources */ = {isa = PBXBuildFile; fileRef = 72694A252DDDA1F700436EDF /* ProductViewCell.swift */; };
		72694A282DDDA64B00436EDF /* StyleRecordSection.swift in Sources */ = {isa = PBXBuildFile; fileRef = 72694A272DDDA64B00436EDF /* StyleRecordSection.swift */; };
		72694A2A2DDDA82D00436EDF /* SharedStyleSection.swift in Sources */ = {isa = PBXBuildFile; fileRef = 72694A292DDDA82D00436EDF /* SharedStyleSection.swift */; };
		72694A2C2DDDBD3500436EDF /* Array+Extension.swift in Sources */ = {isa = PBXBuildFile; fileRef = 72694A2B2DDDBD3500436EDF /* Array+Extension.swift */; };
		72694A2E2DDDBD6200436EDF /* TileGroupView.swift in Sources */ = {isa = PBXBuildFile; fileRef = 72694A2D2DDDBD6200436EDF /* TileGroupView.swift */; };
		72694A312DDEECA000436EDF /* LikedView.swift in Sources */ = {isa = PBXBuildFile; fileRef = 72694A302DDEECA000436EDF /* LikedView.swift */; };
		72694A332DDEECC400436EDF /* LikeReducer.swift in Sources */ = {isa = PBXBuildFile; fileRef = 72694A322DDEECC400436EDF /* LikeReducer.swift */; };
		72694A362DDEF74200436EDF /* LikedTabBar.swift in Sources */ = {isa = PBXBuildFile; fileRef = 72694A352DDEF74200436EDF /* LikedTabBar.swift */; };
		72694A392DDEFA6300436EDF /* FeedImageTile.swift in Sources */ = {isa = PBXBuildFile; fileRef = 72694A382DDEFA6300436EDF /* FeedImageTile.swift */; };
		72694A3D2DDF088600436EDF /* ThreeColumnGrid.swift in Sources */ = {isa = PBXBuildFile; fileRef = 72694A3C2DDF088600436EDF /* ThreeColumnGrid.swift */; };
		72694A3F2DDF0A5900436EDF /* LikedTab.swift in Sources */ = {isa = PBXBuildFile; fileRef = 72694A3E2DDF0A5900436EDF /* LikedTab.swift */; };
		72BAA31A2DD1DB03005E7B23 /* Preview Assets.xcassets in Resources */ = {isa = PBXBuildFile; fileRef = 72BAA3142DD1DB03005E7B23 /* Preview Assets.xcassets */; };
		72BAA31B2DD1DB03005E7B23 /* Assets.xcassets in Resources */ = {isa = PBXBuildFile; fileRef = 72BAA3162DD1DB03005E7B23 /* Assets.xcassets */; };
		72BAA31D2DD1DB03005E7B23 /* ToneUpApp.swift in Sources */ = {isa = PBXBuildFile; fileRef = 72BAA3182DD1DB03005E7B23 /* ToneUpApp.swift */; };
		72BAA3202DD1DB08005E7B23 /* ToneUpTests.swift in Sources */ = {isa = PBXBuildFile; fileRef = 72BAA31E2DD1DB08005E7B23 /* ToneUpTests.swift */; };
		72BAA3242DD1DB0C005E7B23 /* ToneUpUITests.swift in Sources */ = {isa = PBXBuildFile; fileRef = 72BAA3212DD1DB0C005E7B23 /* ToneUpUITests.swift */; };
		72BAA3252DD1DB0C005E7B23 /* ToneUpUITestsLaunchTests.swift in Sources */ = {isa = PBXBuildFile; fileRef = 72BAA3222DD1DB0C005E7B23 /* ToneUpUITestsLaunchTests.swift */; };
		72BAA3942DD70903005E7B23 /* ComposableArchitecture in Frameworks */ = {isa = PBXBuildFile; productRef = 72BAA3932DD70903005E7B23 /* ComposableArchitecture */; };
		72BAA3A72DD747E6005E7B23 /* OnboardingView.swift in Sources */ = {isa = PBXBuildFile; fileRef = 72BAA3A62DD747E6005E7B23 /* OnboardingView.swift */; };
		72BAA3DD2DD74CAB005E7B23 /* CommonButton.swift in Sources */ = {isa = PBXBuildFile; fileRef = 72BAA3DC2DD74CAB005E7B23 /* CommonButton.swift */; };
		72BAA3E02DD753FE005E7B23 /* CommonText.swift in Sources */ = {isa = PBXBuildFile; fileRef = 72BAA3DF2DD753FE005E7B23 /* CommonText.swift */; };
		72BAA3E32DD75AD4005E7B23 /* CustomFontModifier.swift in Sources */ = {isa = PBXBuildFile; fileRef = 72BAA3E22DD75AD4005E7B23 /* CustomFontModifier.swift */; };
		72BAA3E62DD75C20005E7B23 /* AppText.swift in Sources */ = {isa = PBXBuildFile; fileRef = 72BAA3E52DD75C20005E7B23 /* AppText.swift */; };
		72BAA3EA2DD75E11005E7B23 /* Image+Extension.swift in Sources */ = {isa = PBXBuildFile; fileRef = 72BAA3E92DD75E11005E7B23 /* Image+Extension.swift */; };
		72BAA3EC2DD76037005E7B23 /* ButtonTitle.swift in Sources */ = {isa = PBXBuildFile; fileRef = 72BAA3EB2DD76037005E7B23 /* ButtonTitle.swift */; };
		72BAA3FC2DD8D17B005E7B23 /* OnboardingReducer.swift in Sources */ = {isa = PBXBuildFile; fileRef = 72BAA3FB2DD8D17B005E7B23 /* OnboardingReducer.swift */; };
		72BAA3FF2DD8D8A6005E7B23 /* LoginOption.swift in Sources */ = {isa = PBXBuildFile; fileRef = 72BAA3FE2DD8D8A6005E7B23 /* LoginOption.swift */; };
		72BAA4022DD8D906005E7B23 /* AuthClient.swift in Sources */ = {isa = PBXBuildFile; fileRef = 72BAA4012DD8D906005E7B23 /* AuthClient.swift */; };
		72BAA4052DD8D9B8005E7B23 /* User.swift in Sources */ = {isa = PBXBuildFile; fileRef = 72BAA4042DD8D9B8005E7B23 /* User.swift */; };
		72BAA4072DD8D9F3005E7B23 /* AuthError.swift in Sources */ = {isa = PBXBuildFile; fileRef = 72BAA4062DD8D9F3005E7B23 /* AuthError.swift */; };
		72BAA4092DD8DA37005E7B23 /* LoginSheetView.swift in Sources */ = {isa = PBXBuildFile; fileRef = 72BAA4082DD8DA37005E7B23 /* LoginSheetView.swift */; };
/* End PBXBuildFile section */

/* Begin PBXContainerItemProxy section */
		72BAA2F82DD1DAEF005E7B23 /* PBXContainerItemProxy */ = {
			isa = PBXContainerItemProxy;
			containerPortal = 72BAA2DF2DD1DAED005E7B23 /* Project object */;
			proxyType = 1;
			remoteGlobalIDString = 72BAA2E62DD1DAED005E7B23;
			remoteInfo = ToneUp;
		};
		72BAA3022DD1DAEF005E7B23 /* PBXContainerItemProxy */ = {
			isa = PBXContainerItemProxy;
			containerPortal = 72BAA2DF2DD1DAED005E7B23 /* Project object */;
			proxyType = 1;
			remoteGlobalIDString = 72BAA2E62DD1DAED005E7B23;
			remoteInfo = ToneUp;
		};
/* End PBXContainerItemProxy section */

/* Begin PBXFileReference section */
		72038C332DE05D32002669F5 /* EditProfileView.swift */ = {isa = PBXFileReference; lastKnownFileType = sourcecode.swift; path = EditProfileView.swift; sourceTree = "<group>"; };
		72038C352DE05F5A002669F5 /* EditProfileContentView.swift */ = {isa = PBXFileReference; lastKnownFileType = sourcecode.swift; path = EditProfileContentView.swift; sourceTree = "<group>"; };
		7207630B2DE064F80017963C /* ProfileRowItem.swift */ = {isa = PBXFileReference; lastKnownFileType = sourcecode.swift; path = ProfileRowItem.swift; sourceTree = "<group>"; };
		7207630D2DE0654E0017963C /* EditProfileInfoSection.swift */ = {isa = PBXFileReference; lastKnownFileType = sourcecode.swift; path = EditProfileInfoSection.swift; sourceTree = "<group>"; };
		7207632C2DE1E26E0017963C /* PostDetailView.swift */ = {isa = PBXFileReference; lastKnownFileType = sourcecode.swift; path = PostDetailView.swift; sourceTree = "<group>"; };
		720F6B162DE0365F006CF82C /* ProfileView.swift */ = {isa = PBXFileReference; lastKnownFileType = sourcecode.swift; path = ProfileView.swift; sourceTree = "<group>"; };
		720F6B192DE036AE006CF82C /* ProfileContentView.swift */ = {isa = PBXFileReference; lastKnownFileType = sourcecode.swift; path = ProfileContentView.swift; sourceTree = "<group>"; };
		720F6B1B2DE04F66006CF82C /* ProfileTabBar.swift */ = {isa = PBXFileReference; lastKnownFileType = sourcecode.swift; path = ProfileTabBar.swift; sourceTree = "<group>"; };
		720F6B1D2DE04FA5006CF82C /* ProfileTab.swift */ = {isa = PBXFileReference; lastKnownFileType = sourcecode.swift; path = ProfileTab.swift; sourceTree = "<group>"; };
		72694A032DD9CF7500436EDF /* HomeReducer.swift */ = {isa = PBXFileReference; lastKnownFileType = sourcecode.swift; path = HomeReducer.swift; sourceTree = "<group>"; };
		72694A052DD9CFA200436EDF /* HomeView.swift */ = {isa = PBXFileReference; lastKnownFileType = sourcecode.swift; path = HomeView.swift; sourceTree = "<group>"; };
		72694A0B2DD9DA4D00436EDF /* CustomNavigationBar.swift */ = {isa = PBXFileReference; lastKnownFileType = sourcecode.swift; path = CustomNavigationBar.swift; sourceTree = "<group>"; };
		72694A0D2DD9E07800436EDF /* CustomNavigationBarModifier.swift */ = {isa = PBXFileReference; lastKnownFileType = sourcecode.swift; path = CustomNavigationBarModifier.swift; sourceTree = "<group>"; };
		72694A0F2DDA08D100436EDF /* PersonalToneView.swift */ = {isa = PBXFileReference; lastKnownFileType = sourcecode.swift; path = PersonalToneView.swift; sourceTree = "<group>"; };
		72694A212DDD9FE900436EDF /* SectionHomeHeader.swift */ = {isa = PBXFileReference; lastKnownFileType = sourcecode.swift; path = SectionHomeHeader.swift; sourceTree = "<group>"; };
		72694A232DDDA19400436EDF /* RecommendSection.swift */ = {isa = PBXFileReference; lastKnownFileType = sourcecode.swift; path = RecommendSection.swift; sourceTree = "<group>"; };
		72694A252DDDA1F700436EDF /* ProductViewCell.swift */ = {isa = PBXFileReference; lastKnownFileType = sourcecode.swift; path = ProductViewCell.swift; sourceTree = "<group>"; };
		72694A272DDDA64B00436EDF /* StyleRecordSection.swift */ = {isa = PBXFileReference; lastKnownFileType = sourcecode.swift; path = StyleRecordSection.swift; sourceTree = "<group>"; };
		72694A292DDDA82D00436EDF /* SharedStyleSection.swift */ = {isa = PBXFileReference; lastKnownFileType = sourcecode.swift; path = SharedStyleSection.swift; sourceTree = "<group>"; };
		72694A2B2DDDBD3500436EDF /* Array+Extension.swift */ = {isa = PBXFileReference; lastKnownFileType = sourcecode.swift; path = "Array+Extension.swift"; sourceTree = "<group>"; };
		72694A2D2DDDBD6200436EDF /* TileGroupView.swift */ = {isa = PBXFileReference; lastKnownFileType = sourcecode.swift; path = TileGroupView.swift; sourceTree = "<group>"; };
		72694A302DDEECA000436EDF /* LikedView.swift */ = {isa = PBXFileReference; lastKnownFileType = sourcecode.swift; path = LikedView.swift; sourceTree = "<group>"; };
		72694A322DDEECC400436EDF /* LikeReducer.swift */ = {isa = PBXFileReference; lastKnownFileType = sourcecode.swift; path = LikeReducer.swift; sourceTree = "<group>"; };
		72694A352DDEF74200436EDF /* LikedTabBar.swift */ = {isa = PBXFileReference; lastKnownFileType = sourcecode.swift; path = LikedTabBar.swift; sourceTree = "<group>"; };
		72694A382DDEFA6300436EDF /* FeedImageTile.swift */ = {isa = PBXFileReference; lastKnownFileType = sourcecode.swift; path = FeedImageTile.swift; sourceTree = "<group>"; };
		72694A3C2DDF088600436EDF /* ThreeColumnGrid.swift */ = {isa = PBXFileReference; lastKnownFileType = sourcecode.swift; path = ThreeColumnGrid.swift; sourceTree = "<group>"; };
		72694A3E2DDF0A5900436EDF /* LikedTab.swift */ = {isa = PBXFileReference; lastKnownFileType = sourcecode.swift; path = LikedTab.swift; sourceTree = "<group>"; };
		72BAA2E72DD1DAED005E7B23 /* ToneUp.app */ = {isa = PBXFileReference; explicitFileType = wrapper.application; includeInIndex = 0; path = ToneUp.app; sourceTree = BUILT_PRODUCTS_DIR; };
		72BAA2F72DD1DAEF005E7B23 /* ToneUpTests.xctest */ = {isa = PBXFileReference; explicitFileType = wrapper.cfbundle; includeInIndex = 0; path = ToneUpTests.xctest; sourceTree = BUILT_PRODUCTS_DIR; };
		72BAA3012DD1DAEF005E7B23 /* ToneUpUITests.xctest */ = {isa = PBXFileReference; explicitFileType = wrapper.cfbundle; includeInIndex = 0; path = ToneUpUITests.xctest; sourceTree = BUILT_PRODUCTS_DIR; };
		72BAA3142DD1DB03005E7B23 /* Preview Assets.xcassets */ = {isa = PBXFileReference; lastKnownFileType = folder.assetcatalog; path = "Preview Assets.xcassets"; sourceTree = "<group>"; };
		72BAA3162DD1DB03005E7B23 /* Assets.xcassets */ = {isa = PBXFileReference; lastKnownFileType = folder.assetcatalog; path = Assets.xcassets; sourceTree = "<group>"; };
		72BAA3182DD1DB03005E7B23 /* ToneUpApp.swift */ = {isa = PBXFileReference; lastKnownFileType = sourcecode.swift; path = ToneUpApp.swift; sourceTree = "<group>"; };
		72BAA31E2DD1DB08005E7B23 /* ToneUpTests.swift */ = {isa = PBXFileReference; lastKnownFileType = sourcecode.swift; path = ToneUpTests.swift; sourceTree = "<group>"; };
		72BAA3212DD1DB0C005E7B23 /* ToneUpUITests.swift */ = {isa = PBXFileReference; lastKnownFileType = sourcecode.swift; path = ToneUpUITests.swift; sourceTree = "<group>"; };
		72BAA3222DD1DB0C005E7B23 /* ToneUpUITestsLaunchTests.swift */ = {isa = PBXFileReference; lastKnownFileType = sourcecode.swift; path = ToneUpUITestsLaunchTests.swift; sourceTree = "<group>"; };
		72BAA32B2DD1DCEF005E7B23 /* .gitignore */ = {isa = PBXFileReference; lastKnownFileType = text; path = .gitignore; sourceTree = "<group>"; };
		72BAA35F2DD51484005E7B23 /* Info.plist */ = {isa = PBXFileReference; lastKnownFileType = text.plist; path = Info.plist; sourceTree = "<group>"; };
		72BAA3A62DD747E6005E7B23 /* OnboardingView.swift */ = {isa = PBXFileReference; lastKnownFileType = sourcecode.swift; path = OnboardingView.swift; sourceTree = "<group>"; };
		72BAA3DC2DD74CAB005E7B23 /* CommonButton.swift */ = {isa = PBXFileReference; lastKnownFileType = sourcecode.swift; path = CommonButton.swift; sourceTree = "<group>"; };
		72BAA3DF2DD753FE005E7B23 /* CommonText.swift */ = {isa = PBXFileReference; lastKnownFileType = sourcecode.swift; path = CommonText.swift; sourceTree = "<group>"; };
		72BAA3E22DD75AD4005E7B23 /* CustomFontModifier.swift */ = {isa = PBXFileReference; lastKnownFileType = sourcecode.swift; path = CustomFontModifier.swift; sourceTree = "<group>"; };
		72BAA3E52DD75C20005E7B23 /* AppText.swift */ = {isa = PBXFileReference; lastKnownFileType = sourcecode.swift; path = AppText.swift; sourceTree = "<group>"; };
		72BAA3E92DD75E11005E7B23 /* Image+Extension.swift */ = {isa = PBXFileReference; lastKnownFileType = sourcecode.swift; path = "Image+Extension.swift"; sourceTree = "<group>"; };
		72BAA3EB2DD76037005E7B23 /* ButtonTitle.swift */ = {isa = PBXFileReference; lastKnownFileType = sourcecode.swift; path = ButtonTitle.swift; sourceTree = "<group>"; };
		72BAA3FB2DD8D17B005E7B23 /* OnboardingReducer.swift */ = {isa = PBXFileReference; lastKnownFileType = sourcecode.swift; path = OnboardingReducer.swift; sourceTree = "<group>"; };
		72BAA3FE2DD8D8A6005E7B23 /* LoginOption.swift */ = {isa = PBXFileReference; lastKnownFileType = sourcecode.swift; path = LoginOption.swift; sourceTree = "<group>"; };
		72BAA4012DD8D906005E7B23 /* AuthClient.swift */ = {isa = PBXFileReference; lastKnownFileType = sourcecode.swift; path = AuthClient.swift; sourceTree = "<group>"; };
		72BAA4042DD8D9B8005E7B23 /* User.swift */ = {isa = PBXFileReference; lastKnownFileType = sourcecode.swift; path = User.swift; sourceTree = "<group>"; };
		72BAA4062DD8D9F3005E7B23 /* AuthError.swift */ = {isa = PBXFileReference; lastKnownFileType = sourcecode.swift; path = AuthError.swift; sourceTree = "<group>"; };
		72BAA4082DD8DA37005E7B23 /* LoginSheetView.swift */ = {isa = PBXFileReference; lastKnownFileType = sourcecode.swift; path = LoginSheetView.swift; sourceTree = "<group>"; };
/* End PBXFileReference section */

/* Begin PBXFileSystemSynchronizedRootGroup section */
		72BAA3292DD1DBA9005E7B23 /* StoryBoards */ = {
			isa = PBXFileSystemSynchronizedRootGroup;
			path = StoryBoards;
			sourceTree = "<group>";
		};
		72BAA32A2DD1DBC9005E7B23 /* Font */ = {
			isa = PBXFileSystemSynchronizedRootGroup;
			path = Font;
			sourceTree = "<group>";
		};
/* End PBXFileSystemSynchronizedRootGroup section */

/* Begin PBXFrameworksBuildPhase section */
		72BAA2E42DD1DAED005E7B23 /* Frameworks */ = {
			isa = PBXFrameworksBuildPhase;
			buildActionMask = 2147483647;
			files = (
				72BAA3942DD70903005E7B23 /* ComposableArchitecture in Frameworks */,
			);
			runOnlyForDeploymentPostprocessing = 0;
		};
		72BAA2F42DD1DAEF005E7B23 /* Frameworks */ = {
			isa = PBXFrameworksBuildPhase;
			buildActionMask = 2147483647;
			files = (
			);
			runOnlyForDeploymentPostprocessing = 0;
		};
		72BAA2FE2DD1DAEF005E7B23 /* Frameworks */ = {
			isa = PBXFrameworksBuildPhase;
			buildActionMask = 2147483647;
			files = (
			);
			runOnlyForDeploymentPostprocessing = 0;
		};
/* End PBXFrameworksBuildPhase section */

/* Begin PBXGroup section */
		7207632B2DE1E2540017963C /* PostDetail */ = {
			isa = PBXGroup;
			children = (
				7207632C2DE1E26E0017963C /* PostDetailView.swift */,
			);
			path = PostDetail;
			sourceTree = "<group>";
		};
		720F6B152DE03357006CF82C /* Profile */ = {
			isa = PBXGroup;
			children = (
				720F6B162DE0365F006CF82C /* ProfileView.swift */,
				720F6B182DE036A0006CF82C /* Component */,
			);
			path = Profile;
			sourceTree = "<group>";
		};
		720F6B182DE036A0006CF82C /* Component */ = {
			isa = PBXGroup;
			children = (
				720F6B192DE036AE006CF82C /* ProfileContentView.swift */,
				720F6B1B2DE04F66006CF82C /* ProfileTabBar.swift */,
				72038C332DE05D32002669F5 /* EditProfileView.swift */,
				72038C352DE05F5A002669F5 /* EditProfileContentView.swift */,
				7207630B2DE064F80017963C /* ProfileRowItem.swift */,
				7207630D2DE0654E0017963C /* EditProfileInfoSection.swift */,
			);
			path = Component;
			sourceTree = "<group>";
		};
		72694A022DD9CF6400436EDF /* Home */ = {
			isa = PBXGroup;
			children = (
				72694A052DD9CFA200436EDF /* HomeView.swift */,
				72694A032DD9CF7500436EDF /* HomeReducer.swift */,
				72694A072DD9D43200436EDF /* Component */,
			);
			path = Home;
			sourceTree = "<group>";
		};
		72694A072DD9D43200436EDF /* Component */ = {
			isa = PBXGroup;
			children = (
				72694A0F2DDA08D100436EDF /* PersonalToneView.swift */,
				72694A212DDD9FE900436EDF /* SectionHomeHeader.swift */,
				72694A232DDDA19400436EDF /* RecommendSection.swift */,
				72694A272DDDA64B00436EDF /* StyleRecordSection.swift */,
				72694A292DDDA82D00436EDF /* SharedStyleSection.swift */,
				72694A2D2DDDBD6200436EDF /* TileGroupView.swift */,
			);
			path = Component;
			sourceTree = "<group>";
		};
		72694A0A2DD9DA3D00436EDF /* NavigationBar */ = {
			isa = PBXGroup;
			children = (
				72694A0B2DD9DA4D00436EDF /* CustomNavigationBar.swift */,
			);
			path = NavigationBar;
			sourceTree = "<group>";
		};
		72694A2F2DDEE7CC00436EDF /* Like */ = {
			isa = PBXGroup;
			children = (
				72694A302DDEECA000436EDF /* LikedView.swift */,
				72694A322DDEECC400436EDF /* LikeReducer.swift */,
				72694A342DDEF6E000436EDF /* Component */,
			);
			path = Like;
			sourceTree = "<group>";
		};
		72694A342DDEF6E000436EDF /* Component */ = {
			isa = PBXGroup;
			children = (
				72694A352DDEF74200436EDF /* LikedTabBar.swift */,
			);
			path = Component;
			sourceTree = "<group>";
		};
		72694A372DDEFA4800436EDF /* Image */ = {
			isa = PBXGroup;
			children = (
				72694A382DDEFA6300436EDF /* FeedImageTile.swift */,
			);
			path = Image;
			sourceTree = "<group>";
		};
		72694A3A2DDEFEDE00436EDF /* Cell */ = {
			isa = PBXGroup;
			children = (
				72694A252DDDA1F700436EDF /* ProductViewCell.swift */,
			);
			path = Cell;
			sourceTree = "<group>";
		};
		72694A3B2DDF087600436EDF /* View */ = {
			isa = PBXGroup;
			children = (
				72694A3C2DDF088600436EDF /* ThreeColumnGrid.swift */,
			);
			path = View;
			sourceTree = "<group>";
		};
		72BAA2DE2DD1DAED005E7B23 = {
			isa = PBXGroup;
			children = (
				72BAA32B2DD1DCEF005E7B23 /* .gitignore */,
				72BAA3192DD1DB03005E7B23 /* ToneUp */,
				72BAA31F2DD1DB08005E7B23 /* ToneUpTests */,
				72BAA3232DD1DB0C005E7B23 /* ToneUpUITests */,
				72BAA2E82DD1DAED005E7B23 /* Products */,
			);
			sourceTree = "<group>";
		};
		72BAA2E82DD1DAED005E7B23 /* Products */ = {
			isa = PBXGroup;
			children = (
				72BAA2E72DD1DAED005E7B23 /* ToneUp.app */,
				72BAA2F72DD1DAEF005E7B23 /* ToneUpTests.xctest */,
				72BAA3012DD1DAEF005E7B23 /* ToneUpUITests.xctest */,
			);
			name = Products;
			sourceTree = "<group>";
		};
		72BAA3152DD1DB03005E7B23 /* Preview Content */ = {
			isa = PBXGroup;
			children = (
				72BAA3142DD1DB03005E7B23 /* Preview Assets.xcassets */,
			);
			path = "Preview Content";
			sourceTree = "<group>";
		};
		72BAA3192DD1DB03005E7B23 /* ToneUp */ = {
			isa = PBXGroup;
			children = (
				72BAA35F2DD51484005E7B23 /* Info.plist */,
				72BAA3152DD1DB03005E7B23 /* Preview Content */,
				72BAA3262DD1DB5E005E7B23 /* Resources */,
				72BAA3272DD1DB65005E7B23 /* Sources */,
			);
			path = ToneUp;
			sourceTree = "<group>";
		};
		72BAA31F2DD1DB08005E7B23 /* ToneUpTests */ = {
			isa = PBXGroup;
			children = (
				72BAA31E2DD1DB08005E7B23 /* ToneUpTests.swift */,
			);
			path = ToneUpTests;
			sourceTree = "<group>";
		};
		72BAA3232DD1DB0C005E7B23 /* ToneUpUITests */ = {
			isa = PBXGroup;
			children = (
				72BAA3212DD1DB0C005E7B23 /* ToneUpUITests.swift */,
				72BAA3222DD1DB0C005E7B23 /* ToneUpUITestsLaunchTests.swift */,
			);
			path = ToneUpUITests;
			sourceTree = "<group>";
		};
		72BAA3262DD1DB5E005E7B23 /* Resources */ = {
			isa = PBXGroup;
			children = (
				72BAA3162DD1DB03005E7B23 /* Assets.xcassets */,
				72BAA3282DD1DB83005E7B23 /* Application */,
				72BAA32A2DD1DBC9005E7B23 /* Font */,
				72BAA3292DD1DBA9005E7B23 /* StoryBoards */,
			);
			path = Resources;
			sourceTree = "<group>";
		};
		72BAA3272DD1DB65005E7B23 /* Sources */ = {
			isa = PBXGroup;
			children = (
				72BAA4032DD8D9AC005E7B23 /* Models */,
				72BAA3952DD716DE005E7B23 /* Features */,
				72BAA3972DD7170C005E7B23 /* Services */,
				72BAA3DA2DD74C8E005E7B23 /* Components */,
				72BAA3E42DD75C05005E7B23 /* Util */,
				72BAA3E82DD75DE9005E7B23 /* Extension */,
				72BAA3E12DD75AC1005E7B23 /* Modifier */,
			);
			path = Sources;
			sourceTree = "<group>";
		};
		72BAA3282DD1DB83005E7B23 /* Application */ = {
			isa = PBXGroup;
			children = (
				72BAA3182DD1DB03005E7B23 /* ToneUpApp.swift */,
			);
			path = Application;
			sourceTree = "<group>";
		};
		72BAA3952DD716DE005E7B23 /* Features */ = {
			isa = PBXGroup;
			children = (
				72BAA3962DD716EE005E7B23 /* Onboarding */,
				72694A022DD9CF6400436EDF /* Home */,
				72694A2F2DDEE7CC00436EDF /* Like */,
				720F6B152DE03357006CF82C /* Profile */,
				7207632B2DE1E2540017963C /* PostDetail */,
			);
			path = Features;
			sourceTree = "<group>";
		};
		72BAA3962DD716EE005E7B23 /* Onboarding */ = {
			isa = PBXGroup;
			children = (
				72BAA3A62DD747E6005E7B23 /* OnboardingView.swift */,
				72BAA3FB2DD8D17B005E7B23 /* OnboardingReducer.swift */,
				72BAA3FE2DD8D8A6005E7B23 /* LoginOption.swift */,
				72BAA40A2DD8DA3B005E7B23 /* Component */,
			);
			path = Onboarding;
			sourceTree = "<group>";
		};
		72BAA3972DD7170C005E7B23 /* Services */ = {
			isa = PBXGroup;
			children = (
				72BAA4002DD8D8F3005E7B23 /* AuthClient */,
			);
			path = Services;
			sourceTree = "<group>";
		};
		72BAA3DA2DD74C8E005E7B23 /* Components */ = {
			isa = PBXGroup;
			children = (
				72694A3B2DDF087600436EDF /* View */,
				72694A3A2DDEFEDE00436EDF /* Cell */,
				72694A372DDEFA4800436EDF /* Image */,
				72694A0A2DD9DA3D00436EDF /* NavigationBar */,
				72BAA3DE2DD753DE005E7B23 /* Text */,
				72BAA3DB2DD74C96005E7B23 /* Button */,
			);
			path = Components;
			sourceTree = "<group>";
		};
		72BAA3DB2DD74C96005E7B23 /* Button */ = {
			isa = PBXGroup;
			children = (
				72BAA3DC2DD74CAB005E7B23 /* CommonButton.swift */,
			);
			path = Button;
			sourceTree = "<group>";
		};
		72BAA3DE2DD753DE005E7B23 /* Text */ = {
			isa = PBXGroup;
			children = (
				72BAA3DF2DD753FE005E7B23 /* CommonText.swift */,
			);
			path = Text;
			sourceTree = "<group>";
		};
		72BAA3E12DD75AC1005E7B23 /* Modifier */ = {
			isa = PBXGroup;
			children = (
				72BAA3E22DD75AD4005E7B23 /* CustomFontModifier.swift */,
				72694A0D2DD9E07800436EDF /* CustomNavigationBarModifier.swift */,
			);
			path = Modifier;
			sourceTree = "<group>";
		};
		72BAA3E42DD75C05005E7B23 /* Util */ = {
			isa = PBXGroup;
			children = (
				72BAA3E72DD75C24005E7B23 /* Enum */,
			);
			path = Util;
			sourceTree = "<group>";
		};
		72BAA3E72DD75C24005E7B23 /* Enum */ = {
			isa = PBXGroup;
			children = (
				72BAA3E52DD75C20005E7B23 /* AppText.swift */,
				72BAA3EB2DD76037005E7B23 /* ButtonTitle.swift */,
			);
			path = Enum;
			sourceTree = "<group>";
		};
		72BAA3E82DD75DE9005E7B23 /* Extension */ = {
			isa = PBXGroup;
			children = (
				72BAA3E92DD75E11005E7B23 /* Image+Extension.swift */,
				72694A2B2DDDBD3500436EDF /* Array+Extension.swift */,
			);
			path = Extension;
			sourceTree = "<group>";
		};
		72BAA4002DD8D8F3005E7B23 /* AuthClient */ = {
			isa = PBXGroup;
			children = (
				72BAA4012DD8D906005E7B23 /* AuthClient.swift */,
			);
			path = AuthClient;
			sourceTree = "<group>";
		};
		72BAA4032DD8D9AC005E7B23 /* Models */ = {
			isa = PBXGroup;
			children = (
				72BAA4042DD8D9B8005E7B23 /* User.swift */,
				72BAA4062DD8D9F3005E7B23 /* AuthError.swift */,
				72694A3E2DDF0A5900436EDF /* LikedTab.swift */,
				720F6B1D2DE04FA5006CF82C /* ProfileTab.swift */,
			);
			path = Models;
			sourceTree = "<group>";
		};
		72BAA40A2DD8DA3B005E7B23 /* Component */ = {
			isa = PBXGroup;
			children = (
				72BAA4082DD8DA37005E7B23 /* LoginSheetView.swift */,
			);
			path = Component;
			sourceTree = "<group>";
		};
/* End PBXGroup section */

/* Begin PBXNativeTarget section */
		72BAA2E62DD1DAED005E7B23 /* ToneUp */ = {
			isa = PBXNativeTarget;
			buildConfigurationList = 72BAA30B2DD1DAEF005E7B23 /* Build configuration list for PBXNativeTarget "ToneUp" */;
			buildPhases = (
				72BAA2E32DD1DAED005E7B23 /* Sources */,
				72BAA2E42DD1DAED005E7B23 /* Frameworks */,
				72BAA2E52DD1DAED005E7B23 /* Resources */,
			);
			buildRules = (
			);
			dependencies = (
			);
			fileSystemSynchronizedGroups = (
				72BAA3292DD1DBA9005E7B23 /* StoryBoards */,
				72BAA32A2DD1DBC9005E7B23 /* Font */,
			);
			name = ToneUp;
			packageProductDependencies = (
				72BAA3932DD70903005E7B23 /* ComposableArchitecture */,
			);
			productName = ToneUp;
			productReference = 72BAA2E72DD1DAED005E7B23 /* ToneUp.app */;
			productType = "com.apple.product-type.application";
		};
		72BAA2F62DD1DAEF005E7B23 /* ToneUpTests */ = {
			isa = PBXNativeTarget;
			buildConfigurationList = 72BAA30E2DD1DAEF005E7B23 /* Build configuration list for PBXNativeTarget "ToneUpTests" */;
			buildPhases = (
				72BAA2F32DD1DAEF005E7B23 /* Sources */,
				72BAA2F42DD1DAEF005E7B23 /* Frameworks */,
				72BAA2F52DD1DAEF005E7B23 /* Resources */,
			);
			buildRules = (
			);
			dependencies = (
				72BAA2F92DD1DAEF005E7B23 /* PBXTargetDependency */,
			);
			name = ToneUpTests;
			packageProductDependencies = (
			);
			productName = ToneUpTests;
			productReference = 72BAA2F72DD1DAEF005E7B23 /* ToneUpTests.xctest */;
			productType = "com.apple.product-type.bundle.unit-test";
		};
		72BAA3002DD1DAEF005E7B23 /* ToneUpUITests */ = {
			isa = PBXNativeTarget;
			buildConfigurationList = 72BAA3112DD1DAEF005E7B23 /* Build configuration list for PBXNativeTarget "ToneUpUITests" */;
			buildPhases = (
				72BAA2FD2DD1DAEF005E7B23 /* Sources */,
				72BAA2FE2DD1DAEF005E7B23 /* Frameworks */,
				72BAA2FF2DD1DAEF005E7B23 /* Resources */,
			);
			buildRules = (
			);
			dependencies = (
				72BAA3032DD1DAEF005E7B23 /* PBXTargetDependency */,
			);
			name = ToneUpUITests;
			packageProductDependencies = (
			);
			productName = ToneUpUITests;
			productReference = 72BAA3012DD1DAEF005E7B23 /* ToneUpUITests.xctest */;
			productType = "com.apple.product-type.bundle.ui-testing";
		};
/* End PBXNativeTarget section */

/* Begin PBXProject section */
		72BAA2DF2DD1DAED005E7B23 /* Project object */ = {
			isa = PBXProject;
			attributes = {
				BuildIndependentTargetsInParallel = 1;
				LastSwiftUpdateCheck = 1620;
				LastUpgradeCheck = 1620;
				TargetAttributes = {
					72BAA2E62DD1DAED005E7B23 = {
						CreatedOnToolsVersion = 16.2;
					};
					72BAA2F62DD1DAEF005E7B23 = {
						CreatedOnToolsVersion = 16.2;
						TestTargetID = 72BAA2E62DD1DAED005E7B23;
					};
					72BAA3002DD1DAEF005E7B23 = {
						CreatedOnToolsVersion = 16.2;
						TestTargetID = 72BAA2E62DD1DAED005E7B23;
					};
				};
			};
			buildConfigurationList = 72BAA2E22DD1DAED005E7B23 /* Build configuration list for PBXProject "ToneUp" */;
			developmentRegion = en;
			hasScannedForEncodings = 0;
			knownRegions = (
				en,
				Base,
			);
			mainGroup = 72BAA2DE2DD1DAED005E7B23;
			minimizedProjectReferenceProxies = 1;
			packageReferences = (
				72BAA3922DD70903005E7B23 /* XCRemoteSwiftPackageReference "swift-composable-architecture" */,
			);
			preferredProjectObjectVersion = 77;
			productRefGroup = 72BAA2E82DD1DAED005E7B23 /* Products */;
			projectDirPath = "";
			projectRoot = "";
			targets = (
				72BAA2E62DD1DAED005E7B23 /* ToneUp */,
				72BAA2F62DD1DAEF005E7B23 /* ToneUpTests */,
				72BAA3002DD1DAEF005E7B23 /* ToneUpUITests */,
			);
		};
/* End PBXProject section */

/* Begin PBXResourcesBuildPhase section */
		72BAA2E52DD1DAED005E7B23 /* Resources */ = {
			isa = PBXResourcesBuildPhase;
			buildActionMask = 2147483647;
			files = (
				72BAA31A2DD1DB03005E7B23 /* Preview Assets.xcassets in Resources */,
				72BAA31B2DD1DB03005E7B23 /* Assets.xcassets in Resources */,
			);
			runOnlyForDeploymentPostprocessing = 0;
		};
		72BAA2F52DD1DAEF005E7B23 /* Resources */ = {
			isa = PBXResourcesBuildPhase;
			buildActionMask = 2147483647;
			files = (
			);
			runOnlyForDeploymentPostprocessing = 0;
		};
		72BAA2FF2DD1DAEF005E7B23 /* Resources */ = {
			isa = PBXResourcesBuildPhase;
			buildActionMask = 2147483647;
			files = (
			);
			runOnlyForDeploymentPostprocessing = 0;
		};
/* End PBXResourcesBuildPhase section */

/* Begin PBXSourcesBuildPhase section */
		72BAA2E32DD1DAED005E7B23 /* Sources */ = {
			isa = PBXSourcesBuildPhase;
			buildActionMask = 2147483647;
			files = (
				72694A242DDDA19400436EDF /* RecommendSection.swift in Sources */,
				7207630E2DE0654E0017963C /* EditProfileInfoSection.swift in Sources */,
				72BAA4052DD8D9B8005E7B23 /* User.swift in Sources */,
				72038C362DE05F5A002669F5 /* EditProfileContentView.swift in Sources */,
				72694A2E2DDDBD6200436EDF /* TileGroupView.swift in Sources */,
				72BAA3E02DD753FE005E7B23 /* CommonText.swift in Sources */,
				72694A102DDA08D100436EDF /* PersonalToneView.swift in Sources */,
				720F6B1E2DE04FA5006CF82C /* ProfileTab.swift in Sources */,
				72BAA3E32DD75AD4005E7B23 /* CustomFontModifier.swift in Sources */,
				72BAA3EA2DD75E11005E7B23 /* Image+Extension.swift in Sources */,
				72694A062DD9CFA200436EDF /* HomeView.swift in Sources */,
				72BAA3FF2DD8D8A6005E7B23 /* LoginOption.swift in Sources */,
				72BAA4022DD8D906005E7B23 /* AuthClient.swift in Sources */,
				72694A332DDEECC400436EDF /* LikeReducer.swift in Sources */,
				720F6B1C2DE04F66006CF82C /* ProfileTabBar.swift in Sources */,
				72BAA4072DD8D9F3005E7B23 /* AuthError.swift in Sources */,
				72694A3F2DDF0A5900436EDF /* LikedTab.swift in Sources */,
				72694A2C2DDDBD3500436EDF /* Array+Extension.swift in Sources */,
				72694A0E2DD9E07800436EDF /* CustomNavigationBarModifier.swift in Sources */,
				72694A222DDD9FE900436EDF /* SectionHomeHeader.swift in Sources */,
				72BAA3A72DD747E6005E7B23 /* OnboardingView.swift in Sources */,
				72BAA3EC2DD76037005E7B23 /* ButtonTitle.swift in Sources */,
				72694A2A2DDDA82D00436EDF /* SharedStyleSection.swift in Sources */,
				72694A362DDEF74200436EDF /* LikedTabBar.swift in Sources */,
				72BAA3DD2DD74CAB005E7B23 /* CommonButton.swift in Sources */,
				72694A392DDEFA6300436EDF /* FeedImageTile.swift in Sources */,
				72694A282DDDA64B00436EDF /* StyleRecordSection.swift in Sources */,
				72BAA4092DD8DA37005E7B23 /* LoginSheetView.swift in Sources */,
				72BAA3FC2DD8D17B005E7B23 /* OnboardingReducer.swift in Sources */,
				720F6B172DE0365F006CF82C /* ProfileView.swift in Sources */,
				720F6B1A2DE036AE006CF82C /* ProfileContentView.swift in Sources */,
				72694A262DDDA1F700436EDF /* ProductViewCell.swift in Sources */,
				72694A0C2DD9DA4D00436EDF /* CustomNavigationBar.swift in Sources */,
				72038C342DE05D32002669F5 /* EditProfileView.swift in Sources */,
				72BAA3E62DD75C20005E7B23 /* AppText.swift in Sources */,
				72694A3D2DDF088600436EDF /* ThreeColumnGrid.swift in Sources */,
				72BAA31D2DD1DB03005E7B23 /* ToneUpApp.swift in Sources */,
				72694A312DDEECA000436EDF /* LikedView.swift in Sources */,
				7207632D2DE1E26E0017963C /* PostDetailView.swift in Sources */,
				72694A042DD9CF7500436EDF /* HomeReducer.swift in Sources */,
				7207630C2DE064F80017963C /* ProfileRowItem.swift in Sources */,
			);
			runOnlyForDeploymentPostprocessing = 0;
		};
		72BAA2F32DD1DAEF005E7B23 /* Sources */ = {
			isa = PBXSourcesBuildPhase;
			buildActionMask = 2147483647;
			files = (
				72BAA3202DD1DB08005E7B23 /* ToneUpTests.swift in Sources */,
			);
			runOnlyForDeploymentPostprocessing = 0;
		};
		72BAA2FD2DD1DAEF005E7B23 /* Sources */ = {
			isa = PBXSourcesBuildPhase;
			buildActionMask = 2147483647;
			files = (
				72BAA3242DD1DB0C005E7B23 /* ToneUpUITests.swift in Sources */,
				72BAA3252DD1DB0C005E7B23 /* ToneUpUITestsLaunchTests.swift in Sources */,
			);
			runOnlyForDeploymentPostprocessing = 0;
		};
/* End PBXSourcesBuildPhase section */

/* Begin PBXTargetDependency section */
		72BAA2F92DD1DAEF005E7B23 /* PBXTargetDependency */ = {
			isa = PBXTargetDependency;
			target = 72BAA2E62DD1DAED005E7B23 /* ToneUp */;
			targetProxy = 72BAA2F82DD1DAEF005E7B23 /* PBXContainerItemProxy */;
		};
		72BAA3032DD1DAEF005E7B23 /* PBXTargetDependency */ = {
			isa = PBXTargetDependency;
			target = 72BAA2E62DD1DAED005E7B23 /* ToneUp */;
			targetProxy = 72BAA3022DD1DAEF005E7B23 /* PBXContainerItemProxy */;
		};
/* End PBXTargetDependency section */

/* Begin XCBuildConfiguration section */
		72BAA3092DD1DAEF005E7B23 /* Debug */ = {
			isa = XCBuildConfiguration;
			buildSettings = {
				ALWAYS_SEARCH_USER_PATHS = NO;
				ASSETCATALOG_COMPILER_GENERATE_SWIFT_ASSET_SYMBOL_EXTENSIONS = YES;
				CLANG_ANALYZER_NONNULL = YES;
				CLANG_ANALYZER_NUMBER_OBJECT_CONVERSION = YES_AGGRESSIVE;
				CLANG_CXX_LANGUAGE_STANDARD = "gnu++20";
				CLANG_ENABLE_MODULES = YES;
				CLANG_ENABLE_OBJC_ARC = YES;
				CLANG_ENABLE_OBJC_WEAK = YES;
				CLANG_WARN_BLOCK_CAPTURE_AUTORELEASING = YES;
				CLANG_WARN_BOOL_CONVERSION = YES;
				CLANG_WARN_COMMA = YES;
				CLANG_WARN_CONSTANT_CONVERSION = YES;
				CLANG_WARN_DEPRECATED_OBJC_IMPLEMENTATIONS = YES;
				CLANG_WARN_DIRECT_OBJC_ISA_USAGE = YES_ERROR;
				CLANG_WARN_DOCUMENTATION_COMMENTS = YES;
				CLANG_WARN_EMPTY_BODY = YES;
				CLANG_WARN_ENUM_CONVERSION = YES;
				CLANG_WARN_INFINITE_RECURSION = YES;
				CLANG_WARN_INT_CONVERSION = YES;
				CLANG_WARN_NON_LITERAL_NULL_CONVERSION = YES;
				CLANG_WARN_OBJC_IMPLICIT_RETAIN_SELF = YES;
				CLANG_WARN_OBJC_LITERAL_CONVERSION = YES;
				CLANG_WARN_OBJC_ROOT_CLASS = YES_ERROR;
				CLANG_WARN_QUOTED_INCLUDE_IN_FRAMEWORK_HEADER = YES;
				CLANG_WARN_RANGE_LOOP_ANALYSIS = YES;
				CLANG_WARN_STRICT_PROTOTYPES = YES;
				CLANG_WARN_SUSPICIOUS_MOVE = YES;
				CLANG_WARN_UNGUARDED_AVAILABILITY = YES_AGGRESSIVE;
				CLANG_WARN_UNREACHABLE_CODE = YES;
				CLANG_WARN__DUPLICATE_METHOD_MATCH = YES;
				COPY_PHASE_STRIP = NO;
				DEBUG_INFORMATION_FORMAT = dwarf;
				ENABLE_STRICT_OBJC_MSGSEND = YES;
				ENABLE_TESTABILITY = YES;
				ENABLE_USER_SCRIPT_SANDBOXING = YES;
				GCC_C_LANGUAGE_STANDARD = gnu17;
				GCC_DYNAMIC_NO_PIC = NO;
				GCC_NO_COMMON_BLOCKS = YES;
				GCC_OPTIMIZATION_LEVEL = 0;
				GCC_PREPROCESSOR_DEFINITIONS = (
					"DEBUG=1",
					"$(inherited)",
				);
				GCC_WARN_64_TO_32_BIT_CONVERSION = YES;
				GCC_WARN_ABOUT_RETURN_TYPE = YES_ERROR;
				GCC_WARN_UNDECLARED_SELECTOR = YES;
				GCC_WARN_UNINITIALIZED_AUTOS = YES_AGGRESSIVE;
				GCC_WARN_UNUSED_FUNCTION = YES;
				GCC_WARN_UNUSED_VARIABLE = YES;
				IPHONEOS_DEPLOYMENT_TARGET = 18.2;
				LOCALIZATION_PREFERS_STRING_CATALOGS = YES;
				MTL_ENABLE_DEBUG_INFO = INCLUDE_SOURCE;
				MTL_FAST_MATH = YES;
				ONLY_ACTIVE_ARCH = YES;
				SDKROOT = iphoneos;
				SWIFT_ACTIVE_COMPILATION_CONDITIONS = "DEBUG $(inherited)";
				SWIFT_OPTIMIZATION_LEVEL = "-Onone";
			};
			name = Debug;
		};
		72BAA30A2DD1DAEF005E7B23 /* Release */ = {
			isa = XCBuildConfiguration;
			buildSettings = {
				ALWAYS_SEARCH_USER_PATHS = NO;
				ASSETCATALOG_COMPILER_GENERATE_SWIFT_ASSET_SYMBOL_EXTENSIONS = YES;
				CLANG_ANALYZER_NONNULL = YES;
				CLANG_ANALYZER_NUMBER_OBJECT_CONVERSION = YES_AGGRESSIVE;
				CLANG_CXX_LANGUAGE_STANDARD = "gnu++20";
				CLANG_ENABLE_MODULES = YES;
				CLANG_ENABLE_OBJC_ARC = YES;
				CLANG_ENABLE_OBJC_WEAK = YES;
				CLANG_WARN_BLOCK_CAPTURE_AUTORELEASING = YES;
				CLANG_WARN_BOOL_CONVERSION = YES;
				CLANG_WARN_COMMA = YES;
				CLANG_WARN_CONSTANT_CONVERSION = YES;
				CLANG_WARN_DEPRECATED_OBJC_IMPLEMENTATIONS = YES;
				CLANG_WARN_DIRECT_OBJC_ISA_USAGE = YES_ERROR;
				CLANG_WARN_DOCUMENTATION_COMMENTS = YES;
				CLANG_WARN_EMPTY_BODY = YES;
				CLANG_WARN_ENUM_CONVERSION = YES;
				CLANG_WARN_INFINITE_RECURSION = YES;
				CLANG_WARN_INT_CONVERSION = YES;
				CLANG_WARN_NON_LITERAL_NULL_CONVERSION = YES;
				CLANG_WARN_OBJC_IMPLICIT_RETAIN_SELF = YES;
				CLANG_WARN_OBJC_LITERAL_CONVERSION = YES;
				CLANG_WARN_OBJC_ROOT_CLASS = YES_ERROR;
				CLANG_WARN_QUOTED_INCLUDE_IN_FRAMEWORK_HEADER = YES;
				CLANG_WARN_RANGE_LOOP_ANALYSIS = YES;
				CLANG_WARN_STRICT_PROTOTYPES = YES;
				CLANG_WARN_SUSPICIOUS_MOVE = YES;
				CLANG_WARN_UNGUARDED_AVAILABILITY = YES_AGGRESSIVE;
				CLANG_WARN_UNREACHABLE_CODE = YES;
				CLANG_WARN__DUPLICATE_METHOD_MATCH = YES;
				COPY_PHASE_STRIP = NO;
				DEBUG_INFORMATION_FORMAT = "dwarf-with-dsym";
				ENABLE_NS_ASSERTIONS = NO;
				ENABLE_STRICT_OBJC_MSGSEND = YES;
				ENABLE_USER_SCRIPT_SANDBOXING = YES;
				GCC_C_LANGUAGE_STANDARD = gnu17;
				GCC_NO_COMMON_BLOCKS = YES;
				GCC_WARN_64_TO_32_BIT_CONVERSION = YES;
				GCC_WARN_ABOUT_RETURN_TYPE = YES_ERROR;
				GCC_WARN_UNDECLARED_SELECTOR = YES;
				GCC_WARN_UNINITIALIZED_AUTOS = YES_AGGRESSIVE;
				GCC_WARN_UNUSED_FUNCTION = YES;
				GCC_WARN_UNUSED_VARIABLE = YES;
				IPHONEOS_DEPLOYMENT_TARGET = 18.2;
				LOCALIZATION_PREFERS_STRING_CATALOGS = YES;
				MTL_ENABLE_DEBUG_INFO = NO;
				MTL_FAST_MATH = YES;
				SDKROOT = iphoneos;
				SWIFT_COMPILATION_MODE = wholemodule;
				VALIDATE_PRODUCT = YES;
			};
			name = Release;
		};
		72BAA30C2DD1DAEF005E7B23 /* Debug */ = {
			isa = XCBuildConfiguration;
			buildSettings = {
				ASSETCATALOG_COMPILER_APPICON_NAME = AppIcon;
				ASSETCATALOG_COMPILER_GLOBAL_ACCENT_COLOR_NAME = AccentColor;
				"CODE_SIGN_IDENTITY[sdk=iphoneos*]" = "iPhone Distribution";
				CODE_SIGN_STYLE = Manual;
				CURRENT_PROJECT_VERSION = 1;
				DEVELOPMENT_ASSET_PATHS = "\"ToneUp/Preview Content\"";
				DEVELOPMENT_TEAM = "";
				"DEVELOPMENT_TEAM[sdk=iphoneos*]" = QQN262X7KM;
				ENABLE_PREVIEWS = YES;
				GENERATE_INFOPLIST_FILE = YES;
				INFOPLIST_FILE = ToneUp/Info.plist;
				INFOPLIST_KEY_UIApplicationSceneManifest_Generation = YES;
				INFOPLIST_KEY_UIApplicationSupportsIndirectInputEvents = YES;
				INFOPLIST_KEY_UILaunchScreen_Generation = YES;
				INFOPLIST_KEY_UISupportedInterfaceOrientations = UIInterfaceOrientationPortrait;
				INFOPLIST_KEY_UISupportedInterfaceOrientations_iPad = UIInterfaceOrientationPortrait;
				IPHONEOS_DEPLOYMENT_TARGET = 17.0;
				LD_RUNPATH_SEARCH_PATHS = (
					"$(inherited)",
					"@executable_path/Frameworks",
				);
				MARKETING_VERSION = 1.0;
				PRODUCT_BUNDLE_IDENTIFIER = com.jun.ToneUp;
				PRODUCT_NAME = "$(TARGET_NAME)";
				PROVISIONING_PROFILE_SPECIFIER = "";
				"PROVISIONING_PROFILE_SPECIFIER[sdk=iphoneos*]" = "match AppStore com.jun.ToneUp 1747305583";
				SUPPORTED_PLATFORMS = "iphoneos iphonesimulator";
				SUPPORTS_MACCATALYST = NO;
				SUPPORTS_MAC_DESIGNED_FOR_IPHONE_IPAD = NO;
				SUPPORTS_XR_DESIGNED_FOR_IPHONE_IPAD = NO;
				SWIFT_EMIT_LOC_STRINGS = YES;
				SWIFT_VERSION = 5.0;
				TARGETED_DEVICE_FAMILY = 1;
			};
			name = Debug;
		};
		72BAA30D2DD1DAEF005E7B23 /* Release */ = {
			isa = XCBuildConfiguration;
			buildSettings = {
				ASSETCATALOG_COMPILER_APPICON_NAME = AppIcon;
				ASSETCATALOG_COMPILER_GLOBAL_ACCENT_COLOR_NAME = AccentColor;
				"CODE_SIGN_IDENTITY[sdk=iphoneos*]" = "iPhone Distribution";
				CODE_SIGN_STYLE = Manual;
				CURRENT_PROJECT_VERSION = 1;
				DEVELOPMENT_ASSET_PATHS = "\"ToneUp/Preview Content\"";
				DEVELOPMENT_TEAM = "";
				"DEVELOPMENT_TEAM[sdk=iphoneos*]" = QQN262X7KM;
				ENABLE_PREVIEWS = YES;
				GENERATE_INFOPLIST_FILE = YES;
				INFOPLIST_FILE = ToneUp/Info.plist;
				INFOPLIST_KEY_UIApplicationSceneManifest_Generation = YES;
				INFOPLIST_KEY_UIApplicationSupportsIndirectInputEvents = YES;
				INFOPLIST_KEY_UILaunchScreen_Generation = YES;
				INFOPLIST_KEY_UISupportedInterfaceOrientations = UIInterfaceOrientationPortrait;
				INFOPLIST_KEY_UISupportedInterfaceOrientations_iPad = UIInterfaceOrientationPortrait;
				IPHONEOS_DEPLOYMENT_TARGET = 17.0;
				LD_RUNPATH_SEARCH_PATHS = (
					"$(inherited)",
					"@executable_path/Frameworks",
				);
				MARKETING_VERSION = 1.0;
				PRODUCT_BUNDLE_IDENTIFIER = com.jun.ToneUp;
				PRODUCT_NAME = "$(TARGET_NAME)";
				PROVISIONING_PROFILE_SPECIFIER = "";
				"PROVISIONING_PROFILE_SPECIFIER[sdk=iphoneos*]" = "match AppStore com.jun.ToneUp 1747305583";
				SUPPORTED_PLATFORMS = "iphoneos iphonesimulator";
				SUPPORTS_MACCATALYST = NO;
				SUPPORTS_MAC_DESIGNED_FOR_IPHONE_IPAD = NO;
				SUPPORTS_XR_DESIGNED_FOR_IPHONE_IPAD = NO;
				SWIFT_EMIT_LOC_STRINGS = YES;
				SWIFT_VERSION = 5.0;
				TARGETED_DEVICE_FAMILY = 1;
			};
			name = Release;
		};
		72BAA30F2DD1DAEF005E7B23 /* Debug */ = {
			isa = XCBuildConfiguration;
			buildSettings = {
				BUNDLE_LOADER = "$(TEST_HOST)";
				CODE_SIGN_STYLE = Automatic;
				CURRENT_PROJECT_VERSION = 1;
				DEVELOPMENT_TEAM = QQN262X7KM;
				GENERATE_INFOPLIST_FILE = YES;
				IPHONEOS_DEPLOYMENT_TARGET = 17.0;
				MARKETING_VERSION = 1.0;
				PRODUCT_BUNDLE_IDENTIFIER = com.Jun.ToneUpTests;
				PRODUCT_NAME = "$(TARGET_NAME)";
				SUPPORTED_PLATFORMS = "iphoneos iphonesimulator";
				SUPPORTS_MACCATALYST = NO;
				SUPPORTS_MAC_DESIGNED_FOR_IPHONE_IPAD = NO;
				SUPPORTS_XR_DESIGNED_FOR_IPHONE_IPAD = NO;
				SWIFT_EMIT_LOC_STRINGS = NO;
				SWIFT_VERSION = 5.0;
				TARGETED_DEVICE_FAMILY = 1;
				TEST_HOST = "$(BUILT_PRODUCTS_DIR)/ToneUp.app/$(BUNDLE_EXECUTABLE_FOLDER_PATH)/ToneUp";
			};
			name = Debug;
		};
		72BAA3102DD1DAEF005E7B23 /* Release */ = {
			isa = XCBuildConfiguration;
			buildSettings = {
				BUNDLE_LOADER = "$(TEST_HOST)";
				CODE_SIGN_STYLE = Automatic;
				CURRENT_PROJECT_VERSION = 1;
				DEVELOPMENT_TEAM = QQN262X7KM;
				GENERATE_INFOPLIST_FILE = YES;
				IPHONEOS_DEPLOYMENT_TARGET = 17.0;
				MARKETING_VERSION = 1.0;
				PRODUCT_BUNDLE_IDENTIFIER = com.Jun.ToneUpTests;
				PRODUCT_NAME = "$(TARGET_NAME)";
				SUPPORTED_PLATFORMS = "iphoneos iphonesimulator";
				SUPPORTS_MACCATALYST = NO;
				SUPPORTS_MAC_DESIGNED_FOR_IPHONE_IPAD = NO;
				SUPPORTS_XR_DESIGNED_FOR_IPHONE_IPAD = NO;
				SWIFT_EMIT_LOC_STRINGS = NO;
				SWIFT_VERSION = 5.0;
				TARGETED_DEVICE_FAMILY = 1;
				TEST_HOST = "$(BUILT_PRODUCTS_DIR)/ToneUp.app/$(BUNDLE_EXECUTABLE_FOLDER_PATH)/ToneUp";
			};
			name = Release;
		};
		72BAA3122DD1DAEF005E7B23 /* Debug */ = {
			isa = XCBuildConfiguration;
			buildSettings = {
				CODE_SIGN_STYLE = Automatic;
				CURRENT_PROJECT_VERSION = 1;
				DEVELOPMENT_TEAM = QQN262X7KM;
				GENERATE_INFOPLIST_FILE = YES;
				IPHONEOS_DEPLOYMENT_TARGET = 17.0;
				MARKETING_VERSION = 1.0;
				PRODUCT_BUNDLE_IDENTIFIER = com.Jun.ToneUpUITests;
				PRODUCT_NAME = "$(TARGET_NAME)";
				SUPPORTED_PLATFORMS = "iphoneos iphonesimulator";
				SUPPORTS_MACCATALYST = NO;
				SUPPORTS_MAC_DESIGNED_FOR_IPHONE_IPAD = NO;
				SUPPORTS_XR_DESIGNED_FOR_IPHONE_IPAD = NO;
				SWIFT_EMIT_LOC_STRINGS = NO;
				SWIFT_VERSION = 5.0;
				TARGETED_DEVICE_FAMILY = 1;
				TEST_TARGET_NAME = ToneUp;
			};
			name = Debug;
		};
		72BAA3132DD1DAEF005E7B23 /* Release */ = {
			isa = XCBuildConfiguration;
			buildSettings = {
				CODE_SIGN_STYLE = Automatic;
				CURRENT_PROJECT_VERSION = 1;
				DEVELOPMENT_TEAM = QQN262X7KM;
				GENERATE_INFOPLIST_FILE = YES;
				IPHONEOS_DEPLOYMENT_TARGET = 17.0;
				MARKETING_VERSION = 1.0;
				PRODUCT_BUNDLE_IDENTIFIER = com.Jun.ToneUpUITests;
				PRODUCT_NAME = "$(TARGET_NAME)";
				SUPPORTED_PLATFORMS = "iphoneos iphonesimulator";
				SUPPORTS_MACCATALYST = NO;
				SUPPORTS_MAC_DESIGNED_FOR_IPHONE_IPAD = NO;
				SUPPORTS_XR_DESIGNED_FOR_IPHONE_IPAD = NO;
				SWIFT_EMIT_LOC_STRINGS = NO;
				SWIFT_VERSION = 5.0;
				TARGETED_DEVICE_FAMILY = 1;
				TEST_TARGET_NAME = ToneUp;
			};
			name = Release;
		};
/* End XCBuildConfiguration section */

/* Begin XCConfigurationList section */
		72BAA2E22DD1DAED005E7B23 /* Build configuration list for PBXProject "ToneUp" */ = {
			isa = XCConfigurationList;
			buildConfigurations = (
				72BAA3092DD1DAEF005E7B23 /* Debug */,
				72BAA30A2DD1DAEF005E7B23 /* Release */,
			);
			defaultConfigurationIsVisible = 0;
			defaultConfigurationName = Release;
		};
		72BAA30B2DD1DAEF005E7B23 /* Build configuration list for PBXNativeTarget "ToneUp" */ = {
			isa = XCConfigurationList;
			buildConfigurations = (
				72BAA30C2DD1DAEF005E7B23 /* Debug */,
				72BAA30D2DD1DAEF005E7B23 /* Release */,
			);
			defaultConfigurationIsVisible = 0;
			defaultConfigurationName = Release;
		};
		72BAA30E2DD1DAEF005E7B23 /* Build configuration list for PBXNativeTarget "ToneUpTests" */ = {
			isa = XCConfigurationList;
			buildConfigurations = (
				72BAA30F2DD1DAEF005E7B23 /* Debug */,
				72BAA3102DD1DAEF005E7B23 /* Release */,
			);
			defaultConfigurationIsVisible = 0;
			defaultConfigurationName = Release;
		};
		72BAA3112DD1DAEF005E7B23 /* Build configuration list for PBXNativeTarget "ToneUpUITests" */ = {
			isa = XCConfigurationList;
			buildConfigurations = (
				72BAA3122DD1DAEF005E7B23 /* Debug */,
				72BAA3132DD1DAEF005E7B23 /* Release */,
			);
			defaultConfigurationIsVisible = 0;
			defaultConfigurationName = Release;
		};
/* End XCConfigurationList section */

/* Begin XCRemoteSwiftPackageReference section */
		72BAA3922DD70903005E7B23 /* XCRemoteSwiftPackageReference "swift-composable-architecture" */ = {
			isa = XCRemoteSwiftPackageReference;
			repositoryURL = "https://github.com/pointfreeco/swift-composable-architecture.git";
			requirement = {
				kind = upToNextMajorVersion;
				minimumVersion = 1.19.1;
			};
		};
/* End XCRemoteSwiftPackageReference section */

/* Begin XCSwiftPackageProductDependency section */
		72BAA3932DD70903005E7B23 /* ComposableArchitecture */ = {
			isa = XCSwiftPackageProductDependency;
			package = 72BAA3922DD70903005E7B23 /* XCRemoteSwiftPackageReference "swift-composable-architecture" */;
			productName = ComposableArchitecture;
		};
/* End XCSwiftPackageProductDependency section */
	};
	rootObject = 72BAA2DF2DD1DAED005E7B23 /* Project object */;
}
